// !$*UTF8*$!
{
	archiveVersion = 1;
	classes = {
	};
	objectVersion = 60;
	objects = {

/* Begin PBXBuildFile section */
		212DEA7B2012746500FE9C3F /* Assets.xcassets in Resources */ = {isa = PBXBuildFile; fileRef = 212DEA7A2012746500FE9C3F /* Assets.xcassets */; };
		212DEA7E2012746500FE9C3F /* LaunchScreen.storyboard in Resources */ = {isa = PBXBuildFile; fileRef = 212DEA7C2012746500FE9C3F /* LaunchScreen.storyboard */; };
		21368528220CB5270019A9A8 /* Extension+String.swift in Sources */ = {isa = PBXBuildFile; fileRef = 21368527220CB5270019A9A8 /* Extension+String.swift */; };
		2136852E220CB9990019A9A8 /* Localizable.strings in Resources */ = {isa = PBXBuildFile; fileRef = 21368530220CB9990019A9A8 /* Localizable.strings */; };
		21368536220E0C090019A9A8 /* InfoPlist.strings in Resources */ = {isa = PBXBuildFile; fileRef = 21368538220E0C090019A9A8 /* InfoPlist.strings */; };
		2151D9672FE2EB4E00710843 /* FirebaseData in Frameworks */ = {isa = PBXBuildFile; productRef = 2151D9662FE2EB4E00710843 /* FirebaseData */; };
		2159B8782FF193F500181DBE /* FeaturePaywall in Frameworks */ = {isa = PBXBuildFile; productRef = 2159B8772FF193F500181DBE /* FeaturePaywall */; };
		215DDCD321EFD30800C52B6C /* GoogleService-Info.plist in Resources */ = {isa = PBXBuildFile; fileRef = 215DDCD221EFD30800C52B6C /* GoogleService-Info.plist */; };
		215DDCD421EFD30800C52B6C /* GoogleService-Info.plist in Resources */ = {isa = PBXBuildFile; fileRef = 215DDCD221EFD30800C52B6C /* GoogleService-Info.plist */; };
		215DDCD521EFD30800C52B6C /* GoogleService-Info.plist in Resources */ = {isa = PBXBuildFile; fileRef = 215DDCD221EFD30800C52B6C /* GoogleService-Info.plist */; };
		216999832D8798860057ADE7 /* Extension+Bundle.swift in Sources */ = {isa = PBXBuildFile; fileRef = 216999822D8798860057ADE7 /* Extension+Bundle.swift */; };
		2189FC8E2057187400A69DC1 /* StoreKit.framework in Frameworks */ = {isa = PBXBuildFile; fileRef = 2189FC8D2057187400A69DC1 /* StoreKit.framework */; };
		218FF5C92CEADF5000D4A14D /* Products.plist in Resources */ = {isa = PBXBuildFile; fileRef = 218FF5C82CEADF5000D4A14D /* Products.plist */; };
		218FF5CB2CEADFB000D4A14D /* Store.swift in Sources */ = {isa = PBXBuildFile; fileRef = 218FF5CA2CEADFB000D4A14D /* Store.swift */; };
		219019422C2736BE008FFFAE /* ScriptBuilderStore.storekit in Resources */ = {isa = PBXBuildFile; fileRef = 219019412C2736BE008FFFAE /* ScriptBuilderStore.storekit */; };
		21A55ADA2FDE3897007F62A7 /* Domain in Frameworks */ = {isa = PBXBuildFile; productRef = 21A55AD92FDE3897007F62A7 /* Domain */; };
		21A55AE12FDE39D7007F62A7 /* AuthDomain in Frameworks */ = {isa = PBXBuildFile; productRef = 21A55AE02FDE39D7007F62A7 /* AuthDomain */; };
		21A55AE32FDE39DE007F62A7 /* FeatureAuth in Frameworks */ = {isa = PBXBuildFile; productRef = 21A55AE22FDE39DE007F62A7 /* FeatureAuth */; };
		21A55AE52FDE39E4007F62A7 /* FirebaseAuthData in Frameworks */ = {isa = PBXBuildFile; productRef = 21A55AE42FDE39E4007F62A7 /* FirebaseAuthData */; };
		21A55AE72FDE3B3C007F62A7 /* MBProgressHUD in Frameworks */ = {isa = PBXBuildFile; productRef = 21A55AE62FDE3B3C007F62A7 /* MBProgressHUD */; };
		21C1BE412FEEBD90001F4DE0 /* FeatureScreenplays in Frameworks */ = {isa = PBXBuildFile; productRef = 21C1BE402FEEBD90001F4DE0 /* FeatureScreenplays */; };
		21C1BE442FEEBE36001F4DE0 /* FeatureProfile in Frameworks */ = {isa = PBXBuildFile; productRef = 21C1BE432FEEBE36001F4DE0 /* FeatureProfile */; };
		21C1BE522FEEC029001F4DE0 /* AppDelegate.swift in Sources */ = {isa = PBXBuildFile; fileRef = 21C1BE4F2FEEC029001F4DE0 /* AppDelegate.swift */; };
		21C1BE532FEEC029001F4DE0 /* RootShellView.swift in Sources */ = {isa = PBXBuildFile; fileRef = 21C1BE502FEEC029001F4DE0 /* RootShellView.swift */; };
		21CC3B392FF1972C005F9236 /* Store+PaywallStore.swift in Sources */ = {isa = PBXBuildFile; fileRef = 21CC3B382FF1972C005F9236 /* Store+PaywallStore.swift */; };
		21D3FA1D220277870058D8AE /* Extension+NotificationCenter.swift in Sources */ = {isa = PBXBuildFile; fileRef = 21D3FA1C220277870058D8AE /* Extension+NotificationCenter.swift */; };
		21D727F2202CFD2400861C2D /* Extension+ViewController.swift in Sources */ = {isa = PBXBuildFile; fileRef = 21D727F1202CFD2400861C2D /* Extension+ViewController.swift */; };
		21EE3B872FFB527A00987125 /* InterfaceStyle.swift in Sources */ = {isa = PBXBuildFile; fileRef = 21EE3B852FFB527A00987125 /* InterfaceStyle.swift */; };
/* End PBXBuildFile section */

/* Begin PBXContainerItemProxy section */
		212DEA852012746600FE9C3F /* PBXContainerItemProxy */ = {
			isa = PBXContainerItemProxy;
			containerPortal = 212DEA682012746500FE9C3F /* Project object */;
			proxyType = 1;
			remoteGlobalIDString = 212DEA6F2012746500FE9C3F;
			remoteInfo = ScriptStarter;
		};
		212DEA902012746600FE9C3F /* PBXContainerItemProxy */ = {
			isa = PBXContainerItemProxy;
			containerPortal = 212DEA682012746500FE9C3F /* Project object */;
			proxyType = 1;
			remoteGlobalIDString = 212DEA6F2012746500FE9C3F;
			remoteInfo = ScriptStarter;
		};
/* End PBXContainerItemProxy section */

/* Begin PBXFileReference section */
		212DEA702012746500FE9C3F /* ScriptStarter.app */ = {isa = PBXFileReference; explicitFileType = wrapper.application; includeInIndex = 0; path = ScriptStarter.app; sourceTree = BUILT_PRODUCTS_DIR; };
		212DEA7A2012746500FE9C3F /* Assets.xcassets */ = {isa = PBXFileReference; lastKnownFileType = folder.assetcatalog; path = Assets.xcassets; sourceTree = "<group>"; };
		212DEA7D2012746500FE9C3F /* Base */ = {isa = PBXFileReference; lastKnownFileType = file.storyboard; name = Base; path = Base.lproj/LaunchScreen.storyboard; sourceTree = "<group>"; };
		212DEA7F2012746600FE9C3F /* Info.plist */ = {isa = PBXFileReference; lastKnownFileType = text.plist.xml; path = Info.plist; sourceTree = "<group>"; };
		212DEA842012746600FE9C3F /* ScriptStarterTests.xctest */ = {isa = PBXFileReference; explicitFileType = wrapper.cfbundle; includeInIndex = 0; path = ScriptStarterTests.xctest; sourceTree = BUILT_PRODUCTS_DIR; };
		212DEA8A2012746600FE9C3F /* Info.plist */ = {isa = PBXFileReference; lastKnownFileType = text.plist.xml; path = Info.plist; sourceTree = "<group>"; };
		212DEA8F2012746600FE9C3F /* ScriptStarterUITests.xctest */ = {isa = PBXFileReference; explicitFileType = wrapper.cfbundle; includeInIndex = 0; path = ScriptStarterUITests.xctest; sourceTree = BUILT_PRODUCTS_DIR; };
		212DEA952012746600FE9C3F /* Info.plist */ = {isa = PBXFileReference; lastKnownFileType = text.plist.xml; path = Info.plist; sourceTree = "<group>"; };
		21319B1C2228956500F4F588 /* zh-Hans-CN */ = {isa = PBXFileReference; lastKnownFileType = text.plist.strings; name = "zh-Hans-CN"; path = zh_Hans_CN.lproj/InfoPlist.strings; sourceTree = "<group>"; };
		21319B1D2228956500F4F588 /* zh-Hans-CN */ = {isa = PBXFileReference; lastKnownFileType = text.plist.strings; name = "zh-Hans-CN"; path = zh_Hans_CN.lproj/Localizable.strings; sourceTree = "<group>"; };
		21368526220CB3C10019A9A8 /* es */ = {isa = PBXFileReference; lastKnownFileType = text.plist.strings; name = es; path = es.lproj/LaunchScreen.strings; sourceTree = "<group>"; };
		21368527220CB5270019A9A8 /* Extension+String.swift */ = {isa = PBXFileReference; lastKnownFileType = sourcecode.swift; path = "Extension+String.swift"; sourceTree = "<group>"; };
		2136852F220CB9990019A9A8 /* en */ = {isa = PBXFileReference; lastKnownFileType = text.plist.strings; name = en; path = en.lproj/Localizable.strings; sourceTree = "<group>"; };
		21368537220E0C090019A9A8 /* en */ = {isa = PBXFileReference; lastKnownFileType = text.plist.strings; name = en; path = en.lproj/InfoPlist.strings; sourceTree = "<group>"; };
		21368539220E0C0B0019A9A8 /* es */ = {isa = PBXFileReference; lastKnownFileType = text.plist.strings; name = es; path = es.lproj/InfoPlist.strings; sourceTree = "<group>"; };
		2136853E220E0F0D0019A9A8 /* hi */ = {isa = PBXFileReference; lastKnownFileType = text.plist.strings; name = hi; path = hi.lproj/LaunchScreen.strings; sourceTree = "<group>"; };
		21368545220E0F940019A9A8 /* fr */ = {isa = PBXFileReference; lastKnownFileType = text.plist.strings; name = fr; path = fr.lproj/LaunchScreen.strings; sourceTree = "<group>"; };
		21368547220E0F940019A9A8 /* fr */ = {isa = PBXFileReference; lastKnownFileType = text.plist.strings; name = fr; path = fr.lproj/InfoPlist.strings; sourceTree = "<group>"; };
		2136854C220E0F9E0019A9A8 /* de */ = {isa = PBXFileReference; lastKnownFileType = text.plist.strings; name = de; path = de.lproj/LaunchScreen.strings; sourceTree = "<group>"; };
		2136854E220E0F9E0019A9A8 /* de */ = {isa = PBXFileReference; lastKnownFileType = text.plist.strings; name = de; path = de.lproj/InfoPlist.strings; sourceTree = "<group>"; };
		21368553220E0FB20019A9A8 /* ja */ = {isa = PBXFileReference; lastKnownFileType = text.plist.strings; name = ja; path = ja.lproj/LaunchScreen.strings; sourceTree = "<group>"; };
		21368555220E0FB30019A9A8 /* ja */ = {isa = PBXFileReference; lastKnownFileType = text.plist.strings; name = ja; path = ja.lproj/InfoPlist.strings; sourceTree = "<group>"; };
		2136855A220E10340019A9A8 /* ko */ = {isa = PBXFileReference; lastKnownFileType = text.plist.strings; name = ko; path = ko.lproj/LaunchScreen.strings; sourceTree = "<group>"; };
		2136855C220E10350019A9A8 /* ko */ = {isa = PBXFileReference; lastKnownFileType = text.plist.strings; name = ko; path = ko.lproj/InfoPlist.strings; sourceTree = "<group>"; };
		215DDCD221EFD30800C52B6C /* GoogleService-Info.plist */ = {isa = PBXFileReference; fileEncoding = 4; lastKnownFileType = text.plist.xml; path = "GoogleService-Info.plist"; sourceTree = SOURCE_ROOT; };
		216999822D8798860057ADE7 /* Extension+Bundle.swift */ = {isa = PBXFileReference; lastKnownFileType = sourcecode.swift; path = "Extension+Bundle.swift"; sourceTree = "<group>"; };
		2189FC8D2057187400A69DC1 /* StoreKit.framework */ = {isa = PBXFileReference; lastKnownFileType = wrapper.framework; name = StoreKit.framework; path = System/Library/Frameworks/StoreKit.framework; sourceTree = SDKROOT; };
		218CDC4A2228AD5E004419D1 /* zh-Hans */ = {isa = PBXFileReference; lastKnownFileType = text.plist.strings; name = "zh-Hans"; path = zh_CN.lproj/InfoPlist.strings; sourceTree = "<group>"; };
		218CDC4B2228AD5E004419D1 /* zh-Hans */ = {isa = PBXFileReference; lastKnownFileType = text.plist.strings; name = "zh-Hans"; path = zh_CN.lproj/Localizable.strings; sourceTree = "<group>"; };
		218FF5C82CEADF5000D4A14D /* Products.plist */ = {isa = PBXFileReference; lastKnownFileType = text.plist.xml; path = Products.plist; sourceTree = "<group>"; };
		218FF5CA2CEADFB000D4A14D /* Store.swift */ = {isa = PBXFileReference; lastKnownFileType = sourcecode.swift; path = Store.swift; sourceTree = "<group>"; };
		219019412C2736BE008FFFAE /* ScriptBuilderStore.storekit */ = {isa = PBXFileReference; fileEncoding = 4; lastKnownFileType = text; path = ScriptBuilderStore.storekit; sourceTree = SOURCE_ROOT; };
		21B6A30920473D0800E8B0F9 /* ScriptStarter.entitlements */ = {isa = PBXFileReference; lastKnownFileType = text.plist.entitlements; path = ScriptStarter.entitlements; sourceTree = "<group>"; };
		21BF30FA22177F1D00DB3DF5 /* es */ = {isa = PBXFileReference; lastKnownFileType = text.plist.strings; name = es; path = es.lproj/Localizable.strings; sourceTree = "<group>"; };
		21BF30FC22177F2900DB3DF5 /* fr */ = {isa = PBXFileReference; lastKnownFileType = text.plist.strings; name = fr; path = fr.lproj/Localizable.strings; sourceTree = "<group>"; };
		21BF30FD22177F2C00DB3DF5 /* de */ = {isa = PBXFileReference; lastKnownFileType = text.plist.strings; name = de; path = de.lproj/Localizable.strings; sourceTree = "<group>"; };
		21BF30FE22177F2F00DB3DF5 /* ja */ = {isa = PBXFileReference; lastKnownFileType = text.plist.strings; name = ja; path = ja.lproj/Localizable.strings; sourceTree = "<group>"; };
		21BF30FF22177F3100DB3DF5 /* ko */ = {isa = PBXFileReference; lastKnownFileType = text.plist.strings; name = ko; path = ko.lproj/Localizable.strings; sourceTree = "<group>"; };
		21BF3104221B520600DB3DF5 /* zh-Hans */ = {isa = PBXFileReference; lastKnownFileType = text.plist.strings; name = "zh-Hans"; path = "zh-Hans.lproj/LaunchScreen.strings"; sourceTree = "<group>"; };
		21C1BE4F2FEEC029001F4DE0 /* AppDelegate.swift */ = {isa = PBXFileReference; lastKnownFileType = sourcecode.swift; path = AppDelegate.swift; sourceTree = "<group>"; };
		21C1BE502FEEC029001F4DE0 /* RootShellView.swift */ = {isa = PBXFileReference; lastKnownFileType = sourcecode.swift; path = RootShellView.swift; sourceTree = "<group>"; };
		21C8D3CA22289485004EC055 /* hi-IN */ = {isa = PBXFileReference; lastKnownFileType = text.plist.strings; name = "hi-IN"; path = hi_IN.lproj/InfoPlist.strings; sourceTree = "<group>"; };
		21C8D3CB22289485004EC055 /* hi-IN */ = {isa = PBXFileReference; lastKnownFileType = text.plist.strings; name = "hi-IN"; path = hi_IN.lproj/Localizable.strings; sourceTree = "<group>"; };
		21CC3B382FF1972C005F9236 /* Store+PaywallStore.swift */ = {isa = PBXFileReference; lastKnownFileType = sourcecode.swift; path = "Store+PaywallStore.swift"; sourceTree = "<group>"; };
		21D3FA1C220277870058D8AE /* Extension+NotificationCenter.swift */ = {isa = PBXFileReference; lastKnownFileType = sourcecode.swift; path = "Extension+NotificationCenter.swift"; sourceTree = "<group>"; };
		21D727F1202CFD2400861C2D /* Extension+ViewController.swift */ = {isa = PBXFileReference; lastKnownFileType = sourcecode.swift; path = "Extension+ViewController.swift"; sourceTree = "<group>"; };
		21EE3B852FFB527A00987125 /* InterfaceStyle.swift */ = {isa = PBXFileReference; lastKnownFileType = sourcecode.swift; path = InterfaceStyle.swift; sourceTree = "<group>"; };
		21F1EA112016564000E0D677 /* GoogleService-Info.plist */ = {isa = PBXFileReference; lastKnownFileType = text.plist.xml; path = "GoogleService-Info.plist"; sourceTree = "<group>"; };
/* End PBXFileReference section */

/* Begin PBXFrameworksBuildPhase section */
		212DEA6D2012746500FE9C3F /* Frameworks */ = {
			isa = PBXFrameworksBuildPhase;
			buildActionMask = 2147483647;
			files = (
				21A55AE12FDE39D7007F62A7 /* AuthDomain in Frameworks */,
				21A55ADA2FDE3897007F62A7 /* Domain in Frameworks */,
				2189FC8E2057187400A69DC1 /* StoreKit.framework in Frameworks */,
				21A55AE72FDE3B3C007F62A7 /* MBProgressHUD in Frameworks */,
				2159B8782FF193F500181DBE /* FeaturePaywall in Frameworks */,
				21C1BE442FEEBE36001F4DE0 /* FeatureProfile in Frameworks */,
				21A55AE32FDE39DE007F62A7 /* FeatureAuth in Frameworks */,
				21A55AE52FDE39E4007F62A7 /* FirebaseAuthData in Frameworks */,
				2151D9672FE2EB4E00710843 /* FirebaseData in Frameworks */,
				21C1BE412FEEBD90001F4DE0 /* FeatureScreenplays in Frameworks */,
			);
			runOnlyForDeploymentPostprocessing = 0;
		};
		212DEA812012746600FE9C3F /* Frameworks */ = {
			isa = PBXFrameworksBuildPhase;
			buildActionMask = 2147483647;
			files = (
			);
			runOnlyForDeploymentPostprocessing = 0;
		};
		212DEA8C2012746600FE9C3F /* Frameworks */ = {
			isa = PBXFrameworksBuildPhase;
			buildActionMask = 2147483647;
			files = (
			);
			runOnlyForDeploymentPostprocessing = 0;
		};
/* End PBXFrameworksBuildPhase section */

/* Begin PBXGroup section */
		210C7611202B83BC003EEC16 /* Extensions */ = {
			isa = PBXGroup;
			children = (
				21D727F1202CFD2400861C2D /* Extension+ViewController.swift */,
				21D3FA1C220277870058D8AE /* Extension+NotificationCenter.swift */,
				21368527220CB5270019A9A8 /* Extension+String.swift */,
				216999822D8798860057ADE7 /* Extension+Bundle.swift */,
			);
			path = Extensions;
			sourceTree = "<group>";
		};
		212DEA672012746500FE9C3F = {
			isa = PBXGroup;
			children = (
				212DEA722012746500FE9C3F /* ScriptStarter */,
				212DEA872012746600FE9C3F /* ScriptStarterTests */,
				212DEA922012746600FE9C3F /* ScriptStarterUITests */,
				212DEA712012746500FE9C3F /* Products */,
				378CF65633F81B2638728212 /* Frameworks */,
			);
			sourceTree = "<group>";
		};
		212DEA712012746500FE9C3F /* Products */ = {
			isa = PBXGroup;
			children = (
				212DEA702012746500FE9C3F /* ScriptStarter.app */,
				212DEA842012746600FE9C3F /* ScriptStarterTests.xctest */,
				212DEA8F2012746600FE9C3F /* ScriptStarterUITests.xctest */,
			);
			name = Products;
			sourceTree = "<group>";
		};
		212DEA722012746500FE9C3F /* ScriptStarter */ = {
			isa = PBXGroup;
			children = (
				21B6A30920473D0800E8B0F9 /* ScriptStarter.entitlements */,
				21C1BE512FEEC029001F4DE0 /* CompositionRoot */,
				21EE3B862FFB527A00987125 /* SharedUI  */,
				21E661C22017F955006A14AF /* Support Files */,
				2136852B220CB6AF0019A9A8 /* Localize Resources */,
				212DEA7A2012746500FE9C3F /* Assets.xcassets */,
				212DEA7C2012746500FE9C3F /* LaunchScreen.storyboard */,
				212DEA7F2012746600FE9C3F /* Info.plist */,
				215DDCD221EFD30800C52B6C /* GoogleService-Info.plist */,
			);
			path = ScriptStarter;
			sourceTree = "<group>";
		};
		212DEA872012746600FE9C3F /* ScriptStarterTests */ = {
			isa = PBXGroup;
			children = (
				212DEA8A2012746600FE9C3F /* Info.plist */,
				21F1EA112016564000E0D677 /* GoogleService-Info.plist */,
			);
			path = ScriptStarterTests;
			sourceTree = "<group>";
		};
		212DEA922012746600FE9C3F /* ScriptStarterUITests */ = {
			isa = PBXGroup;
			children = (
				212DEA952012746600FE9C3F /* Info.plist */,
			);
			path = ScriptStarterUITests;
			sourceTree = "<group>";
		};
		2136852B220CB6AF0019A9A8 /* Localize Resources */ = {
			isa = PBXGroup;
			children = (
				21368530220CB9990019A9A8 /* Localizable.strings */,
				21368538220E0C090019A9A8 /* InfoPlist.strings */,
			);
			path = "Localize Resources";
			sourceTree = "<group>";
		};
		215DDD3621F7CB6E00C52B6C /* Store */ = {
			isa = PBXGroup;
			children = (
				218FF5CA2CEADFB000D4A14D /* Store.swift */,
				21CC3B382FF1972C005F9236 /* Store+PaywallStore.swift */,
			);
			path = Store;
			sourceTree = "<group>";
		};
		21C1BE512FEEC029001F4DE0 /* CompositionRoot */ = {
			isa = PBXGroup;
			children = (
				21C1BE4F2FEEC029001F4DE0 /* AppDelegate.swift */,
				21C1BE502FEEC029001F4DE0 /* RootShellView.swift */,
			);
			path = CompositionRoot;
			sourceTree = "<group>";
		};
		21E661C22017F955006A14AF /* Support Files */ = {
			isa = PBXGroup;
			children = (
				215DDD3621F7CB6E00C52B6C /* Store */,
				210C7611202B83BC003EEC16 /* Extensions */,
				219019412C2736BE008FFFAE /* ScriptBuilderStore.storekit */,
				218FF5C82CEADF5000D4A14D /* Products.plist */,
			);
			path = "Support Files";
			sourceTree = "<group>";
		};
		21EE3B862FFB527A00987125 /* SharedUI  */ = {
			isa = PBXGroup;
			children = (
				21EE3B852FFB527A00987125 /* InterfaceStyle.swift */,
			);
			path = "SharedUI ";
			sourceTree = "<group>";
		};
		378CF65633F81B2638728212 /* Frameworks */ = {
			isa = PBXGroup;
			children = (
				2189FC8D2057187400A69DC1 /* StoreKit.framework */,
			);
			name = Frameworks;
			sourceTree = "<group>";
		};
/* End PBXGroup section */

/* Begin PBXNativeTarget section */
		212DEA6F2012746500FE9C3F /* ScriptStarter */ = {
			isa = PBXNativeTarget;
			buildConfigurationList = 212DEA982012746600FE9C3F /* Build configuration list for PBXNativeTarget "ScriptStarter" */;
			buildPhases = (
				212DEA6C2012746500FE9C3F /* Sources */,
				212DEA6D2012746500FE9C3F /* Frameworks */,
				212DEA6E2012746500FE9C3F /* Resources */,
			);
			buildRules = (
			);
			dependencies = (
			);
			name = ScriptStarter;
			productName = ScriptStarter;
			productReference = 212DEA702012746500FE9C3F /* ScriptStarter.app */;
			productType = "com.apple.product-type.application";
		};
		212DEA832012746600FE9C3F /* ScriptStarterTests */ = {
			isa = PBXNativeTarget;
			buildConfigurationList = 212DEA9B2012746600FE9C3F /* Build configuration list for PBXNativeTarget "ScriptStarterTests" */;
			buildPhases = (
				212DEA802012746600FE9C3F /* Sources */,
				212DEA812012746600FE9C3F /* Frameworks */,
				212DEA822012746600FE9C3F /* Resources */,
			);
			buildRules = (
			);
			dependencies = (
				212DEA862012746600FE9C3F /* PBXTargetDependency */,
			);
			name = ScriptStarterTests;
			productName = ScriptStarterTests;
			productReference = 212DEA842012746600FE9C3F /* ScriptStarterTests.xctest */;
			productType = "com.apple.product-type.bundle.unit-test";
		};
		212DEA8E2012746600FE9C3F /* ScriptStarterUITests */ = {
			isa = PBXNativeTarget;
			buildConfigurationList = 212DEA9E2012746600FE9C3F /* Build configuration list for PBXNativeTarget "ScriptStarterUITests" */;
			buildPhases = (
				212DEA8B2012746600FE9C3F /* Sources */,
				212DEA8C2012746600FE9C3F /* Frameworks */,
				212DEA8D2012746600FE9C3F /* Resources */,
			);
			buildRules = (
			);
			dependencies = (
				212DEA912012746600FE9C3F /* PBXTargetDependency */,
			);
			name = ScriptStarterUITests;
			productName = ScriptStarterUITests;
			productReference = 212DEA8F2012746600FE9C3F /* ScriptStarterUITests.xctest */;
			productType = "com.apple.product-type.bundle.ui-testing";
		};
/* End PBXNativeTarget section */

/* Begin PBXProject section */
		212DEA682012746500FE9C3F /* Project object */ = {
			isa = PBXProject;
			attributes = {
				BuildIndependentTargetsInParallel = YES;
				LastSwiftUpdateCheck = 0920;
				LastUpgradeCheck = 2650;
				ORGANIZATIONNAME = patrickridd;
				TargetAttributes = {
					212DEA6F2012746500FE9C3F = {
						CreatedOnToolsVersion = 9.2;
						LastSwiftMigration = 1010;
						ProvisioningStyle = Automatic;
						SystemCapabilities = {
							com.apple.InAppPurchase = {
								enabled = 1;
							};
							com.apple.Push = {
								enabled = 1;
							};
							com.apple.SafariKeychain = {
								enabled = 1;
							};
						};
					};
					212DEA832012746600FE9C3F = {
						CreatedOnToolsVersion = 9.2;
						ProvisioningStyle = Automatic;
						TestTargetID = 212DEA6F2012746500FE9C3F;
					};
					212DEA8E2012746600FE9C3F = {
						CreatedOnToolsVersion = 9.2;
						LastSwiftMigration = 1010;
						ProvisioningStyle = Automatic;
						TestTargetID = 212DEA6F2012746500FE9C3F;
					};
				};
			};
			buildConfigurationList = 212DEA6B2012746500FE9C3F /* Build configuration list for PBXProject "ScriptStarter" */;
			compatibilityVersion = "Xcode 8.0";
			developmentRegion = en;
			hasScannedForEncodings = 0;
			knownRegions = (
				en,
				Base,
				es,
				hi,
				fr,
				de,
				ja,
				ko,
				"zh-Hans",
				"hi-IN",
				"zh-Hans-CN",
				hi_IN,
				zh_CN,
			);
			mainGroup = 212DEA672012746500FE9C3F;
			packageReferences = (
				21883CDE2FE4355B0093C267 /* XCLocalSwiftPackageReference "../Domain" */,
				21883CDF2FE435670093C267 /* XCRemoteSwiftPackageReference "AuthDomain" */,
				21883CE02FE435840093C267 /* XCLocalSwiftPackageReference "../FirebaseData" */,
				21883CE12FE435900093C267 /* XCRemoteSwiftPackageReference "FeatureAuth" */,
				21883CE22FE4359D0093C267 /* XCRemoteSwiftPackageReference "mbprogresshud" */,
				21883CE32FE435D30093C267 /* XCRemoteSwiftPackageReference "FirebaseAuthData" */,
				21EE7CA92FE9841200400AC4 /* XCLocalSwiftPackageReference "../DesignSystem" */,
				21C1BE3F2FEEBD77001F4DE0 /* XCLocalSwiftPackageReference "../FeatureScreenplays" */,
				21C1BE422FEEBE21001F4DE0 /* XCLocalSwiftPackageReference "../FeatureProfile" */,
				2159B8762FF193E800181DBE /* XCLocalSwiftPackageReference "../FeaturePaywall" */,
			);
			productRefGroup = 212DEA712012746500FE9C3F /* Products */;
			projectDirPath = "";
			projectRoot = "";
			targets = (
				212DEA6F2012746500FE9C3F /* ScriptStarter */,
				212DEA832012746600FE9C3F /* ScriptStarterTests */,
				212DEA8E2012746600FE9C3F /* ScriptStarterUITests */,
			);
		};
/* End PBXProject section */

/* Begin PBXResourcesBuildPhase section */
		212DEA6E2012746500FE9C3F /* Resources */ = {
			isa = PBXResourcesBuildPhase;
			buildActionMask = 2147483647;
			files = (
				219019422C2736BE008FFFAE /* ScriptBuilderStore.storekit in Resources */,
				212DEA7E2012746500FE9C3F /* LaunchScreen.storyboard in Resources */,
				215DDCD321EFD30800C52B6C /* GoogleService-Info.plist in Resources */,
				218FF5C92CEADF5000D4A14D /* Products.plist in Resources */,
				2136852E220CB9990019A9A8 /* Localizable.strings in Resources */,
				212DEA7B2012746500FE9C3F /* Assets.xcassets in Resources */,
				21368536220E0C090019A9A8 /* InfoPlist.strings in Resources */,
			);
			runOnlyForDeploymentPostprocessing = 0;
		};
		212DEA822012746600FE9C3F /* Resources */ = {
			isa = PBXResourcesBuildPhase;
			buildActionMask = 2147483647;
			files = (
				215DDCD421EFD30800C52B6C /* GoogleService-Info.plist in Resources */,
			);
			runOnlyForDeploymentPostprocessing = 0;
		};
		212DEA8D2012746600FE9C3F /* Resources */ = {
			isa = PBXResourcesBuildPhase;
			buildActionMask = 2147483647;
			files = (
				215DDCD521EFD30800C52B6C /* GoogleService-Info.plist in Resources */,
			);
			runOnlyForDeploymentPostprocessing = 0;
		};
/* End PBXResourcesBuildPhase section */

/* Begin PBXSourcesBuildPhase section */
		212DEA6C2012746500FE9C3F /* Sources */ = {
			isa = PBXSourcesBuildPhase;
			buildActionMask = 2147483647;
			files = (
				21368528220CB5270019A9A8 /* Extension+String.swift in Sources */,
				216999832D8798860057ADE7 /* Extension+Bundle.swift in Sources */,
				218FF5CB2CEADFB000D4A14D /* Store.swift in Sources */,
				21D727F2202CFD2400861C2D /* Extension+ViewController.swift in Sources */,
				21EE3B872FFB527A00987125 /* InterfaceStyle.swift in Sources */,
				21D3FA1D220277870058D8AE /* Extension+NotificationCenter.swift in Sources */,
				21C1BE522FEEC029001F4DE0 /* AppDelegate.swift in Sources */,
				21C1BE532FEEC029001F4DE0 /* RootShellView.swift in Sources */,
				21CC3B392FF1972C005F9236 /* Store+PaywallStore.swift in Sources */,
			);
			runOnlyForDeploymentPostprocessing = 0;
		};
		212DEA802012746600FE9C3F /* Sources */ = {
			isa = PBXSourcesBuildPhase;
			buildActionMask = 2147483647;
			files = (
			);
			runOnlyForDeploymentPostprocessing = 0;
		};
		212DEA8B2012746600FE9C3F /* Sources */ = {
			isa = PBXSourcesBuildPhase;
			buildActionMask = 2147483647;
			files = (
			);
			runOnlyForDeploymentPostprocessing = 0;
		};
/* End PBXSourcesBuildPhase section */

/* Begin PBXTargetDependency section */
		212DEA862012746600FE9C3F /* PBXTargetDependency */ = {
			isa = PBXTargetDependency;
			target = 212DEA6F2012746500FE9C3F /* ScriptStarter */;
			targetProxy = 212DEA852012746600FE9C3F /* PBXContainerItemProxy */;
		};
		212DEA912012746600FE9C3F /* PBXTargetDependency */ = {
			isa = PBXTargetDependency;
			target = 212DEA6F2012746500FE9C3F /* ScriptStarter */;
			targetProxy = 212DEA902012746600FE9C3F /* PBXContainerItemProxy */;
		};
/* End PBXTargetDependency section */

/* Begin PBXVariantGroup section */
		212DEA7C2012746500FE9C3F /* LaunchScreen.storyboard */ = {
			isa = PBXVariantGroup;
			children = (
				212DEA7D2012746500FE9C3F /* Base */,
				21368526220CB3C10019A9A8 /* es */,
				2136853E220E0F0D0019A9A8 /* hi */,
				21368545220E0F940019A9A8 /* fr */,
				2136854C220E0F9E0019A9A8 /* de */,
				21368553220E0FB20019A9A8 /* ja */,
				2136855A220E10340019A9A8 /* ko */,
				21BF3104221B520600DB3DF5 /* zh-Hans */,
			);
			name = LaunchScreen.storyboard;
			sourceTree = "<group>";
		};
		21368530220CB9990019A9A8 /* Localizable.strings */ = {
			isa = PBXVariantGroup;
			children = (
				2136852F220CB9990019A9A8 /* en */,
				21BF30FA22177F1D00DB3DF5 /* es */,
				21BF30FC22177F2900DB3DF5 /* fr */,
				21BF30FD22177F2C00DB3DF5 /* de */,
				21BF30FE22177F2F00DB3DF5 /* ja */,
				21BF30FF22177F3100DB3DF5 /* ko */,
				21C8D3CB22289485004EC055 /* hi-IN */,
				21319B1D2228956500F4F588 /* zh-Hans-CN */,
				218CDC4B2228AD5E004419D1 /* zh-Hans */,
			);
			name = Localizable.strings;
			sourceTree = "<group>";
		};
		21368538220E0C090019A9A8 /* InfoPlist.strings */ = {
			isa = PBXVariantGroup;
			children = (
				21368537220E0C090019A9A8 /* en */,
				21368539220E0C0B0019A9A8 /* es */,
				21368547220E0F940019A9A8 /* fr */,
				2136854E220E0F9E0019A9A8 /* de */,
				21368555220E0FB30019A9A8 /* ja */,
				2136855C220E10350019A9A8 /* ko */,
				21C8D3CA22289485004EC055 /* hi-IN */,
				21319B1C2228956500F4F588 /* zh-Hans-CN */,
				218CDC4A2228AD5E004419D1 /* zh-Hans */,
			);
			name = InfoPlist.strings;
			sourceTree = "<group>";
		};
/* End PBXVariantGroup section */

/* Begin XCBuildConfiguration section */
		212DEA962012746600FE9C3F /* Debug */ = {
			isa = XCBuildConfiguration;
			buildSettings = {
				ALWAYS_SEARCH_USER_PATHS = NO;
				CLANG_ANALYZER_LOCALIZABILITY_NONLOCALIZED = YES;
				CLANG_ANALYZER_NONNULL = YES;
				CLANG_ANALYZER_NUMBER_OBJECT_CONVERSION = YES_AGGRESSIVE;
				CLANG_CXX_LANGUAGE_STANDARD = "gnu++14";
				CLANG_CXX_LIBRARY = "libc++";
				CLANG_ENABLE_MODULES = YES;
				CLANG_ENABLE_OBJC_ARC = YES;
				CLANG_WARN_BLOCK_CAPTURE_AUTORELEASING = YES;
				CLANG_WARN_BOOL_CONVERSION = YES;
				CLANG_WARN_COMMA = YES;
				CLANG_WARN_CONSTANT_CONVERSION = YES;
				CLANG_WARN_DEPRECATED_OBJC_IMPLEMENTATIONS = YES;
				CLANG_WARN_DIRECT_OBJC_ISA_USAGE = YES_ERROR;
				CLANG_WARN_DOCUMENTATION_COMMENTS = YES;
				CLANG_WARN_EMPTY_BODY = YES;
				CLANG_WARN_ENUM_CONVERSION = YES;
				CLANG_WARN_INFINITE_RECURSION = YES;
				CLANG_WARN_INT_CONVERSION = YES;
				CLANG_WARN_NON_LITERAL_NULL_CONVERSION = YES;
				CLANG_WARN_OBJC_IMPLICIT_RETAIN_SELF = YES;
				CLANG_WARN_OBJC_LITERAL_CONVERSION = YES;
				CLANG_WARN_OBJC_ROOT_CLASS = YES_ERROR;
				CLANG_WARN_QUOTED_INCLUDE_IN_FRAMEWORK_HEADER = YES;
				CLANG_WARN_RANGE_LOOP_ANALYSIS = YES;
				CLANG_WARN_STRICT_PROTOTYPES = YES;
				CLANG_WARN_SUSPICIOUS_MOVE = YES;
				CLANG_WARN_UNGUARDED_AVAILABILITY = YES_AGGRESSIVE;
				CLANG_WARN_UNREACHABLE_CODE = YES;
				CLANG_WARN__DUPLICATE_METHOD_MATCH = YES;
				CODE_SIGN_IDENTITY = "iPhone Developer";
				COPY_PHASE_STRIP = NO;
				DEBUG_INFORMATION_FORMAT = dwarf;
				DEVELOPMENT_TEAM = CVQEUYD92N;
				ENABLE_BITCODE = NO;
				ENABLE_STRICT_OBJC_MSGSEND = YES;
				ENABLE_TESTABILITY = YES;
				ENABLE_USER_SCRIPT_SANDBOXING = NO;
				GCC_C_LANGUAGE_STANDARD = gnu11;
				GCC_DYNAMIC_NO_PIC = NO;
				GCC_NO_COMMON_BLOCKS = YES;
				GCC_OPTIMIZATION_LEVEL = 0;
				GCC_PREPROCESSOR_DEFINITIONS = (
					"DEBUG=1",
					"$(inherited)",
				);
				GCC_WARN_64_TO_32_BIT_CONVERSION = YES;
				GCC_WARN_ABOUT_RETURN_TYPE = YES_ERROR;
				GCC_WARN_UNDECLARED_SELECTOR = YES;
				GCC_WARN_UNINITIALIZED_AUTOS = YES_AGGRESSIVE;
				GCC_WARN_UNUSED_FUNCTION = YES;
				GCC_WARN_UNUSED_VARIABLE = YES;
				IPHONEOS_DEPLOYMENT_TARGET = 12.0;
				MTL_ENABLE_DEBUG_INFO = YES;
				ONLY_ACTIVE_ARCH = YES;
				SDKROOT = iphoneos;
				STRING_CATALOG_GENERATE_SYMBOLS = YES;
				SWIFT_ACTIVE_COMPILATION_CONDITIONS = DEBUG;
				SWIFT_OBJC_BRIDGING_HEADER = "/Users/patrickridd/Documents/XcodeProjects/ScriptStarter.nosync/ScriptStarter/ScriptStarter-Bridging-Header.h";
				SWIFT_OPTIMIZATION_LEVEL = "-Onone";
			};
			name = Debug;
		};
		212DEA972012746600FE9C3F /* Release */ = {
			isa = XCBuildConfiguration;
			buildSettings = {
				ALWAYS_SEARCH_USER_PATHS = NO;
				CLANG_ANALYZER_LOCALIZABILITY_NONLOCALIZED = YES;
				CLANG_ANALYZER_NONNULL = YES;
				CLANG_ANALYZER_NUMBER_OBJECT_CONVERSION = YES_AGGRESSIVE;
				CLANG_CXX_LANGUAGE_STANDARD = "gnu++14";
				CLANG_CXX_LIBRARY = "libc++";
				CLANG_ENABLE_MODULES = YES;
				CLANG_ENABLE_OBJC_ARC = YES;
				CLANG_WARN_BLOCK_CAPTURE_AUTORELEASING = YES;
				CLANG_WARN_BOOL_CONVERSION = YES;
				CLANG_WARN_COMMA = YES;
				CLANG_WARN_CONSTANT_CONVERSION = YES;
				CLANG_WARN_DEPRECATED_OBJC_IMPLEMENTATIONS = YES;
				CLANG_WARN_DIRECT_OBJC_ISA_USAGE = YES_ERROR;
				CLANG_WARN_DOCUMENTATION_COMMENTS = YES;
				CLANG_WARN_EMPTY_BODY = YES;
				CLANG_WARN_ENUM_CONVERSION = YES;
				CLANG_WARN_INFINITE_RECURSION = YES;
				CLANG_WARN_INT_CONVERSION = YES;
				CLANG_WARN_NON_LITERAL_NULL_CONVERSION = YES;
				CLANG_WARN_OBJC_IMPLICIT_RETAIN_SELF = YES;
				CLANG_WARN_OBJC_LITERAL_CONVERSION = YES;
				CLANG_WARN_OBJC_ROOT_CLASS = YES_ERROR;
				CLANG_WARN_QUOTED_INCLUDE_IN_FRAMEWORK_HEADER = YES;
				CLANG_WARN_RANGE_LOOP_ANALYSIS = YES;
				CLANG_WARN_STRICT_PROTOTYPES = YES;
				CLANG_WARN_SUSPICIOUS_MOVE = YES;
				CLANG_WARN_UNGUARDED_AVAILABILITY = YES_AGGRESSIVE;
				CLANG_WARN_UNREACHABLE_CODE = YES;
				CLANG_WARN__DUPLICATE_METHOD_MATCH = YES;
				CODE_SIGN_IDENTITY = "iPhone Developer";
				COPY_PHASE_STRIP = NO;
				DEBUG_INFORMATION_FORMAT = "dwarf-with-dsym";
				DEVELOPMENT_TEAM = CVQEUYD92N;
				ENABLE_BITCODE = NO;
				ENABLE_NS_ASSERTIONS = NO;
				ENABLE_STRICT_OBJC_MSGSEND = YES;
				ENABLE_USER_SCRIPT_SANDBOXING = NO;
				GCC_C_LANGUAGE_STANDARD = gnu11;
				GCC_NO_COMMON_BLOCKS = YES;
				GCC_WARN_64_TO_32_BIT_CONVERSION = YES;
				GCC_WARN_ABOUT_RETURN_TYPE = YES_ERROR;
				GCC_WARN_UNDECLARED_SELECTOR = YES;
				GCC_WARN_UNINITIALIZED_AUTOS = YES_AGGRESSIVE;
				GCC_WARN_UNUSED_FUNCTION = YES;
				GCC_WARN_UNUSED_VARIABLE = YES;
				IPHONEOS_DEPLOYMENT_TARGET = 12.0;
				MTL_ENABLE_DEBUG_INFO = NO;
				ONLY_ACTIVE_ARCH = YES;
				SDKROOT = iphoneos;
				STRING_CATALOG_GENERATE_SYMBOLS = YES;
				SWIFT_COMPILATION_MODE = wholemodule;
				SWIFT_OBJC_BRIDGING_HEADER = "/Users/patrickridd/Documents/XcodeProjects/ScriptStarter.nosync/ScriptStarter/ScriptStarter-Bridging-Header.h";
				SWIFT_OPTIMIZATION_LEVEL = "-O";
				VALIDATE_PRODUCT = YES;
			};
			name = Release;
		};
		212DEA992012746600FE9C3F /* Debug */ = {
			isa = XCBuildConfiguration;
			buildSettings = {
				"ARCHS[sdk=iphonesimulator*]" = x86_64;
				ASSETCATALOG_COMPILER_APPICON_NAME = AppIcon;
				CODE_SIGN_ALLOW_ENTITLEMENTS_MODIFICATION = YES;
				CODE_SIGN_ENTITLEMENTS = ScriptStarter/ScriptStarter.entitlements;
				CODE_SIGN_STYLE = Automatic;
				CURRENT_PROJECT_VERSION = 40;
				ENABLE_BITCODE = NO;
				FRAMEWORK_SEARCH_PATHS = (
					"$(inherited)",
					"$(PROJECT_DIR)",
				);
				HEADER_SEARCH_PATHS = (
					"$(inherited)",
					"\"${PODS_CONFIGURATION_BUILD_DIR}/AppAuth/AppAuth.framework/Headers\"",
					"\"${PODS_CONFIGURATION_BUILD_DIR}/FBSDKCoreKit/FBSDKCoreKit.framework/Headers\"",
					"\"${PODS_CONFIGURATION_BUILD_DIR}/FBSDKLoginKit/FBSDKLoginKit.framework/Headers\"",
					"\"${PODS_CONFIGURATION_BUILD_DIR}/FacebookCore/FacebookCore.framework/Headers\"",
					"\"${PODS_CONFIGURATION_BUILD_DIR}/FacebookLogin/FacebookLogin.framework/Headers\"",
					"\"${PODS_CONFIGURATION_BUILD_DIR}/FirebaseAuth/FirebaseAuth.framework/Headers\"",
					"\"${PODS_CONFIGURATION_BUILD_DIR}/FirebaseCore/FirebaseCore.framework/Headers\"",
					"\"${PODS_CONFIGURATION_BUILD_DIR}/FirebaseCoreDiagnostics/FirebaseCoreDiagnostics.framework/Headers\"",
					"\"${PODS_CONFIGURATION_BUILD_DIR}/FirebaseDatabase/FirebaseDatabase.framework/Headers\"",
					"\"${PODS_CONFIGURATION_BUILD_DIR}/FirebaseDynamicLinks/FirebaseDynamicLinks.framework/Headers\"",
					"\"${PODS_CONFIGURATION_BUILD_DIR}/FirebaseInstallations/FirebaseInstallations.framework/Headers\"",
					"\"${PODS_CONFIGURATION_BUILD_DIR}/GTMAppAuth/GTMAppAuth.framework/Headers\"",
					"\"${PODS_CONFIGURATION_BUILD_DIR}/GTMSessionFetcher/GTMSessionFetcher.framework/Headers\"",
					"\"${PODS_CONFIGURATION_BUILD_DIR}/GoogleDataTransport/GoogleDataTransport.framework/Headers\"",
					"\"${PODS_CONFIGURATION_BUILD_DIR}/GoogleUtilities/GoogleUtilities.framework/Headers\"",
					"\"${PODS_CONFIGURATION_BUILD_DIR}/KMPlaceholderTextView/KMPlaceholderTextView.framework/Headers\"",
					"\"${PODS_CONFIGURATION_BUILD_DIR}/MBProgressHUD/MBProgressHUD.framework/Headers\"",
					"\"${PODS_CONFIGURATION_BUILD_DIR}/PromisesObjC/FBLPromises.framework/Headers\"",
					"\"${PODS_CONFIGURATION_BUILD_DIR}/leveldb-library/leveldb.framework/Headers\"",
					"\"${PODS_CONFIGURATION_BUILD_DIR}/nanopb/nanopb.framework/Headers\"",
					"\"${PODS_ROOT}/Headers/Public\"",
					"\"${PODS_ROOT}/Headers/Public/Firebase\"",
					"$(inherited)",
					"${PODS_ROOT}/Firebase/CoreOnly/Sources",
					"\"${PODS_TARGET_SRCROOT}/Sources/FBLPromises/include\"",
					"$(PROJECT_DIR)",
				);
				INFOPLIST_FILE = ScriptStarter/Info.plist;
				IPHONEOS_DEPLOYMENT_TARGET = 17.6;
				LD_RUNPATH_SEARCH_PATHS = (
					"$(inherited)",
					"@executable_path/Frameworks",
				);
				MARKETING_VERSION = 2.0.4;
				PRODUCT_BUNDLE_IDENTIFIER = com.patrickridd.ScriptStarter;
				PRODUCT_NAME = "$(TARGET_NAME)";
				SWIFT_OBJC_BRIDGING_HEADER = "";
				SWIFT_VERSION = 4.2;
				TARGETED_DEVICE_FAMILY = "1,2";
			};
			name = Debug;
		};
		212DEA9A2012746600FE9C3F /* Release */ = {
			isa = XCBuildConfiguration;
			buildSettings = {
				"ARCHS[sdk=iphonesimulator*]" = x86_64;
				ASSETCATALOG_COMPILER_APPICON_NAME = AppIcon;
				CODE_SIGN_ALLOW_ENTITLEMENTS_MODIFICATION = YES;
				CODE_SIGN_ENTITLEMENTS = ScriptStarter/ScriptStarter.entitlements;
				CODE_SIGN_STYLE = Automatic;
				CURRENT_PROJECT_VERSION = 40;
				ENABLE_BITCODE = NO;
				FRAMEWORK_SEARCH_PATHS = (
					"$(inherited)",
					"$(PROJECT_DIR)",
				);
				HEADER_SEARCH_PATHS = (
					"$(inherited)",
					"\"${PODS_CONFIGURATION_BUILD_DIR}/AppAuth/AppAuth.framework/Headers\"",
					"\"${PODS_CONFIGURATION_BUILD_DIR}/FBSDKCoreKit/FBSDKCoreKit.framework/Headers\"",
					"\"${PODS_CONFIGURATION_BUILD_DIR}/FBSDKLoginKit/FBSDKLoginKit.framework/Headers\"",
					"\"${PODS_CONFIGURATION_BUILD_DIR}/FacebookCore/FacebookCore.framework/Headers\"",
					"\"${PODS_CONFIGURATION_BUILD_DIR}/FacebookLogin/FacebookLogin.framework/Headers\"",
					"\"${PODS_CONFIGURATION_BUILD_DIR}/FirebaseAuth/FirebaseAuth.framework/Headers\"",
					"\"${PODS_CONFIGURATION_BUILD_DIR}/FirebaseCore/FirebaseCore.framework/Headers\"",
					"\"${PODS_CONFIGURATION_BUILD_DIR}/FirebaseCoreDiagnostics/FirebaseCoreDiagnostics.framework/Headers\"",
					"\"${PODS_CONFIGURATION_BUILD_DIR}/FirebaseDatabase/FirebaseDatabase.framework/Headers\"",
					"\"${PODS_CONFIGURATION_BUILD_DIR}/FirebaseDynamicLinks/FirebaseDynamicLinks.framework/Headers\"",
					"\"${PODS_CONFIGURATION_BUILD_DIR}/FirebaseInstallations/FirebaseInstallations.framework/Headers\"",
					"\"${PODS_CONFIGURATION_BUILD_DIR}/GTMAppAuth/GTMAppAuth.framework/Headers\"",
					"\"${PODS_CONFIGURATION_BUILD_DIR}/GTMSessionFetcher/GTMSessionFetcher.framework/Headers\"",
					"\"${PODS_CONFIGURATION_BUILD_DIR}/GoogleDataTransport/GoogleDataTransport.framework/Headers\"",
					"\"${PODS_CONFIGURATION_BUILD_DIR}/GoogleUtilities/GoogleUtilities.framework/Headers\"",
					"\"${PODS_CONFIGURATION_BUILD_DIR}/KMPlaceholderTextView/KMPlaceholderTextView.framework/Headers\"",
					"\"${PODS_CONFIGURATION_BUILD_DIR}/MBProgressHUD/MBProgressHUD.framework/Headers\"",
					"\"${PODS_CONFIGURATION_BUILD_DIR}/PromisesObjC/FBLPromises.framework/Headers\"",
					"\"${PODS_CONFIGURATION_BUILD_DIR}/leveldb-library/leveldb.framework/Headers\"",
					"\"${PODS_CONFIGURATION_BUILD_DIR}/nanopb/nanopb.framework/Headers\"",
					"\"${PODS_ROOT}/Headers/Public\"",
					"\"${PODS_ROOT}/Headers/Public/Firebase\"",
					"$(inherited)",
					"${PODS_ROOT}/Firebase/CoreOnly/Sources",
					"\"${PODS_TARGET_SRCROOT}/Sources/FBLPromises/include\"",
					"$(PROJECT_DIR)",
				);
				INFOPLIST_FILE = ScriptStarter/Info.plist;
				IPHONEOS_DEPLOYMENT_TARGET = 17.6;
				LD_RUNPATH_SEARCH_PATHS = (
					"$(inherited)",
					"@executable_path/Frameworks",
				);
				MARKETING_VERSION = 2.0.4;
				PRODUCT_BUNDLE_IDENTIFIER = com.patrickridd.ScriptStarter;
				PRODUCT_NAME = "$(TARGET_NAME)";
				SWIFT_OBJC_BRIDGING_HEADER = "";
				SWIFT_VERSION = 4.2;
				TARGETED_DEVICE_FAMILY = "1,2";
			};
			name = Release;
		};
		212DEA9C2012746600FE9C3F /* Debug */ = {
			isa = XCBuildConfiguration;
			buildSettings = {
				BUNDLE_LOADER = "$(TEST_HOST)";
				CODE_SIGN_STYLE = Automatic;
				INFOPLIST_FILE = ScriptStarterTests/Info.plist;
				LD_RUNPATH_SEARCH_PATHS = (
					"$(inherited)",
					"@executable_path/Frameworks",
					"@loader_path/Frameworks",
				);
				PRODUCT_BUNDLE_IDENTIFIER = com.SoftwareTechnologyGroup.ScriptStarterTests;
				PRODUCT_NAME = "$(TARGET_NAME)";
				SWIFT_VERSION = 4.0;
				TARGETED_DEVICE_FAMILY = "1,2";
				TEST_HOST = "$(BUILT_PRODUCTS_DIR)/ScriptStarter.app/ScriptStarter";
			};
			name = Debug;
		};
		212DEA9D2012746600FE9C3F /* Release */ = {
			isa = XCBuildConfiguration;
			buildSettings = {
				BUNDLE_LOADER = "$(TEST_HOST)";
				CODE_SIGN_STYLE = Automatic;
				INFOPLIST_FILE = ScriptStarterTests/Info.plist;
				LD_RUNPATH_SEARCH_PATHS = (
					"$(inherited)",
					"@executable_path/Frameworks",
					"@loader_path/Frameworks",
				);
				PRODUCT_BUNDLE_IDENTIFIER = com.SoftwareTechnologyGroup.ScriptStarterTests;
				PRODUCT_NAME = "$(TARGET_NAME)";
				SWIFT_VERSION = 4.0;
				TARGETED_DEVICE_FAMILY = "1,2";
				TEST_HOST = "$(BUILT_PRODUCTS_DIR)/ScriptStarter.app/ScriptStarter";
			};
			name = Release;
		};
		212DEA9F2012746600FE9C3F /* Debug */ = {
			isa = XCBuildConfiguration;
			buildSettings = {
				CODE_SIGN_STYLE = Automatic;
				INFOPLIST_FILE = ScriptStarterUITests/Info.plist;
				LD_RUNPATH_SEARCH_PATHS = (
					"$(inherited)",
					"@executable_path/Frameworks",
					"@loader_path/Frameworks",
				);
				PRODUCT_BUNDLE_IDENTIFIER = com.SoftwareTechnologyGroup.ScriptStarterUITests;
				PRODUCT_NAME = "$(TARGET_NAME)";
				SWIFT_VERSION = 4.2;
				TARGETED_DEVICE_FAMILY = "1,2";
				TEST_TARGET_NAME = ScriptStarter;
			};
			name = Debug;
		};
		212DEAA02012746600FE9C3F /* Release */ = {
			isa = XCBuildConfiguration;
			buildSettings = {
				CODE_SIGN_STYLE = Automatic;
				INFOPLIST_FILE = ScriptStarterUITests/Info.plist;
				LD_RUNPATH_SEARCH_PATHS = (
					"$(inherited)",
					"@executable_path/Frameworks",
					"@loader_path/Frameworks",
				);
				PRODUCT_BUNDLE_IDENTIFIER = com.SoftwareTechnologyGroup.ScriptStarterUITests;
				PRODUCT_NAME = "$(TARGET_NAME)";
				SWIFT_VERSION = 4.2;
				TARGETED_DEVICE_FAMILY = "1,2";
				TEST_TARGET_NAME = ScriptStarter;
			};
			name = Release;
		};
/* End XCBuildConfiguration section */

/* Begin XCConfigurationList section */
		212DEA6B2012746500FE9C3F /* Build configuration list for PBXProject "ScriptStarter" */ = {
			isa = XCConfigurationList;
			buildConfigurations = (
				212DEA962012746600FE9C3F /* Debug */,
				212DEA972012746600FE9C3F /* Release */,
			);
			defaultConfigurationIsVisible = 0;
			defaultConfigurationName = Release;
		};
		212DEA982012746600FE9C3F /* Build configuration list for PBXNativeTarget "ScriptStarter" */ = {
			isa = XCConfigurationList;
			buildConfigurations = (
				212DEA992012746600FE9C3F /* Debug */,
				212DEA9A2012746600FE9C3F /* Release */,
			);
			defaultConfigurationIsVisible = 0;
			defaultConfigurationName = Release;
		};
		212DEA9B2012746600FE9C3F /* Build configuration list for PBXNativeTarget "ScriptStarterTests" */ = {
			isa = XCConfigurationList;
			buildConfigurations = (
				212DEA9C2012746600FE9C3F /* Debug */,
				212DEA9D2012746600FE9C3F /* Release */,
			);
			defaultConfigurationIsVisible = 0;
			defaultConfigurationName = Release;
		};
		212DEA9E2012746600FE9C3F /* Build configuration list for PBXNativeTarget "ScriptStarterUITests" */ = {
			isa = XCConfigurationList;
			buildConfigurations = (
				212DEA9F2012746600FE9C3F /* Debug */,
				212DEAA02012746600FE9C3F /* Release */,
			);
			defaultConfigurationIsVisible = 0;
			defaultConfigurationName = Release;
		};
/* End XCConfigurationList section */

/* Begin XCLocalSwiftPackageReference section */
		2159B8762FF193E800181DBE /* XCLocalSwiftPackageReference "../FeaturePaywall" */ = {
			isa = XCLocalSwiftPackageReference;
			relativePath = ../FeaturePaywall;
		};
		217F252C2FE2EA5D0052B8E4 /* XCLocalSwiftPackageReference "../../Superapp-Projects/FeatureAuth-Dev/FirebaseData" */ = {
			isa = XCLocalSwiftPackageReference;
			relativePath = "../../Superapp-Projects/FeatureAuth-Dev/FirebaseData";
		};
		21883CDE2FE4355B0093C267 /* XCLocalSwiftPackageReference "../Domain" */ = {
			isa = XCLocalSwiftPackageReference;
			relativePath = ../Domain;
		};
		21883CE02FE435840093C267 /* XCLocalSwiftPackageReference "../FirebaseData" */ = {
			isa = XCLocalSwiftPackageReference;
			relativePath = ../FirebaseData;
		};
		21A55AD82FDE3888007F62A7 /* XCLocalSwiftPackageReference "Packages/Domain" */ = {
			isa = XCLocalSwiftPackageReference;
			relativePath = Packages/Domain;
		};
		21C1BE3F2FEEBD77001F4DE0 /* XCLocalSwiftPackageReference "../FeatureScreenplays" */ = {
			isa = XCLocalSwiftPackageReference;
			relativePath = ../FeatureScreenplays;
		};
		21C1BE422FEEBE21001F4DE0 /* XCLocalSwiftPackageReference "../FeatureProfile" */ = {
			isa = XCLocalSwiftPackageReference;
			relativePath = ../FeatureProfile;
		};
		21EE7CA92FE9841200400AC4 /* XCLocalSwiftPackageReference "../DesignSystem" */ = {
			isa = XCLocalSwiftPackageReference;
			relativePath = ../DesignSystem;
		};
/* End XCLocalSwiftPackageReference section */

/* Begin XCRemoteSwiftPackageReference section */
		21883CDF2FE435670093C267 /* XCRemoteSwiftPackageReference "AuthDomain" */ = {
			isa = XCRemoteSwiftPackageReference;
			repositoryURL = "https://github.com/patrickridd/AuthDomain.git";
			requirement = {
				kind = upToNextMajorVersion;
				minimumVersion = 1.4.1;
			};
		};
		21883CE12FE435900093C267 /* XCRemoteSwiftPackageReference "FeatureAuth" */ = {
			isa = XCRemoteSwiftPackageReference;
			repositoryURL = "https://github.com/patrickridd/FeatureAuth.git";
			requirement = {
				kind = upToNextMajorVersion;
				minimumVersion = 3.1.0;
			};
		};
		21883CE22FE4359D0093C267 /* XCRemoteSwiftPackageReference "mbprogresshud" */ = {
			isa = XCRemoteSwiftPackageReference;
			repositoryURL = "https://github.com/jdg/mbprogresshud.git";
			requirement = {
				kind = upToNextMajorVersion;
				minimumVersion = 1.2.0;
			};
		};
		21883CE32FE435D30093C267 /* XCRemoteSwiftPackageReference "FirebaseAuthData" */ = {
			isa = XCRemoteSwiftPackageReference;
			repositoryURL = "https://github.com/patrickridd/FirebaseAuthData.git";
			requirement = {
				kind = upToNextMajorVersion;
				minimumVersion = 1.5.0;
			};
		};
		21A55ADB2FDE38C7007F62A7 /* XCRemoteSwiftPackageReference "AuthDomain" */ = {
			isa = XCRemoteSwiftPackageReference;
			repositoryURL = "https://github.com/patrickridd/AuthDomain.git";
			requirement = {
				kind = upToNextMajorVersion;
				minimumVersion = 1.4.1;
			};
		};
		21A55ADC2FDE3930007F62A7 /* XCRemoteSwiftPackageReference "FeatureAuth" */ = {
			isa = XCRemoteSwiftPackageReference;
			repositoryURL = "https://github.com/patrickridd/FeatureAuth.git";
			requirement = {
				kind = upToNextMajorVersion;
				minimumVersion = 3.1.0;
			};
		};
		21A55ADD2FDE3990007F62A7 /* XCRemoteSwiftPackageReference "FirebaseAuthData" */ = {
			isa = XCRemoteSwiftPackageReference;
			repositoryURL = "https://github.com/patrickridd/FirebaseAuthData.git";
			requirement = {
				kind = upToNextMajorVersion;
				minimumVersion = 1.5.0;
			};
		};
		21A55ADF2FDE39BF007F62A7 /* XCRemoteSwiftPackageReference "mbprogresshud" */ = {
			isa = XCRemoteSwiftPackageReference;
			repositoryURL = "https://github.com/jdg/mbprogresshud.git";
			requirement = {
				kind = upToNextMajorVersion;
				minimumVersion = 1.2.0;
			};
		};
/* End XCRemoteSwiftPackageReference section */

/* Begin XCSwiftPackageProductDependency section */
		2151D9662FE2EB4E00710843 /* FirebaseData */ = {
			isa = XCSwiftPackageProductDependency;
			package = 217F252C2FE2EA5D0052B8E4 /* XCLocalSwiftPackageReference "../../Superapp-Projects/FeatureAuth-Dev/FirebaseData" */;
			productName = FirebaseData;
		};
		2159B8772FF193F500181DBE /* FeaturePaywall */ = {
			isa = XCSwiftPackageProductDependency;
			package = 2159B8762FF193E800181DBE /* XCLocalSwiftPackageReference "../FeaturePaywall" */;
			productName = FeaturePaywall;
		};
		21A55AD92FDE3897007F62A7 /* Domain */ = {
			isa = XCSwiftPackageProductDependency;
			package = 21A55AD82FDE3888007F62A7 /* XCLocalSwiftPackageReference "Packages/Domain" */;
			productName = Domain;
		};
		21A55AE02FDE39D7007F62A7 /* AuthDomain */ = {
			isa = XCSwiftPackageProductDependency;
			package = 21A55ADB2FDE38C7007F62A7 /* XCRemoteSwiftPackageReference "AuthDomain" */;
			productName = AuthDomain;
		};
		21A55AE22FDE39DE007F62A7 /* FeatureAuth */ = {
			isa = XCSwiftPackageProductDependency;
			package = 21A55ADC2FDE3930007F62A7 /* XCRemoteSwiftPackageReference "FeatureAuth" */;
			productName = FeatureAuth;
		};
		21A55AE42FDE39E4007F62A7 /* FirebaseAuthData */ = {
			isa = XCSwiftPackageProductDependency;
			package = 21A55ADD2FDE3990007F62A7 /* XCRemoteSwiftPackageReference "FirebaseAuthData" */;
			productName = FirebaseAuthData;
		};
		21A55AE62FDE3B3C007F62A7 /* MBProgressHUD */ = {
			isa = XCSwiftPackageProductDependency;
			package = 21A55ADF2FDE39BF007F62A7 /* XCRemoteSwiftPackageReference "mbprogresshud" */;
			productName = MBProgressHUD;
		};
		21C1BE402FEEBD90001F4DE0 /* FeatureScreenplays */ = {
			isa = XCSwiftPackageProductDependency;
			package = 21C1BE3F2FEEBD77001F4DE0 /* XCLocalSwiftPackageReference "../FeatureScreenplays" */;
			productName = FeatureScreenplays;
		};
		21C1BE432FEEBE36001F4DE0 /* FeatureProfile */ = {
			isa = XCSwiftPackageProductDependency;
			package = 21C1BE422FEEBE21001F4DE0 /* XCLocalSwiftPackageReference "../FeatureProfile" */;
			productName = FeatureProfile;
		};
/* End XCSwiftPackageProductDependency section */
	};
	rootObject = 212DEA682012746500FE9C3F /* Project object */;
}
