// !$*UTF8*$!
{
	archiveVersion = 1;
	classes = {
	};
	objectVersion = 48;
	objects = {

/* Begin PBXBuildFile section */
		21099166201F8E1600340124 /* AddScreenplayCollectionViewCell.swift in Sources */ = {isa = PBXBuildFile; fileRef = 21099165201F8E1600340124 /* AddScreenplayCollectionViewCell.swift */; };
		21099168201FD4CF00340124 /* SectionHeaderView.swift in Sources */ = {isa = PBXBuildFile; fileRef = 21099167201FD4CF00340124 /* SectionHeaderView.swift */; };
		211215C5203652520039D6E8 /* BasicInfoCharacterTableViewCell.swift in Sources */ = {isa = PBXBuildFile; fileRef = 211215C4203652510039D6E8 /* BasicInfoCharacterTableViewCell.swift */; };
		211215D4203B5D200039D6E8 /* RolePopoverTableViewController.swift in Sources */ = {isa = PBXBuildFile; fileRef = 211215D3203B5D200039D6E8 /* RolePopoverTableViewController.swift */; };
		211215D6203B5DC30039D6E8 /* Role.swift in Sources */ = {isa = PBXBuildFile; fileRef = 211215D5203B5DC30039D6E8 /* Role.swift */; };
		211215D8203B5E680039D6E8 /* RoleTableViewCell.swift in Sources */ = {isa = PBXBuildFile; fileRef = 211215D7203B5E680039D6E8 /* RoleTableViewCell.swift */; };
		211800DA20238A1200F33924 /* ScreenplayCollectionViewCell.swift in Sources */ = {isa = PBXBuildFile; fileRef = 211800D920238A1200F33924 /* ScreenplayCollectionViewCell.swift */; };
		2128EF2420200B7500AF156E /* EnlargedDescriptionTableViewController.swift in Sources */ = {isa = PBXBuildFile; fileRef = 2128EF2320200B7500AF156E /* EnlargedDescriptionTableViewController.swift */; };
		212DEA742012746500FE9C3F /* AppDelegate.swift in Sources */ = {isa = PBXBuildFile; fileRef = 212DEA732012746500FE9C3F /* AppDelegate.swift */; };
		212DEA792012746500FE9C3F /* Main.storyboard in Resources */ = {isa = PBXBuildFile; fileRef = 212DEA772012746500FE9C3F /* Main.storyboard */; };
		212DEA7B2012746500FE9C3F /* Assets.xcassets in Resources */ = {isa = PBXBuildFile; fileRef = 212DEA7A2012746500FE9C3F /* Assets.xcassets */; };
		212DEA7E2012746500FE9C3F /* LaunchScreen.storyboard in Resources */ = {isa = PBXBuildFile; fileRef = 212DEA7C2012746500FE9C3F /* LaunchScreen.storyboard */; };
		212DEA892012746600FE9C3F /* ScriptStarterTests.swift in Sources */ = {isa = PBXBuildFile; fileRef = 212DEA882012746600FE9C3F /* ScriptStarterTests.swift */; };
		212DEA942012746600FE9C3F /* ScriptStarterUITests.swift in Sources */ = {isa = PBXBuildFile; fileRef = 212DEA932012746600FE9C3F /* ScriptStarterUITests.swift */; };
		2135777C201292AE00C5EADC /* Outline.storyboard in Resources */ = {isa = PBXBuildFile; fileRef = 2135777A201292AE00C5EADC /* Outline.storyboard */; };
		2135777F201292E100C5EADC /* Character.storyboard in Resources */ = {isa = PBXBuildFile; fileRef = 2135777D201292E100C5EADC /* Character.storyboard */; };
		2146E3DE203F906B00FBD225 /* SceneTableViewCell.swift in Sources */ = {isa = PBXBuildFile; fileRef = 2146E3DD203F906B00FBD225 /* SceneTableViewCell.swift */; };
		2151FC60202260F200CE4823 /* ScreenplayController.swift in Sources */ = {isa = PBXBuildFile; fileRef = 2151FC5F202260F200CE4823 /* ScreenplayController.swift */; };
		218E8460203E3D9500D0D652 /* NoCharacterTableViewCell.swift in Sources */ = {isa = PBXBuildFile; fileRef = 218E845F203E3D9500D0D652 /* NoCharacterTableViewCell.swift */; };
		218E8462203F379000D0D652 /* Scene.swift in Sources */ = {isa = PBXBuildFile; fileRef = 218E8461203F379000D0D652 /* Scene.swift */; };
		218E8464203F841400D0D652 /* SceneHeader.swift in Sources */ = {isa = PBXBuildFile; fileRef = 218E8463203F841400D0D652 /* SceneHeader.swift */; };
		21A7CF492023B00000D97394 /* CharacterTableViewController.swift in Sources */ = {isa = PBXBuildFile; fileRef = 21A7CF482023B00000D97394 /* CharacterTableViewController.swift */; };
		21A7CF4B2023B02D00D97394 /* Character.swift in Sources */ = {isa = PBXBuildFile; fileRef = 21A7CF4A2023B02D00D97394 /* Character.swift */; };
		21A7CF4E2023B4D200D97394 /* CharacterTableViewCell.swift in Sources */ = {isa = PBXBuildFile; fileRef = 21A7CF4D2023B4D200D97394 /* CharacterTableViewCell.swift */; };
		21A7CF502025039800D97394 /* CharacterDetailTableViewController.swift in Sources */ = {isa = PBXBuildFile; fileRef = 21A7CF4F2025039800D97394 /* CharacterDetailTableViewController.swift */; };
		21A7CF522028E45300D97394 /* CollapsibleHeaderView.swift in Sources */ = {isa = PBXBuildFile; fileRef = 21A7CF512028E45300D97394 /* CollapsibleHeaderView.swift */; };
		21A7CF542028E60D00D97394 /* ActDetailTableViewController.swift in Sources */ = {isa = PBXBuildFile; fileRef = 21A7CF532028E60D00D97394 /* ActDetailTableViewController.swift */; };
		21A7CF582028EC8400D97394 /* Extension+UITableViewCell.swift in Sources */ = {isa = PBXBuildFile; fileRef = 21A7CF572028EC8400D97394 /* Extension+UITableViewCell.swift */; };
		21A7CF5A202A622000D97394 /* ExpandableTableViewSection.swift in Sources */ = {isa = PBXBuildFile; fileRef = 21A7CF59202A622000D97394 /* ExpandableTableViewSection.swift */; };
		21A7CF64202A672100D97394 /* Act1.swift in Sources */ = {isa = PBXBuildFile; fileRef = 21A7CF63202A672100D97394 /* Act1.swift */; };
		21A7CF66202A67D600D97394 /* Act2.swift in Sources */ = {isa = PBXBuildFile; fileRef = 21A7CF65202A67D600D97394 /* Act2.swift */; };
		21A7CF68202A683800D97394 /* Act3.swift in Sources */ = {isa = PBXBuildFile; fileRef = 21A7CF67202A683800D97394 /* Act3.swift */; };
		21A7CF6A202A6D3A00D97394 /* Act.swift in Sources */ = {isa = PBXBuildFile; fileRef = 21A7CF69202A6D3A00D97394 /* Act.swift */; };
		21A84F46201683D500CE4149 /* ScreenplayCollectionViewController.swift in Sources */ = {isa = PBXBuildFile; fileRef = 21A84F45201683D500CE4149 /* ScreenplayCollectionViewController.swift */; };
		21A84F482016840300CE4149 /* Screenplay.swift in Sources */ = {isa = PBXBuildFile; fileRef = 21A84F472016840300CE4149 /* Screenplay.swift */; };
		21A84F4A2016988600CE4149 /* Storyboard.storyboard in Resources */ = {isa = PBXBuildFile; fileRef = 21A84F492016988600CE4149 /* Storyboard.storyboard */; };
		21B8FB82201A922D000A8721 /* SceenplayCoverViewController.swift in Sources */ = {isa = PBXBuildFile; fileRef = 21B8FB81201A922D000A8721 /* SceenplayCoverViewController.swift */; };
		21B8FB84201A93D0000A8721 /* ScreenplayPageViewController.swift in Sources */ = {isa = PBXBuildFile; fileRef = 21B8FB83201A93D0000A8721 /* ScreenplayPageViewController.swift */; };
		21B8FB88201AA656000A8721 /* ScreenplayTabBarController.swift in Sources */ = {isa = PBXBuildFile; fileRef = 21B8FB87201AA656000A8721 /* ScreenplayTabBarController.swift */; };
		21C903D82016528A0017D626 /* LoginViewController.swift in Sources */ = {isa = PBXBuildFile; fileRef = 21C903D72016528A0017D626 /* LoginViewController.swift */; };
		21D727EE202CE17700861C2D /* ActBeatSectionHeader.swift in Sources */ = {isa = PBXBuildFile; fileRef = 21D727ED202CE17700861C2D /* ActBeatSectionHeader.swift */; };
		21D727F0202CEB8500861C2D /* ViewController.swift in Sources */ = {isa = PBXBuildFile; fileRef = 21D727EF202CEB8500861C2D /* ViewController.swift */; };
		21D727F2202CFD2400861C2D /* Extension+ViewController.swift in Sources */ = {isa = PBXBuildFile; fileRef = 21D727F1202CFD2400861C2D /* Extension+ViewController.swift */; };
		21D727F4202E0D1A00861C2D /* SectionHeaderSubtitle.swift in Sources */ = {isa = PBXBuildFile; fileRef = 21D727F3202E0D1A00861C2D /* SectionHeaderSubtitle.swift */; };
		21D727FB202E32D500861C2D /* InformationPopTableViewController.swift in Sources */ = {isa = PBXBuildFile; fileRef = 21D727FA202E32D500861C2D /* InformationPopTableViewController.swift */; };
		21D727FD202E332300861C2D /* InformationPopTableViewCell.swift in Sources */ = {isa = PBXBuildFile; fileRef = 21D727FC202E332300861C2D /* InformationPopTableViewCell.swift */; };
		21D727FF202E41DD00861C2D /* InformationNotes.swift in Sources */ = {isa = PBXBuildFile; fileRef = 21D727FE202E41DD00861C2D /* InformationNotes.swift */; };
		21D72801202E6A6C00861C2D /* CharacterSection.swift in Sources */ = {isa = PBXBuildFile; fileRef = 21D72800202E6A6C00861C2D /* CharacterSection.swift */; };
		21E661BD2017B1F6006A14AF /* DescriptionTableViewCell.swift in Sources */ = {isa = PBXBuildFile; fileRef = 21E661BC2017B1F6006A14AF /* DescriptionTableViewCell.swift */; };
		21E661BF2017C236006A14AF /* OutlineTableViewController.swift in Sources */ = {isa = PBXBuildFile; fileRef = 21E661BE2017C236006A14AF /* OutlineTableViewController.swift */; };
		21E661C12017DBAE006A14AF /* FirebaseController.swift in Sources */ = {isa = PBXBuildFile; fileRef = 21E661C02017DBAE006A14AF /* FirebaseController.swift */; };
		21E661C42017F979006A14AF /* Extension+UIColor.swift in Sources */ = {isa = PBXBuildFile; fileRef = 21E661C32017F979006A14AF /* Extension+UIColor.swift */; };
		21E661C620190E3E006A14AF /* UIAlertControllers.swift in Sources */ = {isa = PBXBuildFile; fileRef = 21E661C520190E3E006A14AF /* UIAlertControllers.swift */; };
		21E661C820192E66006A14AF /* SignUpViewController.swift in Sources */ = {isa = PBXBuildFile; fileRef = 21E661C720192E66006A14AF /* SignUpViewController.swift */; };
		21F1EA1320165FE700E0D677 /* GoogleService-Info.plist in Resources */ = {isa = PBXBuildFile; fileRef = 21F1EA1220165FE700E0D677 /* GoogleService-Info.plist */; };
		21F8AA8120322AFC0008B4C1 /* Extension+UITableViewController.swift in Sources */ = {isa = PBXBuildFile; fileRef = 21F8AA8020322AFC0008B4C1 /* Extension+UITableViewController.swift */; };
		63AA0BC1A9D0948F916055BB /* Pods_ScriptStarterUITests.framework in Frameworks */ = {isa = PBXBuildFile; fileRef = BB7C3BBD8D640D2D2D12C438 /* Pods_ScriptStarterUITests.framework */; };
		64E81E0F77F79B2E174E9206 /* Pods_ScriptStarterTests.framework in Frameworks */ = {isa = PBXBuildFile; fileRef = E1E33E9FF2DBD1A43E7BAA94 /* Pods_ScriptStarterTests.framework */; };
		958EF1E42C0ACAD87C4A70A4 /* Pods_ScriptStarter.framework in Frameworks */ = {isa = PBXBuildFile; fileRef = 530B6E37F1E8D830FD0921A0 /* Pods_ScriptStarter.framework */; };
/* End PBXBuildFile section */

/* Begin PBXContainerItemProxy section */
		212DEA852012746600FE9C3F /* PBXContainerItemProxy */ = {
			isa = PBXContainerItemProxy;
			containerPortal = 212DEA682012746500FE9C3F /* Project object */;
			proxyType = 1;
			remoteGlobalIDString = 212DEA6F2012746500FE9C3F;
			remoteInfo = ScriptStarter;
		};
		212DEA902012746600FE9C3F /* PBXContainerItemProxy */ = {
			isa = PBXContainerItemProxy;
			containerPortal = 212DEA682012746500FE9C3F /* Project object */;
			proxyType = 1;
			remoteGlobalIDString = 212DEA6F2012746500FE9C3F;
			remoteInfo = ScriptStarter;
		};
/* End PBXContainerItemProxy section */

/* Begin PBXFileReference section */
		21099165201F8E1600340124 /* AddScreenplayCollectionViewCell.swift */ = {isa = PBXFileReference; lastKnownFileType = sourcecode.swift; path = AddScreenplayCollectionViewCell.swift; sourceTree = "<group>"; };
		21099167201FD4CF00340124 /* SectionHeaderView.swift */ = {isa = PBXFileReference; lastKnownFileType = sourcecode.swift; path = SectionHeaderView.swift; sourceTree = "<group>"; };
		211215C4203652510039D6E8 /* BasicInfoCharacterTableViewCell.swift */ = {isa = PBXFileReference; lastKnownFileType = sourcecode.swift; path = BasicInfoCharacterTableViewCell.swift; sourceTree = "<group>"; };
		211215D3203B5D200039D6E8 /* RolePopoverTableViewController.swift */ = {isa = PBXFileReference; lastKnownFileType = sourcecode.swift; path = RolePopoverTableViewController.swift; sourceTree = "<group>"; };
		211215D5203B5DC30039D6E8 /* Role.swift */ = {isa = PBXFileReference; lastKnownFileType = sourcecode.swift; path = Role.swift; sourceTree = "<group>"; };
		211215D7203B5E680039D6E8 /* RoleTableViewCell.swift */ = {isa = PBXFileReference; lastKnownFileType = sourcecode.swift; path = RoleTableViewCell.swift; sourceTree = "<group>"; };
		211800D920238A1200F33924 /* ScreenplayCollectionViewCell.swift */ = {isa = PBXFileReference; lastKnownFileType = sourcecode.swift; path = ScreenplayCollectionViewCell.swift; sourceTree = "<group>"; };
		2128EF2320200B7500AF156E /* EnlargedDescriptionTableViewController.swift */ = {isa = PBXFileReference; lastKnownFileType = sourcecode.swift; path = EnlargedDescriptionTableViewController.swift; sourceTree = "<group>"; };
		212DEA702012746500FE9C3F /* ScriptStarter.app */ = {isa = PBXFileReference; explicitFileType = wrapper.application; includeInIndex = 0; path = ScriptStarter.app; sourceTree = BUILT_PRODUCTS_DIR; };
		212DEA732012746500FE9C3F /* AppDelegate.swift */ = {isa = PBXFileReference; lastKnownFileType = sourcecode.swift; path = AppDelegate.swift; sourceTree = "<group>"; };
		212DEA782012746500FE9C3F /* Base */ = {isa = PBXFileReference; lastKnownFileType = file.storyboard; name = Base; path = Base.lproj/Main.storyboard; sourceTree = "<group>"; };
		212DEA7A2012746500FE9C3F /* Assets.xcassets */ = {isa = PBXFileReference; lastKnownFileType = folder.assetcatalog; path = Assets.xcassets; sourceTree = "<group>"; };
		212DEA7D2012746500FE9C3F /* Base */ = {isa = PBXFileReference; lastKnownFileType = file.storyboard; name = Base; path = Base.lproj/LaunchScreen.storyboard; sourceTree = "<group>"; };
		212DEA7F2012746600FE9C3F /* Info.plist */ = {isa = PBXFileReference; lastKnownFileType = text.plist.xml; path = Info.plist; sourceTree = "<group>"; };
		212DEA842012746600FE9C3F /* ScriptStarterTests.xctest */ = {isa = PBXFileReference; explicitFileType = wrapper.cfbundle; includeInIndex = 0; path = ScriptStarterTests.xctest; sourceTree = BUILT_PRODUCTS_DIR; };
		212DEA882012746600FE9C3F /* ScriptStarterTests.swift */ = {isa = PBXFileReference; lastKnownFileType = sourcecode.swift; path = ScriptStarterTests.swift; sourceTree = "<group>"; };
		212DEA8A2012746600FE9C3F /* Info.plist */ = {isa = PBXFileReference; lastKnownFileType = text.plist.xml; path = Info.plist; sourceTree = "<group>"; };
		212DEA8F2012746600FE9C3F /* ScriptStarterUITests.xctest */ = {isa = PBXFileReference; explicitFileType = wrapper.cfbundle; includeInIndex = 0; path = ScriptStarterUITests.xctest; sourceTree = BUILT_PRODUCTS_DIR; };
		212DEA932012746600FE9C3F /* ScriptStarterUITests.swift */ = {isa = PBXFileReference; lastKnownFileType = sourcecode.swift; path = ScriptStarterUITests.swift; sourceTree = "<group>"; };
		212DEA952012746600FE9C3F /* Info.plist */ = {isa = PBXFileReference; lastKnownFileType = text.plist.xml; path = Info.plist; sourceTree = "<group>"; };
		2135777B201292AE00C5EADC /* Base */ = {isa = PBXFileReference; lastKnownFileType = file.storyboard; name = Base; path = ScriptStarter/Base.lproj/Outline.storyboard; sourceTree = "<group>"; };
		2135777E201292E100C5EADC /* Base */ = {isa = PBXFileReference; lastKnownFileType = file.storyboard; name = Base; path = ScriptStarter/Base.lproj/Character.storyboard; sourceTree = "<group>"; };
		2146E3DD203F906B00FBD225 /* SceneTableViewCell.swift */ = {isa = PBXFileReference; lastKnownFileType = sourcecode.swift; path = SceneTableViewCell.swift; sourceTree = "<group>"; };
		2151FC5F202260F200CE4823 /* ScreenplayController.swift */ = {isa = PBXFileReference; lastKnownFileType = sourcecode.swift; path = ScreenplayController.swift; sourceTree = "<group>"; };
		218E845F203E3D9500D0D652 /* NoCharacterTableViewCell.swift */ = {isa = PBXFileReference; lastKnownFileType = sourcecode.swift; path = NoCharacterTableViewCell.swift; sourceTree = "<group>"; };
		218E8461203F379000D0D652 /* Scene.swift */ = {isa = PBXFileReference; lastKnownFileType = sourcecode.swift; path = Scene.swift; sourceTree = "<group>"; };
		218E8463203F841400D0D652 /* SceneHeader.swift */ = {isa = PBXFileReference; lastKnownFileType = sourcecode.swift; path = SceneHeader.swift; sourceTree = "<group>"; };
		21A7CF482023B00000D97394 /* CharacterTableViewController.swift */ = {isa = PBXFileReference; lastKnownFileType = sourcecode.swift; path = CharacterTableViewController.swift; sourceTree = "<group>"; };
		21A7CF4A2023B02D00D97394 /* Character.swift */ = {isa = PBXFileReference; lastKnownFileType = sourcecode.swift; path = Character.swift; sourceTree = "<group>"; };
		21A7CF4D2023B4D200D97394 /* CharacterTableViewCell.swift */ = {isa = PBXFileReference; lastKnownFileType = sourcecode.swift; path = CharacterTableViewCell.swift; sourceTree = "<group>"; };
		21A7CF4F2025039800D97394 /* CharacterDetailTableViewController.swift */ = {isa = PBXFileReference; lastKnownFileType = sourcecode.swift; path = CharacterDetailTableViewController.swift; sourceTree = "<group>"; };
		21A7CF512028E45300D97394 /* CollapsibleHeaderView.swift */ = {isa = PBXFileReference; lastKnownFileType = sourcecode.swift; path = CollapsibleHeaderView.swift; sourceTree = "<group>"; };
		21A7CF532028E60D00D97394 /* ActDetailTableViewController.swift */ = {isa = PBXFileReference; lastKnownFileType = sourcecode.swift; path = ActDetailTableViewController.swift; sourceTree = "<group>"; };
		21A7CF572028EC8400D97394 /* Extension+UITableViewCell.swift */ = {isa = PBXFileReference; lastKnownFileType = sourcecode.swift; path = "Extension+UITableViewCell.swift"; sourceTree = "<group>"; };
		21A7CF59202A622000D97394 /* ExpandableTableViewSection.swift */ = {isa = PBXFileReference; lastKnownFileType = sourcecode.swift; path = ExpandableTableViewSection.swift; sourceTree = "<group>"; };
		21A7CF63202A672100D97394 /* Act1.swift */ = {isa = PBXFileReference; lastKnownFileType = sourcecode.swift; path = Act1.swift; sourceTree = "<group>"; };
		21A7CF65202A67D600D97394 /* Act2.swift */ = {isa = PBXFileReference; lastKnownFileType = sourcecode.swift; path = Act2.swift; sourceTree = "<group>"; };
		21A7CF67202A683800D97394 /* Act3.swift */ = {isa = PBXFileReference; lastKnownFileType = sourcecode.swift; path = Act3.swift; sourceTree = "<group>"; };
		21A7CF69202A6D3A00D97394 /* Act.swift */ = {isa = PBXFileReference; lastKnownFileType = sourcecode.swift; path = Act.swift; sourceTree = "<group>"; };
		21A84F45201683D500CE4149 /* ScreenplayCollectionViewController.swift */ = {isa = PBXFileReference; lastKnownFileType = sourcecode.swift; path = ScreenplayCollectionViewController.swift; sourceTree = "<group>"; };
		21A84F472016840300CE4149 /* Screenplay.swift */ = {isa = PBXFileReference; lastKnownFileType = sourcecode.swift; path = Screenplay.swift; sourceTree = "<group>"; };
		21A84F492016988600CE4149 /* Storyboard.storyboard */ = {isa = PBXFileReference; fileEncoding = 4; lastKnownFileType = file.storyboard; path = Storyboard.storyboard; sourceTree = SOURCE_ROOT; };
		21B8FB81201A922D000A8721 /* SceenplayCoverViewController.swift */ = {isa = PBXFileReference; lastKnownFileType = sourcecode.swift; path = SceenplayCoverViewController.swift; sourceTree = "<group>"; };
		21B8FB83201A93D0000A8721 /* ScreenplayPageViewController.swift */ = {isa = PBXFileReference; lastKnownFileType = sourcecode.swift; path = ScreenplayPageViewController.swift; sourceTree = "<group>"; };
		21B8FB87201AA656000A8721 /* ScreenplayTabBarController.swift */ = {isa = PBXFileReference; lastKnownFileType = sourcecode.swift; path = ScreenplayTabBarController.swift; sourceTree = "<group>"; };
		21C903D72016528A0017D626 /* LoginViewController.swift */ = {isa = PBXFileReference; lastKnownFileType = sourcecode.swift; path = LoginViewController.swift; sourceTree = "<group>"; };
		21D727ED202CE17700861C2D /* ActBeatSectionHeader.swift */ = {isa = PBXFileReference; lastKnownFileType = sourcecode.swift; path = ActBeatSectionHeader.swift; sourceTree = "<group>"; };
		21D727EF202CEB8500861C2D /* ViewController.swift */ = {isa = PBXFileReference; lastKnownFileType = sourcecode.swift; path = ViewController.swift; sourceTree = "<group>"; };
		21D727F1202CFD2400861C2D /* Extension+ViewController.swift */ = {isa = PBXFileReference; lastKnownFileType = sourcecode.swift; path = "Extension+ViewController.swift"; sourceTree = "<group>"; };
		21D727F3202E0D1A00861C2D /* SectionHeaderSubtitle.swift */ = {isa = PBXFileReference; lastKnownFileType = sourcecode.swift; path = SectionHeaderSubtitle.swift; sourceTree = "<group>"; };
		21D727FA202E32D500861C2D /* InformationPopTableViewController.swift */ = {isa = PBXFileReference; lastKnownFileType = sourcecode.swift; path = InformationPopTableViewController.swift; sourceTree = "<group>"; };
		21D727FC202E332300861C2D /* InformationPopTableViewCell.swift */ = {isa = PBXFileReference; lastKnownFileType = sourcecode.swift; path = InformationPopTableViewCell.swift; sourceTree = "<group>"; };
		21D727FE202E41DD00861C2D /* InformationNotes.swift */ = {isa = PBXFileReference; lastKnownFileType = sourcecode.swift; path = InformationNotes.swift; sourceTree = "<group>"; };
		21D72800202E6A6C00861C2D /* CharacterSection.swift */ = {isa = PBXFileReference; lastKnownFileType = sourcecode.swift; path = CharacterSection.swift; sourceTree = "<group>"; };
		21E661BC2017B1F6006A14AF /* DescriptionTableViewCell.swift */ = {isa = PBXFileReference; lastKnownFileType = sourcecode.swift; path = DescriptionTableViewCell.swift; sourceTree = "<group>"; };
		21E661BE2017C236006A14AF /* OutlineTableViewController.swift */ = {isa = PBXFileReference; lastKnownFileType = sourcecode.swift; path = OutlineTableViewController.swift; sourceTree = "<group>"; };
		21E661C02017DBAE006A14AF /* FirebaseController.swift */ = {isa = PBXFileReference; lastKnownFileType = sourcecode.swift; path = FirebaseController.swift; sourceTree = "<group>"; };
		21E661C32017F979006A14AF /* Extension+UIColor.swift */ = {isa = PBXFileReference; lastKnownFileType = sourcecode.swift; path = "Extension+UIColor.swift"; sourceTree = "<group>"; };
		21E661C520190E3E006A14AF /* UIAlertControllers.swift */ = {isa = PBXFileReference; lastKnownFileType = sourcecode.swift; path = UIAlertControllers.swift; sourceTree = "<group>"; };
		21E661C720192E66006A14AF /* SignUpViewController.swift */ = {isa = PBXFileReference; lastKnownFileType = sourcecode.swift; path = SignUpViewController.swift; sourceTree = "<group>"; };
		21F1EA112016564000E0D677 /* GoogleService-Info.plist */ = {isa = PBXFileReference; lastKnownFileType = text.plist.xml; path = "GoogleService-Info.plist"; sourceTree = "<group>"; };
		21F1EA1220165FE700E0D677 /* GoogleService-Info.plist */ = {isa = PBXFileReference; fileEncoding = 4; lastKnownFileType = text.plist.xml; name = "GoogleService-Info.plist"; path = "../../../../Desktop/GoogleService-Info.plist"; sourceTree = "<group>"; };
		21F8AA8020322AFC0008B4C1 /* Extension+UITableViewController.swift */ = {isa = PBXFileReference; lastKnownFileType = sourcecode.swift; path = "Extension+UITableViewController.swift"; sourceTree = "<group>"; };
		530B6E37F1E8D830FD0921A0 /* Pods_ScriptStarter.framework */ = {isa = PBXFileReference; explicitFileType = wrapper.framework; includeInIndex = 0; path = Pods_ScriptStarter.framework; sourceTree = BUILT_PRODUCTS_DIR; };
		5E44DB3CF692EA0E8845E27F /* Pods-ScriptStarterTests.debug.xcconfig */ = {isa = PBXFileReference; includeInIndex = 1; lastKnownFileType = text.xcconfig; name = "Pods-ScriptStarterTests.debug.xcconfig"; path = "Pods/Target Support Files/Pods-ScriptStarterTests/Pods-ScriptStarterTests.debug.xcconfig"; sourceTree = "<group>"; };
		8FD8C16A96615F4E77796A8E /* Pods-ScriptStarterUITests.debug.xcconfig */ = {isa = PBXFileReference; includeInIndex = 1; lastKnownFileType = text.xcconfig; name = "Pods-ScriptStarterUITests.debug.xcconfig"; path = "Pods/Target Support Files/Pods-ScriptStarterUITests/Pods-ScriptStarterUITests.debug.xcconfig"; sourceTree = "<group>"; };
		93F40508EF1FB0087EE57A3B /* Pods-ScriptStarterTests.release.xcconfig */ = {isa = PBXFileReference; includeInIndex = 1; lastKnownFileType = text.xcconfig; name = "Pods-ScriptStarterTests.release.xcconfig"; path = "Pods/Target Support Files/Pods-ScriptStarterTests/Pods-ScriptStarterTests.release.xcconfig"; sourceTree = "<group>"; };
		9770CE8F298012C96267002D /* Pods-ScriptStarterUITests.release.xcconfig */ = {isa = PBXFileReference; includeInIndex = 1; lastKnownFileType = text.xcconfig; name = "Pods-ScriptStarterUITests.release.xcconfig"; path = "Pods/Target Support Files/Pods-ScriptStarterUITests/Pods-ScriptStarterUITests.release.xcconfig"; sourceTree = "<group>"; };
		A18AAE33F2BAD99A58524441 /* Pods-ScriptStarter.debug.xcconfig */ = {isa = PBXFileReference; includeInIndex = 1; lastKnownFileType = text.xcconfig; name = "Pods-ScriptStarter.debug.xcconfig"; path = "Pods/Target Support Files/Pods-ScriptStarter/Pods-ScriptStarter.debug.xcconfig"; sourceTree = "<group>"; };
		A5A4BB2443C7B5E7110F73AD /* Pods-ScriptStarter.release.xcconfig */ = {isa = PBXFileReference; includeInIndex = 1; lastKnownFileType = text.xcconfig; name = "Pods-ScriptStarter.release.xcconfig"; path = "Pods/Target Support Files/Pods-ScriptStarter/Pods-ScriptStarter.release.xcconfig"; sourceTree = "<group>"; };
		BB7C3BBD8D640D2D2D12C438 /* Pods_ScriptStarterUITests.framework */ = {isa = PBXFileReference; explicitFileType = wrapper.framework; includeInIndex = 0; path = Pods_ScriptStarterUITests.framework; sourceTree = BUILT_PRODUCTS_DIR; };
		E1E33E9FF2DBD1A43E7BAA94 /* Pods_ScriptStarterTests.framework */ = {isa = PBXFileReference; explicitFileType = wrapper.framework; includeInIndex = 0; path = Pods_ScriptStarterTests.framework; sourceTree = BUILT_PRODUCTS_DIR; };
/* End PBXFileReference section */

/* Begin PBXFrameworksBuildPhase section */
		212DEA6D2012746500FE9C3F /* Frameworks */ = {
			isa = PBXFrameworksBuildPhase;
			buildActionMask = 2147483647;
			files = (
				958EF1E42C0ACAD87C4A70A4 /* Pods_ScriptStarter.framework in Frameworks */,
			);
			runOnlyForDeploymentPostprocessing = 0;
		};
		212DEA812012746600FE9C3F /* Frameworks */ = {
			isa = PBXFrameworksBuildPhase;
			buildActionMask = 2147483647;
			files = (
				64E81E0F77F79B2E174E9206 /* Pods_ScriptStarterTests.framework in Frameworks */,
			);
			runOnlyForDeploymentPostprocessing = 0;
		};
		212DEA8C2012746600FE9C3F /* Frameworks */ = {
			isa = PBXFrameworksBuildPhase;
			buildActionMask = 2147483647;
			files = (
				63AA0BC1A9D0948F916055BB /* Pods_ScriptStarterUITests.framework in Frameworks */,
			);
			runOnlyForDeploymentPostprocessing = 0;
		};
/* End PBXFrameworksBuildPhase section */

/* Begin PBXGroup section */
		21099164201F8DFD00340124 /* CollectionViewCells */ = {
			isa = PBXGroup;
			children = (
				21099165201F8E1600340124 /* AddScreenplayCollectionViewCell.swift */,
				211800D920238A1200F33924 /* ScreenplayCollectionViewCell.swift */,
			);
			path = CollectionViewCells;
			sourceTree = "<group>";
		};
		210C7611202B83BC003EEC16 /* Extensions */ = {
			isa = PBXGroup;
			children = (
				21A7CF572028EC8400D97394 /* Extension+UITableViewCell.swift */,
				21E661C32017F979006A14AF /* Extension+UIColor.swift */,
				21D727F1202CFD2400861C2D /* Extension+ViewController.swift */,
				21F8AA8020322AFC0008B4C1 /* Extension+UITableViewController.swift */,
			);
			path = Extensions;
			sourceTree = "<group>";
		};
		210C7612202B83D3003EEC16 /* Classes */ = {
			isa = PBXGroup;
			children = (
				21E661C520190E3E006A14AF /* UIAlertControllers.swift */,
				21A7CF512028E45300D97394 /* CollapsibleHeaderView.swift */,
				21A7CF59202A622000D97394 /* ExpandableTableViewSection.swift */,
				21D727ED202CE17700861C2D /* ActBeatSectionHeader.swift */,
				218E8463203F841400D0D652 /* SceneHeader.swift */,
				21099167201FD4CF00340124 /* SectionHeaderView.swift */,
				21D727F3202E0D1A00861C2D /* SectionHeaderSubtitle.swift */,
			);
			path = Classes;
			sourceTree = "<group>";
		};
		210C7613202B83FF003EEC16 /* Enums */ = {
			isa = PBXGroup;
			children = (
				21A7CF69202A6D3A00D97394 /* Act.swift */,
				21D727EF202CEB8500861C2D /* ViewController.swift */,
				21D727FE202E41DD00861C2D /* InformationNotes.swift */,
				21D72800202E6A6C00861C2D /* CharacterSection.swift */,
				211215D5203B5DC30039D6E8 /* Role.swift */,
			);
			path = Enums;
			sourceTree = "<group>";
		};
		211215D2203B5CE80039D6E8 /* Popovers */ = {
			isa = PBXGroup;
			children = (
				211215D3203B5D200039D6E8 /* RolePopoverTableViewController.swift */,
			);
			path = Popovers;
			sourceTree = "<group>";
		};
		212DEA672012746500FE9C3F = {
			isa = PBXGroup;
			children = (
				212DEA722012746500FE9C3F /* ScriptStarter */,
				212DEA872012746600FE9C3F /* ScriptStarterTests */,
				212DEA922012746600FE9C3F /* ScriptStarterUITests */,
				212DEA712012746500FE9C3F /* Products */,
				DF87DF4FCD63528481C821C4 /* Pods */,
				378CF65633F81B2638728212 /* Frameworks */,
			);
			sourceTree = "<group>";
		};
		212DEA712012746500FE9C3F /* Products */ = {
			isa = PBXGroup;
			children = (
				212DEA702012746500FE9C3F /* ScriptStarter.app */,
				212DEA842012746600FE9C3F /* ScriptStarterTests.xctest */,
				212DEA8F2012746600FE9C3F /* ScriptStarterUITests.xctest */,
			);
			name = Products;
			sourceTree = "<group>";
		};
		212DEA722012746500FE9C3F /* ScriptStarter */ = {
			isa = PBXGroup;
			children = (
				212DEA732012746500FE9C3F /* AppDelegate.swift */,
				21E661C22017F955006A14AF /* Support Files */,
				21C903D6201652660017D626 /* ModelController */,
				21C903D5201652620017D626 /* Model */,
				21C903D4201652520017D626 /* ViewControllers */,
				213577832012930E00C5EADC /* Storyboards */,
				212DEA7A2012746500FE9C3F /* Assets.xcassets */,
				212DEA7C2012746500FE9C3F /* LaunchScreen.storyboard */,
				212DEA7F2012746600FE9C3F /* Info.plist */,
				21F1EA1220165FE700E0D677 /* GoogleService-Info.plist */,
			);
			path = ScriptStarter;
			sourceTree = "<group>";
		};
		212DEA872012746600FE9C3F /* ScriptStarterTests */ = {
			isa = PBXGroup;
			children = (
				212DEA882012746600FE9C3F /* ScriptStarterTests.swift */,
				212DEA8A2012746600FE9C3F /* Info.plist */,
				21F1EA112016564000E0D677 /* GoogleService-Info.plist */,
			);
			path = ScriptStarterTests;
			sourceTree = "<group>";
		};
		212DEA922012746600FE9C3F /* ScriptStarterUITests */ = {
			isa = PBXGroup;
			children = (
				212DEA932012746600FE9C3F /* ScriptStarterUITests.swift */,
				212DEA952012746600FE9C3F /* Info.plist */,
			);
			path = ScriptStarterUITests;
			sourceTree = "<group>";
		};
		213577832012930E00C5EADC /* Storyboards */ = {
			isa = PBXGroup;
			children = (
				212DEA772012746500FE9C3F /* Main.storyboard */,
				2135777A201292AE00C5EADC /* Outline.storyboard */,
				2135777D201292E100C5EADC /* Character.storyboard */,
				21A84F492016988600CE4149 /* Storyboard.storyboard */,
			);
			path = Storyboards;
			sourceTree = "<group>";
		};
		21A7CF4C2023B4B800D97394 /* TableViewCells */ = {
			isa = PBXGroup;
			children = (
				21A7CF4D2023B4D200D97394 /* CharacterTableViewCell.swift */,
				211215C4203652510039D6E8 /* BasicInfoCharacterTableViewCell.swift */,
				211215D7203B5E680039D6E8 /* RoleTableViewCell.swift */,
				218E845F203E3D9500D0D652 /* NoCharacterTableViewCell.swift */,
			);
			path = TableViewCells;
			sourceTree = "<group>";
		};
		21A84F4D2016A9BA00CE4149 /* Main VCs */ = {
			isa = PBXGroup;
			children = (
				21C903D72016528A0017D626 /* LoginViewController.swift */,
				21E661C720192E66006A14AF /* SignUpViewController.swift */,
				21A84F45201683D500CE4149 /* ScreenplayCollectionViewController.swift */,
				21B8FB83201A93D0000A8721 /* ScreenplayPageViewController.swift */,
				21B8FB81201A922D000A8721 /* SceenplayCoverViewController.swift */,
				21B8FB87201AA656000A8721 /* ScreenplayTabBarController.swift */,
				21099164201F8DFD00340124 /* CollectionViewCells */,
			);
			path = "Main VCs";
			sourceTree = "<group>";
		};
		21A84F4E2016A9DA00CE4149 /* Character VCs */ = {
			isa = PBXGroup;
			children = (
				21A7CF482023B00000D97394 /* CharacterTableViewController.swift */,
				21A7CF4F2025039800D97394 /* CharacterDetailTableViewController.swift */,
				211215D2203B5CE80039D6E8 /* Popovers */,
				21A7CF4C2023B4B800D97394 /* TableViewCells */,
			);
			path = "Character VCs";
			sourceTree = "<group>";
		};
		21A84F4F2016A9E900CE4149 /* Outline VCs */ = {
			isa = PBXGroup;
			children = (
				21E661BE2017C236006A14AF /* OutlineTableViewController.swift */,
				21A7CF532028E60D00D97394 /* ActDetailTableViewController.swift */,
				2128EF2320200B7500AF156E /* EnlargedDescriptionTableViewController.swift */,
				21D727F9202E329E00861C2D /* PopControllers */,
				21A84F512017AC2A00CE4149 /* TableViewCells */,
			);
			path = "Outline VCs";
			sourceTree = "<group>";
		};
		21A84F502016A9F300CE4149 /* Storyboard VCs */ = {
			isa = PBXGroup;
			children = (
			);
			path = "Storyboard VCs";
			sourceTree = "<group>";
		};
		21A84F512017AC2A00CE4149 /* TableViewCells */ = {
			isa = PBXGroup;
			children = (
				21E661BC2017B1F6006A14AF /* DescriptionTableViewCell.swift */,
				21D727FC202E332300861C2D /* InformationPopTableViewCell.swift */,
				2146E3DD203F906B00FBD225 /* SceneTableViewCell.swift */,
			);
			path = TableViewCells;
			sourceTree = "<group>";
		};
		21C903D4201652520017D626 /* ViewControllers */ = {
			isa = PBXGroup;
			children = (
				21A84F4D2016A9BA00CE4149 /* Main VCs */,
				21A84F4F2016A9E900CE4149 /* Outline VCs */,
				21A84F4E2016A9DA00CE4149 /* Character VCs */,
				21A84F502016A9F300CE4149 /* Storyboard VCs */,
			);
			path = ViewControllers;
			sourceTree = "<group>";
		};
		21C903D5201652620017D626 /* Model */ = {
			isa = PBXGroup;
			children = (
				21A84F472016840300CE4149 /* Screenplay.swift */,
				21A7CF4A2023B02D00D97394 /* Character.swift */,
				21A7CF63202A672100D97394 /* Act1.swift */,
				21A7CF65202A67D600D97394 /* Act2.swift */,
				21A7CF67202A683800D97394 /* Act3.swift */,
				218E8461203F379000D0D652 /* Scene.swift */,
			);
			path = Model;
			sourceTree = "<group>";
		};
		21C903D6201652660017D626 /* ModelController */ = {
			isa = PBXGroup;
			children = (
				21E661C02017DBAE006A14AF /* FirebaseController.swift */,
				2151FC5F202260F200CE4823 /* ScreenplayController.swift */,
			);
			path = ModelController;
			sourceTree = "<group>";
		};
		21D727F9202E329E00861C2D /* PopControllers */ = {
			isa = PBXGroup;
			children = (
				21D727FA202E32D500861C2D /* InformationPopTableViewController.swift */,
			);
			path = PopControllers;
			sourceTree = "<group>";
		};
		21E661C22017F955006A14AF /* Support Files */ = {
			isa = PBXGroup;
			children = (
				210C7612202B83D3003EEC16 /* Classes */,
				210C7613202B83FF003EEC16 /* Enums */,
				210C7611202B83BC003EEC16 /* Extensions */,
			);
			path = "Support Files";
			sourceTree = "<group>";
		};
		378CF65633F81B2638728212 /* Frameworks */ = {
			isa = PBXGroup;
			children = (
				530B6E37F1E8D830FD0921A0 /* Pods_ScriptStarter.framework */,
				E1E33E9FF2DBD1A43E7BAA94 /* Pods_ScriptStarterTests.framework */,
				BB7C3BBD8D640D2D2D12C438 /* Pods_ScriptStarterUITests.framework */,
			);
			name = Frameworks;
			sourceTree = "<group>";
		};
		DF87DF4FCD63528481C821C4 /* Pods */ = {
			isa = PBXGroup;
			children = (
				A18AAE33F2BAD99A58524441 /* Pods-ScriptStarter.debug.xcconfig */,
				A5A4BB2443C7B5E7110F73AD /* Pods-ScriptStarter.release.xcconfig */,
				5E44DB3CF692EA0E8845E27F /* Pods-ScriptStarterTests.debug.xcconfig */,
				93F40508EF1FB0087EE57A3B /* Pods-ScriptStarterTests.release.xcconfig */,
				8FD8C16A96615F4E77796A8E /* Pods-ScriptStarterUITests.debug.xcconfig */,
				9770CE8F298012C96267002D /* Pods-ScriptStarterUITests.release.xcconfig */,
			);
			name = Pods;
			sourceTree = "<group>";
		};
/* End PBXGroup section */

/* Begin PBXNativeTarget section */
		212DEA6F2012746500FE9C3F /* ScriptStarter */ = {
			isa = PBXNativeTarget;
			buildConfigurationList = 212DEA982012746600FE9C3F /* Build configuration list for PBXNativeTarget "ScriptStarter" */;
			buildPhases = (
				643144663A8C702BCC75649A /* [CP] Check Pods Manifest.lock */,
				212DEA6C2012746500FE9C3F /* Sources */,
				212DEA6D2012746500FE9C3F /* Frameworks */,
				212DEA6E2012746500FE9C3F /* Resources */,
				33E0EBB8877DD6174E3F05DF /* [CP] Embed Pods Frameworks */,
				F6AD41B2CF5B9E8001F12827 /* [CP] Copy Pods Resources */,
			);
			buildRules = (
			);
			dependencies = (
			);
			name = ScriptStarter;
			productName = ScriptStarter;
			productReference = 212DEA702012746500FE9C3F /* ScriptStarter.app */;
			productType = "com.apple.product-type.application";
		};
		212DEA832012746600FE9C3F /* ScriptStarterTests */ = {
			isa = PBXNativeTarget;
			buildConfigurationList = 212DEA9B2012746600FE9C3F /* Build configuration list for PBXNativeTarget "ScriptStarterTests" */;
			buildPhases = (
				1A7218F4E11E8C52AB5DE0B4 /* [CP] Check Pods Manifest.lock */,
				212DEA802012746600FE9C3F /* Sources */,
				212DEA812012746600FE9C3F /* Frameworks */,
				212DEA822012746600FE9C3F /* Resources */,
				D820715F6FC5A523ED346ABB /* [CP] Embed Pods Frameworks */,
				8471A320C778D2CEBEB11029 /* [CP] Copy Pods Resources */,
			);
			buildRules = (
			);
			dependencies = (
				212DEA862012746600FE9C3F /* PBXTargetDependency */,
			);
			name = ScriptStarterTests;
			productName = ScriptStarterTests;
			productReference = 212DEA842012746600FE9C3F /* ScriptStarterTests.xctest */;
			productType = "com.apple.product-type.bundle.unit-test";
		};
		212DEA8E2012746600FE9C3F /* ScriptStarterUITests */ = {
			isa = PBXNativeTarget;
			buildConfigurationList = 212DEA9E2012746600FE9C3F /* Build configuration list for PBXNativeTarget "ScriptStarterUITests" */;
			buildPhases = (
				AE68D58309E14C206587E1A1 /* [CP] Check Pods Manifest.lock */,
				212DEA8B2012746600FE9C3F /* Sources */,
				212DEA8C2012746600FE9C3F /* Frameworks */,
				212DEA8D2012746600FE9C3F /* Resources */,
				13E93107459447CF9FC384EF /* [CP] Embed Pods Frameworks */,
				E18A575E87CD8B2E78B2EE88 /* [CP] Copy Pods Resources */,
			);
			buildRules = (
			);
			dependencies = (
				212DEA912012746600FE9C3F /* PBXTargetDependency */,
			);
			name = ScriptStarterUITests;
			productName = ScriptStarterUITests;
			productReference = 212DEA8F2012746600FE9C3F /* ScriptStarterUITests.xctest */;
			productType = "com.apple.product-type.bundle.ui-testing";
		};
/* End PBXNativeTarget section */

/* Begin PBXProject section */
		212DEA682012746500FE9C3F /* Project object */ = {
			isa = PBXProject;
			attributes = {
				LastSwiftUpdateCheck = 0920;
				LastUpgradeCheck = 0920;
				ORGANIZATIONNAME = patrickridd;
				TargetAttributes = {
					212DEA6F2012746500FE9C3F = {
						CreatedOnToolsVersion = 9.2;
						ProvisioningStyle = Automatic;
					};
					212DEA832012746600FE9C3F = {
						CreatedOnToolsVersion = 9.2;
						ProvisioningStyle = Automatic;
						TestTargetID = 212DEA6F2012746500FE9C3F;
					};
					212DEA8E2012746600FE9C3F = {
						CreatedOnToolsVersion = 9.2;
						ProvisioningStyle = Automatic;
						TestTargetID = 212DEA6F2012746500FE9C3F;
					};
				};
			};
			buildConfigurationList = 212DEA6B2012746500FE9C3F /* Build configuration list for PBXProject "ScriptStarter" */;
			compatibilityVersion = "Xcode 8.0";
			developmentRegion = en;
			hasScannedForEncodings = 0;
			knownRegions = (
				en,
				Base,
			);
			mainGroup = 212DEA672012746500FE9C3F;
			productRefGroup = 212DEA712012746500FE9C3F /* Products */;
			projectDirPath = "";
			projectRoot = "";
			targets = (
				212DEA6F2012746500FE9C3F /* ScriptStarter */,
				212DEA832012746600FE9C3F /* ScriptStarterTests */,
				212DEA8E2012746600FE9C3F /* ScriptStarterUITests */,
			);
		};
/* End PBXProject section */

/* Begin PBXResourcesBuildPhase section */
		212DEA6E2012746500FE9C3F /* Resources */ = {
			isa = PBXResourcesBuildPhase;
			buildActionMask = 2147483647;
			files = (
				212DEA7E2012746500FE9C3F /* LaunchScreen.storyboard in Resources */,
				2135777F201292E100C5EADC /* Character.storyboard in Resources */,
				2135777C201292AE00C5EADC /* Outline.storyboard in Resources */,
				212DEA7B2012746500FE9C3F /* Assets.xcassets in Resources */,
				212DEA792012746500FE9C3F /* Main.storyboard in Resources */,
				21A84F4A2016988600CE4149 /* Storyboard.storyboard in Resources */,
				21F1EA1320165FE700E0D677 /* GoogleService-Info.plist in Resources */,
			);
			runOnlyForDeploymentPostprocessing = 0;
		};
		212DEA822012746600FE9C3F /* Resources */ = {
			isa = PBXResourcesBuildPhase;
			buildActionMask = 2147483647;
			files = (
			);
			runOnlyForDeploymentPostprocessing = 0;
		};
		212DEA8D2012746600FE9C3F /* Resources */ = {
			isa = PBXResourcesBuildPhase;
			buildActionMask = 2147483647;
			files = (
			);
			runOnlyForDeploymentPostprocessing = 0;
		};
/* End PBXResourcesBuildPhase section */

/* Begin PBXShellScriptBuildPhase section */
		13E93107459447CF9FC384EF /* [CP] Embed Pods Frameworks */ = {
			isa = PBXShellScriptBuildPhase;
			buildActionMask = 2147483647;
			files = (
			);
			inputPaths = (
			);
			name = "[CP] Embed Pods Frameworks";
			outputPaths = (
			);
			runOnlyForDeploymentPostprocessing = 0;
			shellPath = /bin/sh;
			shellScript = "\"${SRCROOT}/Pods/Target Support Files/Pods-ScriptStarterUITests/Pods-ScriptStarterUITests-frameworks.sh\"\n";
			showEnvVarsInLog = 0;
		};
		1A7218F4E11E8C52AB5DE0B4 /* [CP] Check Pods Manifest.lock */ = {
			isa = PBXShellScriptBuildPhase;
			buildActionMask = 2147483647;
			files = (
			);
			inputPaths = (
				"${PODS_PODFILE_DIR_PATH}/Podfile.lock",
				"${PODS_ROOT}/Manifest.lock",
			);
			name = "[CP] Check Pods Manifest.lock";
			outputPaths = (
				"$(DERIVED_FILE_DIR)/Pods-ScriptStarterTests-checkManifestLockResult.txt",
			);
			runOnlyForDeploymentPostprocessing = 0;
			shellPath = /bin/sh;
			shellScript = "diff \"${PODS_PODFILE_DIR_PATH}/Podfile.lock\" \"${PODS_ROOT}/Manifest.lock\" > /dev/null\nif [ $? != 0 ] ; then\n    # print error to STDERR\n    echo \"error: The sandbox is not in sync with the Podfile.lock. Run 'pod install' or update your CocoaPods installation.\" >&2\n    exit 1\nfi\n# This output is used by Xcode 'outputs' to avoid re-running this script phase.\necho \"SUCCESS\" > \"${SCRIPT_OUTPUT_FILE_0}\"\n";
			showEnvVarsInLog = 0;
		};
		33E0EBB8877DD6174E3F05DF /* [CP] Embed Pods Frameworks */ = {
			isa = PBXShellScriptBuildPhase;
			buildActionMask = 2147483647;
			files = (
			);
			inputPaths = (
				"${SRCROOT}/Pods/Target Support Files/Pods-ScriptStarter/Pods-ScriptStarter-frameworks.sh",
				"${BUILT_PRODUCTS_DIR}/Bolts/Bolts.framework",
				"${BUILT_PRODUCTS_DIR}/FBSDKCoreKit/FBSDKCoreKit.framework",
				"${BUILT_PRODUCTS_DIR}/FBSDKLoginKit/FBSDKLoginKit.framework",
				"${BUILT_PRODUCTS_DIR}/FacebookCore/FacebookCore.framework",
				"${BUILT_PRODUCTS_DIR}/FacebookLogin/FacebookLogin.framework",
				"${BUILT_PRODUCTS_DIR}/GTMOAuth2/GTMOAuth2.framework",
				"${BUILT_PRODUCTS_DIR}/GTMSessionFetcher/GTMSessionFetcher.framework",
				"${BUILT_PRODUCTS_DIR}/GoogleToolboxForMac/GoogleToolboxForMac.framework",
				"${BUILT_PRODUCTS_DIR}/Hero/Hero.framework",
				"${BUILT_PRODUCTS_DIR}/KMPlaceholderTextView/KMPlaceholderTextView.framework",
				"${BUILT_PRODUCTS_DIR}/MBProgressHUD/MBProgressHUD.framework",
				"${BUILT_PRODUCTS_DIR}/leveldb-library/leveldb.framework",
				"${BUILT_PRODUCTS_DIR}/nanopb/nanopb.framework",
			);
			name = "[CP] Embed Pods Frameworks";
			outputPaths = (
				"${TARGET_BUILD_DIR}/${FRAMEWORKS_FOLDER_PATH}/Bolts.framework",
				"${TARGET_BUILD_DIR}/${FRAMEWORKS_FOLDER_PATH}/FBSDKCoreKit.framework",
				"${TARGET_BUILD_DIR}/${FRAMEWORKS_FOLDER_PATH}/FBSDKLoginKit.framework",
				"${TARGET_BUILD_DIR}/${FRAMEWORKS_FOLDER_PATH}/FacebookCore.framework",
				"${TARGET_BUILD_DIR}/${FRAMEWORKS_FOLDER_PATH}/FacebookLogin.framework",
				"${TARGET_BUILD_DIR}/${FRAMEWORKS_FOLDER_PATH}/GTMOAuth2.framework",
				"${TARGET_BUILD_DIR}/${FRAMEWORKS_FOLDER_PATH}/GTMSessionFetcher.framework",
				"${TARGET_BUILD_DIR}/${FRAMEWORKS_FOLDER_PATH}/GoogleToolboxForMac.framework",
				"${TARGET_BUILD_DIR}/${FRAMEWORKS_FOLDER_PATH}/Hero.framework",
				"${TARGET_BUILD_DIR}/${FRAMEWORKS_FOLDER_PATH}/KMPlaceholderTextView.framework",
				"${TARGET_BUILD_DIR}/${FRAMEWORKS_FOLDER_PATH}/MBProgressHUD.framework",
				"${TARGET_BUILD_DIR}/${FRAMEWORKS_FOLDER_PATH}/leveldb.framework",
				"${TARGET_BUILD_DIR}/${FRAMEWORKS_FOLDER_PATH}/nanopb.framework",
			);
			runOnlyForDeploymentPostprocessing = 0;
			shellPath = /bin/sh;
			shellScript = "\"${SRCROOT}/Pods/Target Support Files/Pods-ScriptStarter/Pods-ScriptStarter-frameworks.sh\"\n";
			showEnvVarsInLog = 0;
		};
		643144663A8C702BCC75649A /* [CP] Check Pods Manifest.lock */ = {
			isa = PBXShellScriptBuildPhase;
			buildActionMask = 2147483647;
			files = (
			);
			inputPaths = (
				"${PODS_PODFILE_DIR_PATH}/Podfile.lock",
				"${PODS_ROOT}/Manifest.lock",
			);
			name = "[CP] Check Pods Manifest.lock";
			outputPaths = (
				"$(DERIVED_FILE_DIR)/Pods-ScriptStarter-checkManifestLockResult.txt",
			);
			runOnlyForDeploymentPostprocessing = 0;
			shellPath = /bin/sh;
			shellScript = "diff \"${PODS_PODFILE_DIR_PATH}/Podfile.lock\" \"${PODS_ROOT}/Manifest.lock\" > /dev/null\nif [ $? != 0 ] ; then\n    # print error to STDERR\n    echo \"error: The sandbox is not in sync with the Podfile.lock. Run 'pod install' or update your CocoaPods installation.\" >&2\n    exit 1\nfi\n# This output is used by Xcode 'outputs' to avoid re-running this script phase.\necho \"SUCCESS\" > \"${SCRIPT_OUTPUT_FILE_0}\"\n";
			showEnvVarsInLog = 0;
		};
		8471A320C778D2CEBEB11029 /* [CP] Copy Pods Resources */ = {
			isa = PBXShellScriptBuildPhase;
			buildActionMask = 2147483647;
			files = (
			);
			inputPaths = (
			);
			name = "[CP] Copy Pods Resources";
			outputPaths = (
			);
			runOnlyForDeploymentPostprocessing = 0;
			shellPath = /bin/sh;
			shellScript = "\"${SRCROOT}/Pods/Target Support Files/Pods-ScriptStarterTests/Pods-ScriptStarterTests-resources.sh\"\n";
			showEnvVarsInLog = 0;
		};
		AE68D58309E14C206587E1A1 /* [CP] Check Pods Manifest.lock */ = {
			isa = PBXShellScriptBuildPhase;
			buildActionMask = 2147483647;
			files = (
			);
			inputPaths = (
				"${PODS_PODFILE_DIR_PATH}/Podfile.lock",
				"${PODS_ROOT}/Manifest.lock",
			);
			name = "[CP] Check Pods Manifest.lock";
			outputPaths = (
				"$(DERIVED_FILE_DIR)/Pods-ScriptStarterUITests-checkManifestLockResult.txt",
			);
			runOnlyForDeploymentPostprocessing = 0;
			shellPath = /bin/sh;
			shellScript = "diff \"${PODS_PODFILE_DIR_PATH}/Podfile.lock\" \"${PODS_ROOT}/Manifest.lock\" > /dev/null\nif [ $? != 0 ] ; then\n    # print error to STDERR\n    echo \"error: The sandbox is not in sync with the Podfile.lock. Run 'pod install' or update your CocoaPods installation.\" >&2\n    exit 1\nfi\n# This output is used by Xcode 'outputs' to avoid re-running this script phase.\necho \"SUCCESS\" > \"${SCRIPT_OUTPUT_FILE_0}\"\n";
			showEnvVarsInLog = 0;
		};
		D820715F6FC5A523ED346ABB /* [CP] Embed Pods Frameworks */ = {
			isa = PBXShellScriptBuildPhase;
			buildActionMask = 2147483647;
			files = (
			);
			inputPaths = (
			);
			name = "[CP] Embed Pods Frameworks";
			outputPaths = (
			);
			runOnlyForDeploymentPostprocessing = 0;
			shellPath = /bin/sh;
			shellScript = "\"${SRCROOT}/Pods/Target Support Files/Pods-ScriptStarterTests/Pods-ScriptStarterTests-frameworks.sh\"\n";
			showEnvVarsInLog = 0;
		};
		E18A575E87CD8B2E78B2EE88 /* [CP] Copy Pods Resources */ = {
			isa = PBXShellScriptBuildPhase;
			buildActionMask = 2147483647;
			files = (
			);
			inputPaths = (
			);
			name = "[CP] Copy Pods Resources";
			outputPaths = (
			);
			runOnlyForDeploymentPostprocessing = 0;
			shellPath = /bin/sh;
			shellScript = "\"${SRCROOT}/Pods/Target Support Files/Pods-ScriptStarterUITests/Pods-ScriptStarterUITests-resources.sh\"\n";
			showEnvVarsInLog = 0;
		};
		F6AD41B2CF5B9E8001F12827 /* [CP] Copy Pods Resources */ = {
			isa = PBXShellScriptBuildPhase;
			buildActionMask = 2147483647;
			files = (
			);
			inputPaths = (
				"${SRCROOT}/Pods/Target Support Files/Pods-ScriptStarter/Pods-ScriptStarter-resources.sh",
				"${PODS_ROOT}/GoogleSignIn/Resources/GoogleSignIn.bundle",
			);
			name = "[CP] Copy Pods Resources";
			outputPaths = (
				"${TARGET_BUILD_DIR}/${UNLOCALIZED_RESOURCES_FOLDER_PATH}",
			);
			runOnlyForDeploymentPostprocessing = 0;
			shellPath = /bin/sh;
			shellScript = "\"${SRCROOT}/Pods/Target Support Files/Pods-ScriptStarter/Pods-ScriptStarter-resources.sh\"\n";
			showEnvVarsInLog = 0;
		};
/* End PBXShellScriptBuildPhase section */

/* Begin PBXSourcesBuildPhase section */
		212DEA6C2012746500FE9C3F /* Sources */ = {
			isa = PBXSourcesBuildPhase;
			buildActionMask = 2147483647;
			files = (
				211215D4203B5D200039D6E8 /* RolePopoverTableViewController.swift in Sources */,
				21A7CF5A202A622000D97394 /* ExpandableTableViewSection.swift in Sources */,
				21D72801202E6A6C00861C2D /* CharacterSection.swift in Sources */,
				21C903D82016528A0017D626 /* LoginViewController.swift in Sources */,
				21E661C12017DBAE006A14AF /* FirebaseController.swift in Sources */,
				2151FC60202260F200CE4823 /* ScreenplayController.swift in Sources */,
				21D727F2202CFD2400861C2D /* Extension+ViewController.swift in Sources */,
				211215D8203B5E680039D6E8 /* RoleTableViewCell.swift in Sources */,
				21D727EE202CE17700861C2D /* ActBeatSectionHeader.swift in Sources */,
				21A7CF542028E60D00D97394 /* ActDetailTableViewController.swift in Sources */,
				21099166201F8E1600340124 /* AddScreenplayCollectionViewCell.swift in Sources */,
				2146E3DE203F906B00FBD225 /* SceneTableViewCell.swift in Sources */,
				21A7CF502025039800D97394 /* CharacterDetailTableViewController.swift in Sources */,
				21A84F482016840300CE4149 /* Screenplay.swift in Sources */,
				21A7CF582028EC8400D97394 /* Extension+UITableViewCell.swift in Sources */,
				21A7CF492023B00000D97394 /* CharacterTableViewController.swift in Sources */,
				21D727FD202E332300861C2D /* InformationPopTableViewCell.swift in Sources */,
				2128EF2420200B7500AF156E /* EnlargedDescriptionTableViewController.swift in Sources */,
				218E8462203F379000D0D652 /* Scene.swift in Sources */,
				21A7CF4B2023B02D00D97394 /* Character.swift in Sources */,
				218E8460203E3D9500D0D652 /* NoCharacterTableViewCell.swift in Sources */,
				21A7CF4E2023B4D200D97394 /* CharacterTableViewCell.swift in Sources */,
				21D727F0202CEB8500861C2D /* ViewController.swift in Sources */,
				211215C5203652520039D6E8 /* BasicInfoCharacterTableViewCell.swift in Sources */,
				21A7CF68202A683800D97394 /* Act3.swift in Sources */,
				21F8AA8120322AFC0008B4C1 /* Extension+UITableViewController.swift in Sources */,
				21A7CF64202A672100D97394 /* Act1.swift in Sources */,
				21E661BF2017C236006A14AF /* OutlineTableViewController.swift in Sources */,
				21A7CF66202A67D600D97394 /* Act2.swift in Sources */,
				21D727F4202E0D1A00861C2D /* SectionHeaderSubtitle.swift in Sources */,
				21E661C820192E66006A14AF /* SignUpViewController.swift in Sources */,
				21D727FB202E32D500861C2D /* InformationPopTableViewController.swift in Sources */,
				21A7CF6A202A6D3A00D97394 /* Act.swift in Sources */,
				211215D6203B5DC30039D6E8 /* Role.swift in Sources */,
				211800DA20238A1200F33924 /* ScreenplayCollectionViewCell.swift in Sources */,
				212DEA742012746500FE9C3F /* AppDelegate.swift in Sources */,
				218E8464203F841400D0D652 /* SceneHeader.swift in Sources */,
				21099168201FD4CF00340124 /* SectionHeaderView.swift in Sources */,
				21E661BD2017B1F6006A14AF /* DescriptionTableViewCell.swift in Sources */,
				21B8FB88201AA656000A8721 /* ScreenplayTabBarController.swift in Sources */,
				21B8FB84201A93D0000A8721 /* ScreenplayPageViewController.swift in Sources */,
				21A84F46201683D500CE4149 /* ScreenplayCollectionViewController.swift in Sources */,
				21E661C620190E3E006A14AF /* UIAlertControllers.swift in Sources */,
				21E661C42017F979006A14AF /* Extension+UIColor.swift in Sources */,
				21A7CF522028E45300D97394 /* CollapsibleHeaderView.swift in Sources */,
				21D727FF202E41DD00861C2D /* InformationNotes.swift in Sources */,
				21B8FB82201A922D000A8721 /* SceenplayCoverViewController.swift in Sources */,
			);
			runOnlyForDeploymentPostprocessing = 0;
		};
		212DEA802012746600FE9C3F /* Sources */ = {
			isa = PBXSourcesBuildPhase;
			buildActionMask = 2147483647;
			files = (
				212DEA892012746600FE9C3F /* ScriptStarterTests.swift in Sources */,
			);
			runOnlyForDeploymentPostprocessing = 0;
		};
		212DEA8B2012746600FE9C3F /* Sources */ = {
			isa = PBXSourcesBuildPhase;
			buildActionMask = 2147483647;
			files = (
				212DEA942012746600FE9C3F /* ScriptStarterUITests.swift in Sources */,
			);
			runOnlyForDeploymentPostprocessing = 0;
		};
/* End PBXSourcesBuildPhase section */

/* Begin PBXTargetDependency section */
		212DEA862012746600FE9C3F /* PBXTargetDependency */ = {
			isa = PBXTargetDependency;
			target = 212DEA6F2012746500FE9C3F /* ScriptStarter */;
			targetProxy = 212DEA852012746600FE9C3F /* PBXContainerItemProxy */;
		};
		212DEA912012746600FE9C3F /* PBXTargetDependency */ = {
			isa = PBXTargetDependency;
			target = 212DEA6F2012746500FE9C3F /* ScriptStarter */;
			targetProxy = 212DEA902012746600FE9C3F /* PBXContainerItemProxy */;
		};
/* End PBXTargetDependency section */

/* Begin PBXVariantGroup section */
		212DEA772012746500FE9C3F /* Main.storyboard */ = {
			isa = PBXVariantGroup;
			children = (
				212DEA782012746500FE9C3F /* Base */,
			);
			name = Main.storyboard;
			sourceTree = "<group>";
		};
		212DEA7C2012746500FE9C3F /* LaunchScreen.storyboard */ = {
			isa = PBXVariantGroup;
			children = (
				212DEA7D2012746500FE9C3F /* Base */,
			);
			name = LaunchScreen.storyboard;
			sourceTree = "<group>";
		};
		2135777A201292AE00C5EADC /* Outline.storyboard */ = {
			isa = PBXVariantGroup;
			children = (
				2135777B201292AE00C5EADC /* Base */,
			);
			name = Outline.storyboard;
			sourceTree = "<group>";
		};
		2135777D201292E100C5EADC /* Character.storyboard */ = {
			isa = PBXVariantGroup;
			children = (
				2135777E201292E100C5EADC /* Base */,
			);
			name = Character.storyboard;
			sourceTree = "<group>";
		};
/* End PBXVariantGroup section */

/* Begin XCBuildConfiguration section */
		212DEA962012746600FE9C3F /* Debug */ = {
			isa = XCBuildConfiguration;
			buildSettings = {
				ALWAYS_SEARCH_USER_PATHS = NO;
				CLANG_ANALYZER_NONNULL = YES;
				CLANG_ANALYZER_NUMBER_OBJECT_CONVERSION = YES_AGGRESSIVE;
				CLANG_CXX_LANGUAGE_STANDARD = "gnu++14";
				CLANG_CXX_LIBRARY = "libc++";
				CLANG_ENABLE_MODULES = YES;
				CLANG_ENABLE_OBJC_ARC = YES;
				CLANG_WARN_BLOCK_CAPTURE_AUTORELEASING = YES;
				CLANG_WARN_BOOL_CONVERSION = YES;
				CLANG_WARN_COMMA = YES;
				CLANG_WARN_CONSTANT_CONVERSION = YES;
				CLANG_WARN_DIRECT_OBJC_ISA_USAGE = YES_ERROR;
				CLANG_WARN_DOCUMENTATION_COMMENTS = YES;
				CLANG_WARN_EMPTY_BODY = YES;
				CLANG_WARN_ENUM_CONVERSION = YES;
				CLANG_WARN_INFINITE_RECURSION = YES;
				CLANG_WARN_INT_CONVERSION = YES;
				CLANG_WARN_NON_LITERAL_NULL_CONVERSION = YES;
				CLANG_WARN_OBJC_LITERAL_CONVERSION = YES;
				CLANG_WARN_OBJC_ROOT_CLASS = YES_ERROR;
				CLANG_WARN_RANGE_LOOP_ANALYSIS = YES;
				CLANG_WARN_STRICT_PROTOTYPES = YES;
				CLANG_WARN_SUSPICIOUS_MOVE = YES;
				CLANG_WARN_UNGUARDED_AVAILABILITY = YES_AGGRESSIVE;
				CLANG_WARN_UNREACHABLE_CODE = YES;
				CLANG_WARN__DUPLICATE_METHOD_MATCH = YES;
				CODE_SIGN_IDENTITY = "iPhone Developer";
				COPY_PHASE_STRIP = NO;
				DEBUG_INFORMATION_FORMAT = dwarf;
				ENABLE_STRICT_OBJC_MSGSEND = YES;
				ENABLE_TESTABILITY = YES;
				GCC_C_LANGUAGE_STANDARD = gnu11;
				GCC_DYNAMIC_NO_PIC = NO;
				GCC_NO_COMMON_BLOCKS = YES;
				GCC_OPTIMIZATION_LEVEL = 0;
				GCC_PREPROCESSOR_DEFINITIONS = (
					"DEBUG=1",
					"$(inherited)",
				);
				GCC_WARN_64_TO_32_BIT_CONVERSION = YES;
				GCC_WARN_ABOUT_RETURN_TYPE = YES_ERROR;
				GCC_WARN_UNDECLARED_SELECTOR = YES;
				GCC_WARN_UNINITIALIZED_AUTOS = YES_AGGRESSIVE;
				GCC_WARN_UNUSED_FUNCTION = YES;
				GCC_WARN_UNUSED_VARIABLE = YES;
				IPHONEOS_DEPLOYMENT_TARGET = 11.2;
				MTL_ENABLE_DEBUG_INFO = YES;
				ONLY_ACTIVE_ARCH = YES;
				SDKROOT = iphoneos;
				SWIFT_ACTIVE_COMPILATION_CONDITIONS = DEBUG;
				SWIFT_OPTIMIZATION_LEVEL = "-Onone";
			};
			name = Debug;
		};
		212DEA972012746600FE9C3F /* Release */ = {
			isa = XCBuildConfiguration;
			buildSettings = {
				ALWAYS_SEARCH_USER_PATHS = NO;
				CLANG_ANALYZER_NONNULL = YES;
				CLANG_ANALYZER_NUMBER_OBJECT_CONVERSION = YES_AGGRESSIVE;
				CLANG_CXX_LANGUAGE_STANDARD = "gnu++14";
				CLANG_CXX_LIBRARY = "libc++";
				CLANG_ENABLE_MODULES = YES;
				CLANG_ENABLE_OBJC_ARC = YES;
				CLANG_WARN_BLOCK_CAPTURE_AUTORELEASING = YES;
				CLANG_WARN_BOOL_CONVERSION = YES;
				CLANG_WARN_COMMA = YES;
				CLANG_WARN_CONSTANT_CONVERSION = YES;
				CLANG_WARN_DIRECT_OBJC_ISA_USAGE = YES_ERROR;
				CLANG_WARN_DOCUMENTATION_COMMENTS = YES;
				CLANG_WARN_EMPTY_BODY = YES;
				CLANG_WARN_ENUM_CONVERSION = YES;
				CLANG_WARN_INFINITE_RECURSION = YES;
				CLANG_WARN_INT_CONVERSION = YES;
				CLANG_WARN_NON_LITERAL_NULL_CONVERSION = YES;
				CLANG_WARN_OBJC_LITERAL_CONVERSION = YES;
				CLANG_WARN_OBJC_ROOT_CLASS = YES_ERROR;
				CLANG_WARN_RANGE_LOOP_ANALYSIS = YES;
				CLANG_WARN_STRICT_PROTOTYPES = YES;
				CLANG_WARN_SUSPICIOUS_MOVE = YES;
				CLANG_WARN_UNGUARDED_AVAILABILITY = YES_AGGRESSIVE;
				CLANG_WARN_UNREACHABLE_CODE = YES;
				CLANG_WARN__DUPLICATE_METHOD_MATCH = YES;
				CODE_SIGN_IDENTITY = "iPhone Developer";
				COPY_PHASE_STRIP = NO;
				DEBUG_INFORMATION_FORMAT = "dwarf-with-dsym";
				ENABLE_NS_ASSERTIONS = NO;
				ENABLE_STRICT_OBJC_MSGSEND = YES;
				GCC_C_LANGUAGE_STANDARD = gnu11;
				GCC_NO_COMMON_BLOCKS = YES;
				GCC_WARN_64_TO_32_BIT_CONVERSION = YES;
				GCC_WARN_ABOUT_RETURN_TYPE = YES_ERROR;
				GCC_WARN_UNDECLARED_SELECTOR = YES;
				GCC_WARN_UNINITIALIZED_AUTOS = YES_AGGRESSIVE;
				GCC_WARN_UNUSED_FUNCTION = YES;
				GCC_WARN_UNUSED_VARIABLE = YES;
				IPHONEOS_DEPLOYMENT_TARGET = 11.2;
				MTL_ENABLE_DEBUG_INFO = NO;
				SDKROOT = iphoneos;
				SWIFT_OPTIMIZATION_LEVEL = "-Owholemodule";
				VALIDATE_PRODUCT = YES;
			};
			name = Release;
		};
		212DEA992012746600FE9C3F /* Debug */ = {
			isa = XCBuildConfiguration;
			baseConfigurationReference = A18AAE33F2BAD99A58524441 /* Pods-ScriptStarter.debug.xcconfig */;
			buildSettings = {
				ASSETCATALOG_COMPILER_APPICON_NAME = AppIcon;
				CODE_SIGN_STYLE = Automatic;
				DEVELOPMENT_TEAM = CVQEUYD92N;
				INFOPLIST_FILE = ScriptStarter/Info.plist;
				LD_RUNPATH_SEARCH_PATHS = "$(inherited) @executable_path/Frameworks";
				PRODUCT_BUNDLE_IDENTIFIER = com.patrickridd.ScriptStarter;
				PRODUCT_NAME = "$(TARGET_NAME)";
				SWIFT_VERSION = 4.0;
				TARGETED_DEVICE_FAMILY = "1,2";
			};
			name = Debug;
		};
		212DEA9A2012746600FE9C3F /* Release */ = {
			isa = XCBuildConfiguration;
			baseConfigurationReference = A5A4BB2443C7B5E7110F73AD /* Pods-ScriptStarter.release.xcconfig */;
			buildSettings = {
				ASSETCATALOG_COMPILER_APPICON_NAME = AppIcon;
				CODE_SIGN_STYLE = Automatic;
				DEVELOPMENT_TEAM = CVQEUYD92N;
				INFOPLIST_FILE = ScriptStarter/Info.plist;
				LD_RUNPATH_SEARCH_PATHS = "$(inherited) @executable_path/Frameworks";
				PRODUCT_BUNDLE_IDENTIFIER = com.patrickridd.ScriptStarter;
				PRODUCT_NAME = "$(TARGET_NAME)";
				SWIFT_VERSION = 4.0;
				TARGETED_DEVICE_FAMILY = "1,2";
			};
			name = Release;
		};
		212DEA9C2012746600FE9C3F /* Debug */ = {
			isa = XCBuildConfiguration;
			baseConfigurationReference = 5E44DB3CF692EA0E8845E27F /* Pods-ScriptStarterTests.debug.xcconfig */;
			buildSettings = {
				ALWAYS_EMBED_SWIFT_STANDARD_LIBRARIES = YES;
				BUNDLE_LOADER = "$(TEST_HOST)";
				CODE_SIGN_STYLE = Automatic;
				DEVELOPMENT_TEAM = CVQEUYD92N;
				INFOPLIST_FILE = ScriptStarterTests/Info.plist;
				LD_RUNPATH_SEARCH_PATHS = "$(inherited) @executable_path/Frameworks @loader_path/Frameworks";
				PRODUCT_BUNDLE_IDENTIFIER = com.SoftwareTechnologyGroup.ScriptStarterTests;
				PRODUCT_NAME = "$(TARGET_NAME)";
				SWIFT_VERSION = 4.0;
				TARGETED_DEVICE_FAMILY = "1,2";
				TEST_HOST = "$(BUILT_PRODUCTS_DIR)/ScriptStarter.app/ScriptStarter";
			};
			name = Debug;
		};
		212DEA9D2012746600FE9C3F /* Release */ = {
			isa = XCBuildConfiguration;
			baseConfigurationReference = 93F40508EF1FB0087EE57A3B /* Pods-ScriptStarterTests.release.xcconfig */;
			buildSettings = {
				ALWAYS_EMBED_SWIFT_STANDARD_LIBRARIES = YES;
				BUNDLE_LOADER = "$(TEST_HOST)";
				CODE_SIGN_STYLE = Automatic;
				DEVELOPMENT_TEAM = CVQEUYD92N;
				INFOPLIST_FILE = ScriptStarterTests/Info.plist;
				LD_RUNPATH_SEARCH_PATHS = "$(inherited) @executable_path/Frameworks @loader_path/Frameworks";
				PRODUCT_BUNDLE_IDENTIFIER = com.SoftwareTechnologyGroup.ScriptStarterTests;
				PRODUCT_NAME = "$(TARGET_NAME)";
				SWIFT_VERSION = 4.0;
				TARGETED_DEVICE_FAMILY = "1,2";
				TEST_HOST = "$(BUILT_PRODUCTS_DIR)/ScriptStarter.app/ScriptStarter";
			};
			name = Release;
		};
		212DEA9F2012746600FE9C3F /* Debug */ = {
			isa = XCBuildConfiguration;
			baseConfigurationReference = 8FD8C16A96615F4E77796A8E /* Pods-ScriptStarterUITests.debug.xcconfig */;
			buildSettings = {
				ALWAYS_EMBED_SWIFT_STANDARD_LIBRARIES = YES;
				CODE_SIGN_STYLE = Automatic;
				DEVELOPMENT_TEAM = CVQEUYD92N;
				INFOPLIST_FILE = ScriptStarterUITests/Info.plist;
				LD_RUNPATH_SEARCH_PATHS = "$(inherited) @executable_path/Frameworks @loader_path/Frameworks";
				PRODUCT_BUNDLE_IDENTIFIER = com.SoftwareTechnologyGroup.ScriptStarterUITests;
				PRODUCT_NAME = "$(TARGET_NAME)";
				SWIFT_VERSION = 4.0;
				TARGETED_DEVICE_FAMILY = "1,2";
				TEST_TARGET_NAME = ScriptStarter;
			};
			name = Debug;
		};
		212DEAA02012746600FE9C3F /* Release */ = {
			isa = XCBuildConfiguration;
			baseConfigurationReference = 9770CE8F298012C96267002D /* Pods-ScriptStarterUITests.release.xcconfig */;
			buildSettings = {
				ALWAYS_EMBED_SWIFT_STANDARD_LIBRARIES = YES;
				CODE_SIGN_STYLE = Automatic;
				DEVELOPMENT_TEAM = CVQEUYD92N;
				INFOPLIST_FILE = ScriptStarterUITests/Info.plist;
				LD_RUNPATH_SEARCH_PATHS = "$(inherited) @executable_path/Frameworks @loader_path/Frameworks";
				PRODUCT_BUNDLE_IDENTIFIER = com.SoftwareTechnologyGroup.ScriptStarterUITests;
				PRODUCT_NAME = "$(TARGET_NAME)";
				SWIFT_VERSION = 4.0;
				TARGETED_DEVICE_FAMILY = "1,2";
				TEST_TARGET_NAME = ScriptStarter;
			};
			name = Release;
		};
/* End XCBuildConfiguration section */

/* Begin XCConfigurationList section */
		212DEA6B2012746500FE9C3F /* Build configuration list for PBXProject "ScriptStarter" */ = {
			isa = XCConfigurationList;
			buildConfigurations = (
				212DEA962012746600FE9C3F /* Debug */,
				212DEA972012746600FE9C3F /* Release */,
			);
			defaultConfigurationIsVisible = 0;
			defaultConfigurationName = Release;
		};
		212DEA982012746600FE9C3F /* Build configuration list for PBXNativeTarget "ScriptStarter" */ = {
			isa = XCConfigurationList;
			buildConfigurations = (
				212DEA992012746600FE9C3F /* Debug */,
				212DEA9A2012746600FE9C3F /* Release */,
			);
			defaultConfigurationIsVisible = 0;
			defaultConfigurationName = Release;
		};
		212DEA9B2012746600FE9C3F /* Build configuration list for PBXNativeTarget "ScriptStarterTests" */ = {
			isa = XCConfigurationList;
			buildConfigurations = (
				212DEA9C2012746600FE9C3F /* Debug */,
				212DEA9D2012746600FE9C3F /* Release */,
			);
			defaultConfigurationIsVisible = 0;
			defaultConfigurationName = Release;
		};
		212DEA9E2012746600FE9C3F /* Build configuration list for PBXNativeTarget "ScriptStarterUITests" */ = {
			isa = XCConfigurationList;
			buildConfigurations = (
				212DEA9F2012746600FE9C3F /* Debug */,
				212DEAA02012746600FE9C3F /* Release */,
			);
			defaultConfigurationIsVisible = 0;
			defaultConfigurationName = Release;
		};
/* End XCConfigurationList section */
	};
	rootObject = 212DEA682012746500FE9C3F /* Project object */;
}
