// !$*UTF8*$!
{
	archiveVersion = 1;
	classes = {
	};
	objectVersion = 48;
	objects = {

/* Begin PBXBuildFile section */
		2101F34E20619442003A90A4 /* Cork_closeup.jpg in Resources */ = {isa = PBXBuildFile; fileRef = 2101F34D20619442003A90A4 /* Cork_closeup.jpg */; };
		2101F3532061E944003A90A4 /* CharacterTableViewSection.swift in Sources */ = {isa = PBXBuildFile; fileRef = 2101F3522061E944003A90A4 /* CharacterTableViewSection.swift */; };
		2104ADD5205C60080086CC9F /* SceneActNumberPopTableViewController.swift in Sources */ = {isa = PBXBuildFile; fileRef = 2104ADD4205C60080086CC9F /* SceneActNumberPopTableViewController.swift */; };
		2104ADD7205C60CB0086CC9F /* ActNumberPopTableViewCell.swift in Sources */ = {isa = PBXBuildFile; fileRef = 2104ADD6205C60CB0086CC9F /* ActNumberPopTableViewCell.swift */; };
		2104ADD9205C7F270086CC9F /* SceneController.swift in Sources */ = {isa = PBXBuildFile; fileRef = 2104ADD8205C7F270086CC9F /* SceneController.swift */; };
		2106EF2F24C0CB1D009DEB47 /* AmazonAdService.swift in Sources */ = {isa = PBXBuildFile; fileRef = 2106EF2E24C0CB1D009DEB47 /* AmazonAdService.swift */; };
		21075ACA256611080049D09B /* FacebookAdService.swift in Sources */ = {isa = PBXBuildFile; fileRef = 21075AC9256611080049D09B /* FacebookAdService.swift */; };
		21099166201F8E1600340124 /* AddScreenplayCollectionViewCell.swift in Sources */ = {isa = PBXBuildFile; fileRef = 21099165201F8E1600340124 /* AddScreenplayCollectionViewCell.swift */; };
		21099168201FD4CF00340124 /* SectionHeaderView.swift in Sources */ = {isa = PBXBuildFile; fileRef = 21099167201FD4CF00340124 /* SectionHeaderView.swift */; };
		210C07DC22C81B2200F66D7B /* SaveButton.swift in Sources */ = {isa = PBXBuildFile; fileRef = 210C07DB22C81B2200F66D7B /* SaveButton.swift */; };
		211215C5203652520039D6E8 /* BasicInfoCharacterTableViewCell.swift in Sources */ = {isa = PBXBuildFile; fileRef = 211215C4203652510039D6E8 /* BasicInfoCharacterTableViewCell.swift */; };
		211215D4203B5D200039D6E8 /* RolePopoverTableViewController.swift in Sources */ = {isa = PBXBuildFile; fileRef = 211215D3203B5D200039D6E8 /* RolePopoverTableViewController.swift */; };
		211215D6203B5DC30039D6E8 /* Role.swift in Sources */ = {isa = PBXBuildFile; fileRef = 211215D5203B5DC30039D6E8 /* Role.swift */; };
		211215D8203B5E680039D6E8 /* RoleTableViewCell.swift in Sources */ = {isa = PBXBuildFile; fileRef = 211215D7203B5E680039D6E8 /* RoleTableViewCell.swift */; };
		211800DA20238A1200F33924 /* ScreenplayCollectionViewCell.swift in Sources */ = {isa = PBXBuildFile; fileRef = 211800D920238A1200F33924 /* ScreenplayCollectionViewCell.swift */; };
		2128EF2420200B7500AF156E /* EnlargedDescriptionTableViewController.swift in Sources */ = {isa = PBXBuildFile; fileRef = 2128EF2320200B7500AF156E /* EnlargedDescriptionTableViewController.swift */; };
		212DEA742012746500FE9C3F /* AppDelegate.swift in Sources */ = {isa = PBXBuildFile; fileRef = 212DEA732012746500FE9C3F /* AppDelegate.swift */; };
		212DEA792012746500FE9C3F /* Main.storyboard in Resources */ = {isa = PBXBuildFile; fileRef = 212DEA772012746500FE9C3F /* Main.storyboard */; };
		212DEA7B2012746500FE9C3F /* Assets.xcassets in Resources */ = {isa = PBXBuildFile; fileRef = 212DEA7A2012746500FE9C3F /* Assets.xcassets */; };
		212DEA7E2012746500FE9C3F /* LaunchScreen.storyboard in Resources */ = {isa = PBXBuildFile; fileRef = 212DEA7C2012746500FE9C3F /* LaunchScreen.storyboard */; };
		2135777C201292AE00C5EADC /* Outline.storyboard in Resources */ = {isa = PBXBuildFile; fileRef = 2135777A201292AE00C5EADC /* Outline.storyboard */; };
		2135777F201292E100C5EADC /* Character.storyboard in Resources */ = {isa = PBXBuildFile; fileRef = 2135777D201292E100C5EADC /* Character.storyboard */; };
		21368528220CB5270019A9A8 /* Extension+String.swift in Sources */ = {isa = PBXBuildFile; fileRef = 21368527220CB5270019A9A8 /* Extension+String.swift */; };
		2136852E220CB9990019A9A8 /* Localizable.strings in Resources */ = {isa = PBXBuildFile; fileRef = 21368530220CB9990019A9A8 /* Localizable.strings */; };
		21368536220E0C090019A9A8 /* InfoPlist.strings in Resources */ = {isa = PBXBuildFile; fileRef = 21368538220E0C090019A9A8 /* InfoPlist.strings */; };
		2138F8A422207A0900881F4C /* PersonalInfoTableViewCell.swift in Sources */ = {isa = PBXBuildFile; fileRef = 2138F8A322207A0900881F4C /* PersonalInfoTableViewCell.swift */; };
		2146E3DE203F906B00FBD225 /* SceneTableViewCell.swift in Sources */ = {isa = PBXBuildFile; fileRef = 2146E3DD203F906B00FBD225 /* SceneTableViewCell.swift */; };
		2151FC60202260F200CE4823 /* ScreenplayController.swift in Sources */ = {isa = PBXBuildFile; fileRef = 2151FC5F202260F200CE4823 /* ScreenplayController.swift */; };
		21526C9D20409EE100B14402 /* SceneDetailTableViewController.swift in Sources */ = {isa = PBXBuildFile; fileRef = 21526C9C20409EE100B14402 /* SceneDetailTableViewController.swift */; };
		2153C34320755F2300C08B73 /* SettingsTableViewController.swift in Sources */ = {isa = PBXBuildFile; fileRef = 2153C34220755F2300C08B73 /* SettingsTableViewController.swift */; };
		2153C3452075608300C08B73 /* Extension+UITextField.swift in Sources */ = {isa = PBXBuildFile; fileRef = 2153C3442075608300C08B73 /* Extension+UITextField.swift */; };
		2153C34720757CB900C08B73 /* IAPTableViewCell.swift in Sources */ = {isa = PBXBuildFile; fileRef = 2153C34620757CB900C08B73 /* IAPTableViewCell.swift */; };
		2153C349207586EA00C08B73 /* ShareTableViewCell.swift in Sources */ = {isa = PBXBuildFile; fileRef = 2153C348207586EA00C08B73 /* ShareTableViewCell.swift */; };
		2153C34B207587B500C08B73 /* DeleteAccountTableViewCell.swift in Sources */ = {isa = PBXBuildFile; fileRef = 2153C34A207587B500C08B73 /* DeleteAccountTableViewCell.swift */; };
		215829CB20755B1F00CEAC0A /* ChangePasswordTableViewCell.swift in Sources */ = {isa = PBXBuildFile; fileRef = 215829CA20755B1F00CEAC0A /* ChangePasswordTableViewCell.swift */; };
		215DDCD321EFD30800C52B6C /* GoogleService-Info.plist in Resources */ = {isa = PBXBuildFile; fileRef = 215DDCD221EFD30800C52B6C /* GoogleService-Info.plist */; };
		215DDCD421EFD30800C52B6C /* GoogleService-Info.plist in Resources */ = {isa = PBXBuildFile; fileRef = 215DDCD221EFD30800C52B6C /* GoogleService-Info.plist */; };
		215DDCD521EFD30800C52B6C /* GoogleService-Info.plist in Resources */ = {isa = PBXBuildFile; fileRef = 215DDCD221EFD30800C52B6C /* GoogleService-Info.plist */; };
		217AD64B22A08B2E00E5ED41 /* SaveBarButtonItem.swift in Sources */ = {isa = PBXBuildFile; fileRef = 217AD64A22A08B2E00E5ED41 /* SaveBarButtonItem.swift */; };
		21843CAA205AE3E900FAAE16 /* Scenes.storyboard in Resources */ = {isa = PBXBuildFile; fileRef = 21843CAC205AE3E900FAAE16 /* Scenes.storyboard */; };
		2189FC8E2057187400A69DC1 /* StoreKit.framework in Frameworks */ = {isa = PBXBuildFile; fileRef = 2189FC8D2057187400A69DC1 /* StoreKit.framework */; };
		2189FC902057199300A69DC1 /* IAPHelper.swift in Sources */ = {isa = PBXBuildFile; fileRef = 2189FC8F2057199300A69DC1 /* IAPHelper.swift */; };
		2189FC92205719F900A69DC1 /* InAppPurchases.swift in Sources */ = {isa = PBXBuildFile; fileRef = 2189FC91205719F900A69DC1 /* InAppPurchases.swift */; };
		218E8460203E3D9500D0D652 /* NoCharacterTableViewCell.swift in Sources */ = {isa = PBXBuildFile; fileRef = 218E845F203E3D9500D0D652 /* NoCharacterTableViewCell.swift */; };
		218E8462203F379000D0D652 /* Scene.swift in Sources */ = {isa = PBXBuildFile; fileRef = 218E8461203F379000D0D652 /* Scene.swift */; };
		218E8464203F841400D0D652 /* SceneHeader.swift in Sources */ = {isa = PBXBuildFile; fileRef = 218E8463203F841400D0D652 /* SceneHeader.swift */; };
		21916C6821FBCD2E00C6F024 /* Constants.swift in Sources */ = {isa = PBXBuildFile; fileRef = 21916C6721FBCD2E00C6F024 /* Constants.swift */; };
		21A7CF492023B00000D97394 /* CharacterTableViewController.swift in Sources */ = {isa = PBXBuildFile; fileRef = 21A7CF482023B00000D97394 /* CharacterTableViewController.swift */; };
		21A7CF4B2023B02D00D97394 /* Character.swift in Sources */ = {isa = PBXBuildFile; fileRef = 21A7CF4A2023B02D00D97394 /* Character.swift */; };
		21A7CF4E2023B4D200D97394 /* CharacterTableViewCell.swift in Sources */ = {isa = PBXBuildFile; fileRef = 21A7CF4D2023B4D200D97394 /* CharacterTableViewCell.swift */; };
		21A7CF502025039800D97394 /* CharacterDetailTableViewController.swift in Sources */ = {isa = PBXBuildFile; fileRef = 21A7CF4F2025039800D97394 /* CharacterDetailTableViewController.swift */; };
		21A7CF522028E45300D97394 /* CollapsibleHeaderView.swift in Sources */ = {isa = PBXBuildFile; fileRef = 21A7CF512028E45300D97394 /* CollapsibleHeaderView.swift */; };
		21A7CF542028E60D00D97394 /* ActDetailTableViewController.swift in Sources */ = {isa = PBXBuildFile; fileRef = 21A7CF532028E60D00D97394 /* ActDetailTableViewController.swift */; };
		21A7CF582028EC8400D97394 /* Extension+UITableViewCell.swift in Sources */ = {isa = PBXBuildFile; fileRef = 21A7CF572028EC8400D97394 /* Extension+UITableViewCell.swift */; };
		21A7CF5A202A622000D97394 /* ExpandableTableViewSection.swift in Sources */ = {isa = PBXBuildFile; fileRef = 21A7CF59202A622000D97394 /* ExpandableTableViewSection.swift */; };
		21A7CF64202A672100D97394 /* Act1.swift in Sources */ = {isa = PBXBuildFile; fileRef = 21A7CF63202A672100D97394 /* Act1.swift */; };
		21A7CF66202A67D600D97394 /* Act2.swift in Sources */ = {isa = PBXBuildFile; fileRef = 21A7CF65202A67D600D97394 /* Act2.swift */; };
		21A7CF68202A683800D97394 /* Act3.swift in Sources */ = {isa = PBXBuildFile; fileRef = 21A7CF67202A683800D97394 /* Act3.swift */; };
		21A7CF6A202A6D3A00D97394 /* Act.swift in Sources */ = {isa = PBXBuildFile; fileRef = 21A7CF69202A6D3A00D97394 /* Act.swift */; };
		21A84F46201683D500CE4149 /* ScreenplayCollectionViewController.swift in Sources */ = {isa = PBXBuildFile; fileRef = 21A84F45201683D500CE4149 /* ScreenplayCollectionViewController.swift */; };
		21A84F482016840300CE4149 /* Screenplay.swift in Sources */ = {isa = PBXBuildFile; fileRef = 21A84F472016840300CE4149 /* Screenplay.swift */; };
		21A84F4A2016988600CE4149 /* Storyboard.storyboard in Resources */ = {isa = PBXBuildFile; fileRef = 21A84F492016988600CE4149 /* Storyboard.storyboard */; };
		21A8C33D2391C296008AEB95 /* PdfHelper.swift in Sources */ = {isa = PBXBuildFile; fileRef = 21A8C33C2391C296008AEB95 /* PdfHelper.swift */; };
		21AE274F205ADA5300C44A52 /* ScenesTableViewController.swift in Sources */ = {isa = PBXBuildFile; fileRef = 21AE274E205ADA5300C44A52 /* ScenesTableViewController.swift */; };
		21B287C924C0B6EA00355674 /* AmazonAd.framework in Frameworks */ = {isa = PBXBuildFile; fileRef = 21814C8824C0B41A00853229 /* AmazonAd.framework */; };
		21B2E6122047233A009E4788 /* AdSupport.framework in Frameworks */ = {isa = PBXBuildFile; fileRef = 21B2E6112047233A009E4788 /* AdSupport.framework */; };
		21B8FB82201A922D000A8721 /* ScreenplayCoverViewController.swift in Sources */ = {isa = PBXBuildFile; fileRef = 21B8FB81201A922D000A8721 /* ScreenplayCoverViewController.swift */; };
		21B8FB84201A93D0000A8721 /* ScreenplayPageViewController.swift in Sources */ = {isa = PBXBuildFile; fileRef = 21B8FB83201A93D0000A8721 /* ScreenplayPageViewController.swift */; };
		21B8FB88201AA656000A8721 /* ScreenplayTabBarController.swift in Sources */ = {isa = PBXBuildFile; fileRef = 21B8FB87201AA656000A8721 /* ScreenplayTabBarController.swift */; };
		21C903D82016528A0017D626 /* LoginViewController.swift in Sources */ = {isa = PBXBuildFile; fileRef = 21C903D72016528A0017D626 /* LoginViewController.swift */; };
		21D3FA1D220277870058D8AE /* Extension+NotificationCenter.swift in Sources */ = {isa = PBXBuildFile; fileRef = 21D3FA1C220277870058D8AE /* Extension+NotificationCenter.swift */; };
		21D727EE202CE17700861C2D /* ActBeatSectionHeader.swift in Sources */ = {isa = PBXBuildFile; fileRef = 21D727ED202CE17700861C2D /* ActBeatSectionHeader.swift */; };
		21D727F0202CEB8500861C2D /* ViewController.swift in Sources */ = {isa = PBXBuildFile; fileRef = 21D727EF202CEB8500861C2D /* ViewController.swift */; };
		21D727F2202CFD2400861C2D /* Extension+ViewController.swift in Sources */ = {isa = PBXBuildFile; fileRef = 21D727F1202CFD2400861C2D /* Extension+ViewController.swift */; };
		21D727F4202E0D1A00861C2D /* SectionHeaderSubtitle.swift in Sources */ = {isa = PBXBuildFile; fileRef = 21D727F3202E0D1A00861C2D /* SectionHeaderSubtitle.swift */; };
		21D727FB202E32D500861C2D /* InformationPopTableViewController.swift in Sources */ = {isa = PBXBuildFile; fileRef = 21D727FA202E32D500861C2D /* InformationPopTableViewController.swift */; };
		21D727FD202E332300861C2D /* InformationPopTableViewCell.swift in Sources */ = {isa = PBXBuildFile; fileRef = 21D727FC202E332300861C2D /* InformationPopTableViewCell.swift */; };
		21D727FF202E41DD00861C2D /* InformationNotes.swift in Sources */ = {isa = PBXBuildFile; fileRef = 21D727FE202E41DD00861C2D /* InformationNotes.swift */; };
		21D72801202E6A6C00861C2D /* CharacterSection.swift in Sources */ = {isa = PBXBuildFile; fileRef = 21D72800202E6A6C00861C2D /* CharacterSection.swift */; };
		21E661BD2017B1F6006A14AF /* DescriptionTableViewCell.swift in Sources */ = {isa = PBXBuildFile; fileRef = 21E661BC2017B1F6006A14AF /* DescriptionTableViewCell.swift */; };
		21E661BF2017C236006A14AF /* OutlineTableViewController.swift in Sources */ = {isa = PBXBuildFile; fileRef = 21E661BE2017C236006A14AF /* OutlineTableViewController.swift */; };
		21E661C12017DBAE006A14AF /* FirebaseController.swift in Sources */ = {isa = PBXBuildFile; fileRef = 21E661C02017DBAE006A14AF /* FirebaseController.swift */; };
		21E661C42017F979006A14AF /* Extension+UIColor.swift in Sources */ = {isa = PBXBuildFile; fileRef = 21E661C32017F979006A14AF /* Extension+UIColor.swift */; };
		21E661C620190E3E006A14AF /* UIAlertControllers.swift in Sources */ = {isa = PBXBuildFile; fileRef = 21E661C520190E3E006A14AF /* UIAlertControllers.swift */; };
		21E661C820192E66006A14AF /* SignUpViewController.swift in Sources */ = {isa = PBXBuildFile; fileRef = 21E661C720192E66006A14AF /* SignUpViewController.swift */; };
		21F8AA8120322AFC0008B4C1 /* Extension+UITableViewController.swift in Sources */ = {isa = PBXBuildFile; fileRef = 21F8AA8020322AFC0008B4C1 /* Extension+UITableViewController.swift */; };
		21FE222925A1099800920BE2 /* MoPubAdService.swift in Sources */ = {isa = PBXBuildFile; fileRef = 21FE222825A1099800920BE2 /* MoPubAdService.swift */; };
		38305CD7781E6ECC81AB14E4 /* Pods_ScriptStarterTests.framework in Frameworks */ = {isa = PBXBuildFile; fileRef = 84FAACA5B5FABCCD985395E0 /* Pods_ScriptStarterTests.framework */; };
		CD74C12CD701826C3905C930 /* Pods_ScriptStarter.framework in Frameworks */ = {isa = PBXBuildFile; fileRef = 93B33CFCB1607757A6644E1C /* Pods_ScriptStarter.framework */; };
		D94FE21AFB2F440A0E405A7E /* Pods_ScriptStarterUITests.framework in Frameworks */ = {isa = PBXBuildFile; fileRef = 9885E8A56D2099D56CD410CF /* Pods_ScriptStarterUITests.framework */; };
/* End PBXBuildFile section */

/* Begin PBXContainerItemProxy section */
		212DEA852012746600FE9C3F /* PBXContainerItemProxy */ = {
			isa = PBXContainerItemProxy;
			containerPortal = 212DEA682012746500FE9C3F /* Project object */;
			proxyType = 1;
			remoteGlobalIDString = 212DEA6F2012746500FE9C3F;
			remoteInfo = ScriptStarter;
		};
		212DEA902012746600FE9C3F /* PBXContainerItemProxy */ = {
			isa = PBXContainerItemProxy;
			containerPortal = 212DEA682012746500FE9C3F /* Project object */;
			proxyType = 1;
			remoteGlobalIDString = 212DEA6F2012746500FE9C3F;
			remoteInfo = ScriptStarter;
		};
/* End PBXContainerItemProxy section */

/* Begin PBXFileReference section */
		2101F34D20619442003A90A4 /* Cork_closeup.jpg */ = {isa = PBXFileReference; lastKnownFileType = image.jpeg; path = Cork_closeup.jpg; sourceTree = "<group>"; };
		2101F3522061E944003A90A4 /* CharacterTableViewSection.swift */ = {isa = PBXFileReference; lastKnownFileType = sourcecode.swift; path = CharacterTableViewSection.swift; sourceTree = "<group>"; };
		2104ADD4205C60080086CC9F /* SceneActNumberPopTableViewController.swift */ = {isa = PBXFileReference; lastKnownFileType = sourcecode.swift; path = SceneActNumberPopTableViewController.swift; sourceTree = "<group>"; };
		2104ADD6205C60CB0086CC9F /* ActNumberPopTableViewCell.swift */ = {isa = PBXFileReference; lastKnownFileType = sourcecode.swift; path = ActNumberPopTableViewCell.swift; sourceTree = "<group>"; };
		2104ADD8205C7F270086CC9F /* SceneController.swift */ = {isa = PBXFileReference; lastKnownFileType = sourcecode.swift; path = SceneController.swift; sourceTree = "<group>"; };
		2106EF2E24C0CB1D009DEB47 /* AmazonAdService.swift */ = {isa = PBXFileReference; lastKnownFileType = sourcecode.swift; path = AmazonAdService.swift; sourceTree = "<group>"; };
		21075AC9256611080049D09B /* FacebookAdService.swift */ = {isa = PBXFileReference; lastKnownFileType = sourcecode.swift; path = FacebookAdService.swift; sourceTree = "<group>"; };
		21099165201F8E1600340124 /* AddScreenplayCollectionViewCell.swift */ = {isa = PBXFileReference; lastKnownFileType = sourcecode.swift; path = AddScreenplayCollectionViewCell.swift; sourceTree = "<group>"; };
		21099167201FD4CF00340124 /* SectionHeaderView.swift */ = {isa = PBXFileReference; lastKnownFileType = sourcecode.swift; path = SectionHeaderView.swift; sourceTree = "<group>"; };
		210C07DB22C81B2200F66D7B /* SaveButton.swift */ = {isa = PBXFileReference; lastKnownFileType = sourcecode.swift; path = SaveButton.swift; sourceTree = "<group>"; };
		211215C4203652510039D6E8 /* BasicInfoCharacterTableViewCell.swift */ = {isa = PBXFileReference; lastKnownFileType = sourcecode.swift; path = BasicInfoCharacterTableViewCell.swift; sourceTree = "<group>"; };
		211215D3203B5D200039D6E8 /* RolePopoverTableViewController.swift */ = {isa = PBXFileReference; lastKnownFileType = sourcecode.swift; path = RolePopoverTableViewController.swift; sourceTree = "<group>"; };
		211215D5203B5DC30039D6E8 /* Role.swift */ = {isa = PBXFileReference; lastKnownFileType = sourcecode.swift; path = Role.swift; sourceTree = "<group>"; };
		211215D7203B5E680039D6E8 /* RoleTableViewCell.swift */ = {isa = PBXFileReference; lastKnownFileType = sourcecode.swift; path = RoleTableViewCell.swift; sourceTree = "<group>"; };
		211800D920238A1200F33924 /* ScreenplayCollectionViewCell.swift */ = {isa = PBXFileReference; lastKnownFileType = sourcecode.swift; path = ScreenplayCollectionViewCell.swift; sourceTree = "<group>"; };
		2128EF2320200B7500AF156E /* EnlargedDescriptionTableViewController.swift */ = {isa = PBXFileReference; lastKnownFileType = sourcecode.swift; path = EnlargedDescriptionTableViewController.swift; sourceTree = "<group>"; };
		212DEA702012746500FE9C3F /* ScriptStarter.app */ = {isa = PBXFileReference; explicitFileType = wrapper.application; includeInIndex = 0; path = ScriptStarter.app; sourceTree = BUILT_PRODUCTS_DIR; };
		212DEA732012746500FE9C3F /* AppDelegate.swift */ = {isa = PBXFileReference; lastKnownFileType = sourcecode.swift; path = AppDelegate.swift; sourceTree = "<group>"; };
		212DEA782012746500FE9C3F /* Base */ = {isa = PBXFileReference; lastKnownFileType = file.storyboard; name = Base; path = Base.lproj/Main.storyboard; sourceTree = "<group>"; };
		212DEA7A2012746500FE9C3F /* Assets.xcassets */ = {isa = PBXFileReference; lastKnownFileType = folder.assetcatalog; path = Assets.xcassets; sourceTree = "<group>"; };
		212DEA7D2012746500FE9C3F /* Base */ = {isa = PBXFileReference; lastKnownFileType = file.storyboard; name = Base; path = Base.lproj/LaunchScreen.storyboard; sourceTree = "<group>"; };
		212DEA7F2012746600FE9C3F /* Info.plist */ = {isa = PBXFileReference; lastKnownFileType = text.plist.xml; path = Info.plist; sourceTree = "<group>"; };
		212DEA842012746600FE9C3F /* ScriptStarterTests.xctest */ = {isa = PBXFileReference; explicitFileType = wrapper.cfbundle; includeInIndex = 0; path = ScriptStarterTests.xctest; sourceTree = BUILT_PRODUCTS_DIR; };
		212DEA8A2012746600FE9C3F /* Info.plist */ = {isa = PBXFileReference; lastKnownFileType = text.plist.xml; path = Info.plist; sourceTree = "<group>"; };
		212DEA8F2012746600FE9C3F /* ScriptStarterUITests.xctest */ = {isa = PBXFileReference; explicitFileType = wrapper.cfbundle; includeInIndex = 0; path = ScriptStarterUITests.xctest; sourceTree = BUILT_PRODUCTS_DIR; };
		212DEA952012746600FE9C3F /* Info.plist */ = {isa = PBXFileReference; lastKnownFileType = text.plist.xml; path = Info.plist; sourceTree = "<group>"; };
		21319B1C2228956500F4F588 /* zh-Hans-CN */ = {isa = PBXFileReference; lastKnownFileType = text.plist.strings; name = "zh-Hans-CN"; path = zh_Hans_CN.lproj/InfoPlist.strings; sourceTree = "<group>"; };
		21319B1D2228956500F4F588 /* zh-Hans-CN */ = {isa = PBXFileReference; lastKnownFileType = text.plist.strings; name = "zh-Hans-CN"; path = zh_Hans_CN.lproj/Localizable.strings; sourceTree = "<group>"; };
		21319B1E2228956500F4F588 /* zh-Hans-CN */ = {isa = PBXFileReference; lastKnownFileType = text.plist.strings; name = "zh-Hans-CN"; path = ScriptStarter/zh_Hans_CN.lproj/Character.strings; sourceTree = "<group>"; };
		21319B1F2228956500F4F588 /* zh-Hans-CN */ = {isa = PBXFileReference; lastKnownFileType = text.plist.strings; name = "zh-Hans-CN"; path = zh_Hans_CN.lproj/Scenes.strings; sourceTree = "<group>"; };
		21319B202228956500F4F588 /* zh-Hans-CN */ = {isa = PBXFileReference; lastKnownFileType = text.plist.strings; name = "zh-Hans-CN"; path = zh_Hans_CN.lproj/Main.strings; sourceTree = "<group>"; };
		21319B212228956500F4F588 /* zh-Hans-CN */ = {isa = PBXFileReference; lastKnownFileType = text.plist.strings; name = "zh-Hans-CN"; path = ScriptStarter/zh_Hans_CN.lproj/Outline.strings; sourceTree = "<group>"; };
		2135777B201292AE00C5EADC /* Base */ = {isa = PBXFileReference; lastKnownFileType = file.storyboard; name = Base; path = ScriptStarter/Base.lproj/Outline.storyboard; sourceTree = "<group>"; };
		2135777E201292E100C5EADC /* Base */ = {isa = PBXFileReference; lastKnownFileType = file.storyboard; name = Base; path = ScriptStarter/Base.lproj/Character.storyboard; sourceTree = "<group>"; };
		21368526220CB3C10019A9A8 /* es */ = {isa = PBXFileReference; lastKnownFileType = text.plist.strings; name = es; path = es.lproj/LaunchScreen.strings; sourceTree = "<group>"; };
		21368527220CB5270019A9A8 /* Extension+String.swift */ = {isa = PBXFileReference; lastKnownFileType = sourcecode.swift; path = "Extension+String.swift"; sourceTree = "<group>"; };
		2136852F220CB9990019A9A8 /* en */ = {isa = PBXFileReference; lastKnownFileType = text.plist.strings; name = en; path = en.lproj/Localizable.strings; sourceTree = "<group>"; };
		21368537220E0C090019A9A8 /* en */ = {isa = PBXFileReference; lastKnownFileType = text.plist.strings; name = en; path = en.lproj/InfoPlist.strings; sourceTree = "<group>"; };
		21368539220E0C0B0019A9A8 /* es */ = {isa = PBXFileReference; lastKnownFileType = text.plist.strings; name = es; path = es.lproj/InfoPlist.strings; sourceTree = "<group>"; };
		2136853E220E0F0D0019A9A8 /* hi */ = {isa = PBXFileReference; lastKnownFileType = text.plist.strings; name = hi; path = hi.lproj/LaunchScreen.strings; sourceTree = "<group>"; };
		21368545220E0F940019A9A8 /* fr */ = {isa = PBXFileReference; lastKnownFileType = text.plist.strings; name = fr; path = fr.lproj/LaunchScreen.strings; sourceTree = "<group>"; };
		21368547220E0F940019A9A8 /* fr */ = {isa = PBXFileReference; lastKnownFileType = text.plist.strings; name = fr; path = fr.lproj/InfoPlist.strings; sourceTree = "<group>"; };
		2136854C220E0F9E0019A9A8 /* de */ = {isa = PBXFileReference; lastKnownFileType = text.plist.strings; name = de; path = de.lproj/LaunchScreen.strings; sourceTree = "<group>"; };
		2136854E220E0F9E0019A9A8 /* de */ = {isa = PBXFileReference; lastKnownFileType = text.plist.strings; name = de; path = de.lproj/InfoPlist.strings; sourceTree = "<group>"; };
		21368553220E0FB20019A9A8 /* ja */ = {isa = PBXFileReference; lastKnownFileType = text.plist.strings; name = ja; path = ja.lproj/LaunchScreen.strings; sourceTree = "<group>"; };
		21368555220E0FB30019A9A8 /* ja */ = {isa = PBXFileReference; lastKnownFileType = text.plist.strings; name = ja; path = ja.lproj/InfoPlist.strings; sourceTree = "<group>"; };
		2136855A220E10340019A9A8 /* ko */ = {isa = PBXFileReference; lastKnownFileType = text.plist.strings; name = ko; path = ko.lproj/LaunchScreen.strings; sourceTree = "<group>"; };
		2136855C220E10350019A9A8 /* ko */ = {isa = PBXFileReference; lastKnownFileType = text.plist.strings; name = ko; path = ko.lproj/InfoPlist.strings; sourceTree = "<group>"; };
		2136D88425A1189200A958F6 /* ScriptStarter-Bridging-Header.h */ = {isa = PBXFileReference; lastKnownFileType = sourcecode.c.h; path = "ScriptStarter-Bridging-Header.h"; sourceTree = "<group>"; };
		2138F8A322207A0900881F4C /* PersonalInfoTableViewCell.swift */ = {isa = PBXFileReference; lastKnownFileType = sourcecode.swift; path = PersonalInfoTableViewCell.swift; sourceTree = "<group>"; };
		2146E3DD203F906B00FBD225 /* SceneTableViewCell.swift */ = {isa = PBXFileReference; lastKnownFileType = sourcecode.swift; path = SceneTableViewCell.swift; sourceTree = "<group>"; };
		2151FC5F202260F200CE4823 /* ScreenplayController.swift */ = {isa = PBXFileReference; lastKnownFileType = sourcecode.swift; path = ScreenplayController.swift; sourceTree = "<group>"; };
		21526C9C20409EE100B14402 /* SceneDetailTableViewController.swift */ = {isa = PBXFileReference; lastKnownFileType = sourcecode.swift; path = SceneDetailTableViewController.swift; sourceTree = "<group>"; };
		2153C34220755F2300C08B73 /* SettingsTableViewController.swift */ = {isa = PBXFileReference; lastKnownFileType = sourcecode.swift; path = SettingsTableViewController.swift; sourceTree = "<group>"; };
		2153C3442075608300C08B73 /* Extension+UITextField.swift */ = {isa = PBXFileReference; lastKnownFileType = sourcecode.swift; path = "Extension+UITextField.swift"; sourceTree = "<group>"; };
		2153C34620757CB900C08B73 /* IAPTableViewCell.swift */ = {isa = PBXFileReference; lastKnownFileType = sourcecode.swift; path = IAPTableViewCell.swift; sourceTree = "<group>"; };
		2153C348207586EA00C08B73 /* ShareTableViewCell.swift */ = {isa = PBXFileReference; lastKnownFileType = sourcecode.swift; path = ShareTableViewCell.swift; sourceTree = "<group>"; };
		2153C34A207587B500C08B73 /* DeleteAccountTableViewCell.swift */ = {isa = PBXFileReference; lastKnownFileType = sourcecode.swift; path = DeleteAccountTableViewCell.swift; sourceTree = "<group>"; };
		215829CA20755B1F00CEAC0A /* ChangePasswordTableViewCell.swift */ = {isa = PBXFileReference; lastKnownFileType = sourcecode.swift; path = ChangePasswordTableViewCell.swift; sourceTree = "<group>"; };
		215DDCD221EFD30800C52B6C /* GoogleService-Info.plist */ = {isa = PBXFileReference; fileEncoding = 4; lastKnownFileType = text.plist.xml; path = "GoogleService-Info.plist"; sourceTree = SOURCE_ROOT; };
		217AD64A22A08B2E00E5ED41 /* SaveBarButtonItem.swift */ = {isa = PBXFileReference; lastKnownFileType = sourcecode.swift; path = SaveBarButtonItem.swift; sourceTree = "<group>"; };
		217DF0F022288FAF00C7A543 /* en */ = {isa = PBXFileReference; lastKnownFileType = text.plist.strings; name = en; path = en.lproj/Main.strings; sourceTree = "<group>"; };
		217DF0F222288FB700C7A543 /* en */ = {isa = PBXFileReference; lastKnownFileType = text.plist.strings; name = en; path = ScriptStarter/en.lproj/Outline.strings; sourceTree = "<group>"; };
		217DF0F422288FBB00C7A543 /* en */ = {isa = PBXFileReference; lastKnownFileType = text.plist.strings; name = en; path = ScriptStarter/en.lproj/Character.strings; sourceTree = "<group>"; };
		217DF0F622288FBF00C7A543 /* en */ = {isa = PBXFileReference; lastKnownFileType = text.plist.strings; name = en; path = en.lproj/Scenes.strings; sourceTree = "<group>"; };
		21814C8824C0B41A00853229 /* AmazonAd.framework */ = {isa = PBXFileReference; lastKnownFileType = wrapper.framework; path = AmazonAd.framework; sourceTree = "<group>"; };
		21843CAB205AE3E900FAAE16 /* Base */ = {isa = PBXFileReference; lastKnownFileType = file.storyboard; name = Base; path = Base.lproj/Scenes.storyboard; sourceTree = "<group>"; };
		2189FC8D2057187400A69DC1 /* StoreKit.framework */ = {isa = PBXFileReference; lastKnownFileType = wrapper.framework; name = StoreKit.framework; path = System/Library/Frameworks/StoreKit.framework; sourceTree = SDKROOT; };
		2189FC8F2057199300A69DC1 /* IAPHelper.swift */ = {isa = PBXFileReference; lastKnownFileType = sourcecode.swift; path = IAPHelper.swift; sourceTree = "<group>"; };
		2189FC91205719F900A69DC1 /* InAppPurchases.swift */ = {isa = PBXFileReference; lastKnownFileType = sourcecode.swift; path = InAppPurchases.swift; sourceTree = "<group>"; };
		218CDC4A2228AD5E004419D1 /* zh-Hans */ = {isa = PBXFileReference; lastKnownFileType = text.plist.strings; name = "zh-Hans"; path = zh_CN.lproj/InfoPlist.strings; sourceTree = "<group>"; };
		218CDC4B2228AD5E004419D1 /* zh-Hans */ = {isa = PBXFileReference; lastKnownFileType = text.plist.strings; name = "zh-Hans"; path = zh_CN.lproj/Localizable.strings; sourceTree = "<group>"; };
		218CDC4C2228AD5E004419D1 /* zh-Hans */ = {isa = PBXFileReference; lastKnownFileType = text.plist.strings; name = "zh-Hans"; path = ScriptStarter/zh_CN.lproj/Character.strings; sourceTree = "<group>"; };
		218CDC4D2228AD5E004419D1 /* zh-Hans */ = {isa = PBXFileReference; lastKnownFileType = text.plist.strings; name = "zh-Hans"; path = zh_CN.lproj/Scenes.strings; sourceTree = "<group>"; };
		218CDC4E2228AD5E004419D1 /* zh-Hans */ = {isa = PBXFileReference; lastKnownFileType = text.plist.strings; name = "zh-Hans"; path = ScriptStarter/zh_CN.lproj/Outline.strings; sourceTree = "<group>"; };
		218E845F203E3D9500D0D652 /* NoCharacterTableViewCell.swift */ = {isa = PBXFileReference; lastKnownFileType = sourcecode.swift; path = NoCharacterTableViewCell.swift; sourceTree = "<group>"; };
		218E8461203F379000D0D652 /* Scene.swift */ = {isa = PBXFileReference; lastKnownFileType = sourcecode.swift; path = Scene.swift; sourceTree = "<group>"; };
		218E8463203F841400D0D652 /* SceneHeader.swift */ = {isa = PBXFileReference; lastKnownFileType = sourcecode.swift; path = SceneHeader.swift; sourceTree = "<group>"; };
		21916C6721FBCD2E00C6F024 /* Constants.swift */ = {isa = PBXFileReference; lastKnownFileType = sourcecode.swift; path = Constants.swift; sourceTree = "<group>"; };
		21A7CF482023B00000D97394 /* CharacterTableViewController.swift */ = {isa = PBXFileReference; lastKnownFileType = sourcecode.swift; path = CharacterTableViewController.swift; sourceTree = "<group>"; };
		21A7CF4A2023B02D00D97394 /* Character.swift */ = {isa = PBXFileReference; lastKnownFileType = sourcecode.swift; path = Character.swift; sourceTree = "<group>"; };
		21A7CF4D2023B4D200D97394 /* CharacterTableViewCell.swift */ = {isa = PBXFileReference; lastKnownFileType = sourcecode.swift; path = CharacterTableViewCell.swift; sourceTree = "<group>"; };
		21A7CF4F2025039800D97394 /* CharacterDetailTableViewController.swift */ = {isa = PBXFileReference; lastKnownFileType = sourcecode.swift; path = CharacterDetailTableViewController.swift; sourceTree = "<group>"; };
		21A7CF512028E45300D97394 /* CollapsibleHeaderView.swift */ = {isa = PBXFileReference; lastKnownFileType = sourcecode.swift; path = CollapsibleHeaderView.swift; sourceTree = "<group>"; };
		21A7CF532028E60D00D97394 /* ActDetailTableViewController.swift */ = {isa = PBXFileReference; lastKnownFileType = sourcecode.swift; path = ActDetailTableViewController.swift; sourceTree = "<group>"; };
		21A7CF572028EC8400D97394 /* Extension+UITableViewCell.swift */ = {isa = PBXFileReference; lastKnownFileType = sourcecode.swift; path = "Extension+UITableViewCell.swift"; sourceTree = "<group>"; };
		21A7CF59202A622000D97394 /* ExpandableTableViewSection.swift */ = {isa = PBXFileReference; lastKnownFileType = sourcecode.swift; path = ExpandableTableViewSection.swift; sourceTree = "<group>"; };
		21A7CF63202A672100D97394 /* Act1.swift */ = {isa = PBXFileReference; lastKnownFileType = sourcecode.swift; path = Act1.swift; sourceTree = "<group>"; };
		21A7CF65202A67D600D97394 /* Act2.swift */ = {isa = PBXFileReference; lastKnownFileType = sourcecode.swift; path = Act2.swift; sourceTree = "<group>"; };
		21A7CF67202A683800D97394 /* Act3.swift */ = {isa = PBXFileReference; lastKnownFileType = sourcecode.swift; path = Act3.swift; sourceTree = "<group>"; };
		21A7CF69202A6D3A00D97394 /* Act.swift */ = {isa = PBXFileReference; lastKnownFileType = sourcecode.swift; path = Act.swift; sourceTree = "<group>"; };
		21A84F45201683D500CE4149 /* ScreenplayCollectionViewController.swift */ = {isa = PBXFileReference; lastKnownFileType = sourcecode.swift; path = ScreenplayCollectionViewController.swift; sourceTree = "<group>"; };
		21A84F472016840300CE4149 /* Screenplay.swift */ = {isa = PBXFileReference; lastKnownFileType = sourcecode.swift; path = Screenplay.swift; sourceTree = "<group>"; };
		21A84F492016988600CE4149 /* Storyboard.storyboard */ = {isa = PBXFileReference; fileEncoding = 4; lastKnownFileType = file.storyboard; path = Storyboard.storyboard; sourceTree = SOURCE_ROOT; };
		21A8C33C2391C296008AEB95 /* PdfHelper.swift */ = {isa = PBXFileReference; lastKnownFileType = sourcecode.swift; path = PdfHelper.swift; sourceTree = "<group>"; };
		21AE274E205ADA5300C44A52 /* ScenesTableViewController.swift */ = {isa = PBXFileReference; lastKnownFileType = sourcecode.swift; path = ScenesTableViewController.swift; sourceTree = "<group>"; };
		21B255E822272A1700C8F147 /* es */ = {isa = PBXFileReference; lastKnownFileType = text.plist.strings; name = es; path = es.lproj/Scenes.strings; sourceTree = "<group>"; };
		21B255EC22272A1C00C8F147 /* fr */ = {isa = PBXFileReference; lastKnownFileType = text.plist.strings; name = fr; path = fr.lproj/Scenes.strings; sourceTree = "<group>"; };
		21B255EE22272A1F00C8F147 /* de */ = {isa = PBXFileReference; lastKnownFileType = text.plist.strings; name = de; path = de.lproj/Scenes.strings; sourceTree = "<group>"; };
		21B255F022272A2200C8F147 /* ja */ = {isa = PBXFileReference; lastKnownFileType = text.plist.strings; name = ja; path = ja.lproj/Scenes.strings; sourceTree = "<group>"; };
		21B255F222272A2600C8F147 /* ko */ = {isa = PBXFileReference; lastKnownFileType = text.plist.strings; name = ko; path = ko.lproj/Scenes.strings; sourceTree = "<group>"; };
		21B255F622272A5100C8F147 /* es */ = {isa = PBXFileReference; lastKnownFileType = text.plist.strings; name = es; path = ScriptStarter/es.lproj/Outline.strings; sourceTree = "<group>"; };
		21B255FA22272A5B00C8F147 /* fr */ = {isa = PBXFileReference; lastKnownFileType = text.plist.strings; name = fr; path = ScriptStarter/fr.lproj/Outline.strings; sourceTree = "<group>"; };
		21B255FC22272A5E00C8F147 /* de */ = {isa = PBXFileReference; lastKnownFileType = text.plist.strings; name = de; path = ScriptStarter/de.lproj/Outline.strings; sourceTree = "<group>"; };
		21B255FE22272A6000C8F147 /* ja */ = {isa = PBXFileReference; lastKnownFileType = text.plist.strings; name = ja; path = ScriptStarter/ja.lproj/Outline.strings; sourceTree = "<group>"; };
		21B2560022272A6300C8F147 /* ko */ = {isa = PBXFileReference; lastKnownFileType = text.plist.strings; name = ko; path = ScriptStarter/ko.lproj/Outline.strings; sourceTree = "<group>"; };
		21B2560922272AA600C8F147 /* es */ = {isa = PBXFileReference; lastKnownFileType = text.plist.strings; name = es; path = es.lproj/Main.strings; sourceTree = "<group>"; };
		21B2560B22272AAC00C8F147 /* hi */ = {isa = PBXFileReference; lastKnownFileType = text.plist.strings; name = hi; path = hi.lproj/Main.strings; sourceTree = "<group>"; };
		21B2560D22272AB300C8F147 /* fr */ = {isa = PBXFileReference; lastKnownFileType = text.plist.strings; name = fr; path = fr.lproj/Main.strings; sourceTree = "<group>"; };
		21B2560F22272ABA00C8F147 /* de */ = {isa = PBXFileReference; lastKnownFileType = text.plist.strings; name = de; path = de.lproj/Main.strings; sourceTree = "<group>"; };
		21B2561122272AC100C8F147 /* ja */ = {isa = PBXFileReference; lastKnownFileType = text.plist.strings; name = ja; path = ja.lproj/Main.strings; sourceTree = "<group>"; };
		21B2561322272AC800C8F147 /* ko */ = {isa = PBXFileReference; lastKnownFileType = text.plist.strings; name = ko; path = ko.lproj/Main.strings; sourceTree = "<group>"; };
		21B2561522272ACE00C8F147 /* zh-Hans */ = {isa = PBXFileReference; lastKnownFileType = text.plist.strings; name = "zh-Hans"; path = "zh-Hans.lproj/Main.strings"; sourceTree = "<group>"; };
		21B2E6112047233A009E4788 /* AdSupport.framework */ = {isa = PBXFileReference; lastKnownFileType = wrapper.framework; name = AdSupport.framework; path = System/Library/Frameworks/AdSupport.framework; sourceTree = SDKROOT; };
		21B6A30920473D0800E8B0F9 /* ScriptStarter.entitlements */ = {isa = PBXFileReference; lastKnownFileType = text.plist.entitlements; path = ScriptStarter.entitlements; sourceTree = "<group>"; };
		21B8FB81201A922D000A8721 /* ScreenplayCoverViewController.swift */ = {isa = PBXFileReference; lastKnownFileType = sourcecode.swift; path = ScreenplayCoverViewController.swift; sourceTree = "<group>"; };
		21B8FB83201A93D0000A8721 /* ScreenplayPageViewController.swift */ = {isa = PBXFileReference; lastKnownFileType = sourcecode.swift; path = ScreenplayPageViewController.swift; sourceTree = "<group>"; };
		21B8FB87201AA656000A8721 /* ScreenplayTabBarController.swift */ = {isa = PBXFileReference; lastKnownFileType = sourcecode.swift; path = ScreenplayTabBarController.swift; sourceTree = "<group>"; };
		21BF30FA22177F1D00DB3DF5 /* es */ = {isa = PBXFileReference; lastKnownFileType = text.plist.strings; name = es; path = es.lproj/Localizable.strings; sourceTree = "<group>"; };
		21BF30FC22177F2900DB3DF5 /* fr */ = {isa = PBXFileReference; lastKnownFileType = text.plist.strings; name = fr; path = fr.lproj/Localizable.strings; sourceTree = "<group>"; };
		21BF30FD22177F2C00DB3DF5 /* de */ = {isa = PBXFileReference; lastKnownFileType = text.plist.strings; name = de; path = de.lproj/Localizable.strings; sourceTree = "<group>"; };
		21BF30FE22177F2F00DB3DF5 /* ja */ = {isa = PBXFileReference; lastKnownFileType = text.plist.strings; name = ja; path = ja.lproj/Localizable.strings; sourceTree = "<group>"; };
		21BF30FF22177F3100DB3DF5 /* ko */ = {isa = PBXFileReference; lastKnownFileType = text.plist.strings; name = ko; path = ko.lproj/Localizable.strings; sourceTree = "<group>"; };
		21BF3104221B520600DB3DF5 /* zh-Hans */ = {isa = PBXFileReference; lastKnownFileType = text.plist.strings; name = "zh-Hans"; path = "zh-Hans.lproj/LaunchScreen.strings"; sourceTree = "<group>"; };
		21BF3116221B664800DB3DF5 /* es */ = {isa = PBXFileReference; lastKnownFileType = text.plist.strings; name = es; path = ScriptStarter/es.lproj/Character.strings; sourceTree = "<group>"; };
		21BF311A221B664D00DB3DF5 /* fr */ = {isa = PBXFileReference; lastKnownFileType = text.plist.strings; name = fr; path = ScriptStarter/fr.lproj/Character.strings; sourceTree = "<group>"; };
		21BF311C221B665000DB3DF5 /* de */ = {isa = PBXFileReference; lastKnownFileType = text.plist.strings; name = de; path = ScriptStarter/de.lproj/Character.strings; sourceTree = "<group>"; };
		21BF311E221B665300DB3DF5 /* ja */ = {isa = PBXFileReference; lastKnownFileType = text.plist.strings; name = ja; path = ScriptStarter/ja.lproj/Character.strings; sourceTree = "<group>"; };
		21BF3120221B665700DB3DF5 /* ko */ = {isa = PBXFileReference; lastKnownFileType = text.plist.strings; name = ko; path = ScriptStarter/ko.lproj/Character.strings; sourceTree = "<group>"; };
		21C8D3CA22289485004EC055 /* hi-IN */ = {isa = PBXFileReference; lastKnownFileType = text.plist.strings; name = "hi-IN"; path = hi_IN.lproj/InfoPlist.strings; sourceTree = "<group>"; };
		21C8D3CB22289485004EC055 /* hi-IN */ = {isa = PBXFileReference; lastKnownFileType = text.plist.strings; name = "hi-IN"; path = hi_IN.lproj/Localizable.strings; sourceTree = "<group>"; };
		21C8D3CC22289485004EC055 /* hi-IN */ = {isa = PBXFileReference; lastKnownFileType = text.plist.strings; name = "hi-IN"; path = ScriptStarter/hi_IN.lproj/Character.strings; sourceTree = "<group>"; };
		21C8D3CD22289485004EC055 /* hi-IN */ = {isa = PBXFileReference; lastKnownFileType = text.plist.strings; name = "hi-IN"; path = hi_IN.lproj/Scenes.strings; sourceTree = "<group>"; };
		21C8D3CE22289485004EC055 /* hi-IN */ = {isa = PBXFileReference; lastKnownFileType = text.plist.strings; name = "hi-IN"; path = hi_IN.lproj/Main.strings; sourceTree = "<group>"; };
		21C8D3CF22289485004EC055 /* hi-IN */ = {isa = PBXFileReference; lastKnownFileType = text.plist.strings; name = "hi-IN"; path = ScriptStarter/hi_IN.lproj/Outline.strings; sourceTree = "<group>"; };
		21C903D72016528A0017D626 /* LoginViewController.swift */ = {isa = PBXFileReference; lastKnownFileType = sourcecode.swift; path = LoginViewController.swift; sourceTree = "<group>"; };
		21D3FA1C220277870058D8AE /* Extension+NotificationCenter.swift */ = {isa = PBXFileReference; lastKnownFileType = sourcecode.swift; path = "Extension+NotificationCenter.swift"; sourceTree = "<group>"; };
		21D727ED202CE17700861C2D /* ActBeatSectionHeader.swift */ = {isa = PBXFileReference; lastKnownFileType = sourcecode.swift; path = ActBeatSectionHeader.swift; sourceTree = "<group>"; };
		21D727EF202CEB8500861C2D /* ViewController.swift */ = {isa = PBXFileReference; lastKnownFileType = sourcecode.swift; path = ViewController.swift; sourceTree = "<group>"; };
		21D727F1202CFD2400861C2D /* Extension+ViewController.swift */ = {isa = PBXFileReference; lastKnownFileType = sourcecode.swift; path = "Extension+ViewController.swift"; sourceTree = "<group>"; };
		21D727F3202E0D1A00861C2D /* SectionHeaderSubtitle.swift */ = {isa = PBXFileReference; lastKnownFileType = sourcecode.swift; path = SectionHeaderSubtitle.swift; sourceTree = "<group>"; };
		21D727FA202E32D500861C2D /* InformationPopTableViewController.swift */ = {isa = PBXFileReference; lastKnownFileType = sourcecode.swift; path = InformationPopTableViewController.swift; sourceTree = "<group>"; };
		21D727FC202E332300861C2D /* InformationPopTableViewCell.swift */ = {isa = PBXFileReference; lastKnownFileType = sourcecode.swift; path = InformationPopTableViewCell.swift; sourceTree = "<group>"; };
		21D727FE202E41DD00861C2D /* InformationNotes.swift */ = {isa = PBXFileReference; lastKnownFileType = sourcecode.swift; path = InformationNotes.swift; sourceTree = "<group>"; };
		21D72800202E6A6C00861C2D /* CharacterSection.swift */ = {isa = PBXFileReference; lastKnownFileType = sourcecode.swift; path = CharacterSection.swift; sourceTree = "<group>"; };
		21E661BC2017B1F6006A14AF /* DescriptionTableViewCell.swift */ = {isa = PBXFileReference; lastKnownFileType = sourcecode.swift; path = DescriptionTableViewCell.swift; sourceTree = "<group>"; };
		21E661BE2017C236006A14AF /* OutlineTableViewController.swift */ = {isa = PBXFileReference; lastKnownFileType = sourcecode.swift; path = OutlineTableViewController.swift; sourceTree = "<group>"; };
		21E661C02017DBAE006A14AF /* FirebaseController.swift */ = {isa = PBXFileReference; lastKnownFileType = sourcecode.swift; path = FirebaseController.swift; sourceTree = "<group>"; };
		21E661C32017F979006A14AF /* Extension+UIColor.swift */ = {isa = PBXFileReference; lastKnownFileType = sourcecode.swift; path = "Extension+UIColor.swift"; sourceTree = "<group>"; };
		21E661C520190E3E006A14AF /* UIAlertControllers.swift */ = {isa = PBXFileReference; lastKnownFileType = sourcecode.swift; path = UIAlertControllers.swift; sourceTree = "<group>"; };
		21E661C720192E66006A14AF /* SignUpViewController.swift */ = {isa = PBXFileReference; lastKnownFileType = sourcecode.swift; path = SignUpViewController.swift; sourceTree = "<group>"; };
		21F1EA112016564000E0D677 /* GoogleService-Info.plist */ = {isa = PBXFileReference; lastKnownFileType = text.plist.xml; path = "GoogleService-Info.plist"; sourceTree = "<group>"; };
		21F8AA8020322AFC0008B4C1 /* Extension+UITableViewController.swift */ = {isa = PBXFileReference; lastKnownFileType = sourcecode.swift; path = "Extension+UITableViewController.swift"; sourceTree = "<group>"; };
		21FE222825A1099800920BE2 /* MoPubAdService.swift */ = {isa = PBXFileReference; lastKnownFileType = sourcecode.swift; path = MoPubAdService.swift; sourceTree = "<group>"; };
		61D4BF7EA740BA383722CB89 /* Pods-ScriptStarterTests.debug.xcconfig */ = {isa = PBXFileReference; includeInIndex = 1; lastKnownFileType = text.xcconfig; name = "Pods-ScriptStarterTests.debug.xcconfig"; path = "Target Support Files/Pods-ScriptStarterTests/Pods-ScriptStarterTests.debug.xcconfig"; sourceTree = "<group>"; };
		6E6714C5F93E9C2A4B25DF9A /* Pods-ScriptStarter.release.xcconfig */ = {isa = PBXFileReference; includeInIndex = 1; lastKnownFileType = text.xcconfig; name = "Pods-ScriptStarter.release.xcconfig"; path = "Target Support Files/Pods-ScriptStarter/Pods-ScriptStarter.release.xcconfig"; sourceTree = "<group>"; };
		84FAACA5B5FABCCD985395E0 /* Pods_ScriptStarterTests.framework */ = {isa = PBXFileReference; explicitFileType = wrapper.framework; includeInIndex = 0; path = Pods_ScriptStarterTests.framework; sourceTree = BUILT_PRODUCTS_DIR; };
		93B33CFCB1607757A6644E1C /* Pods_ScriptStarter.framework */ = {isa = PBXFileReference; explicitFileType = wrapper.framework; includeInIndex = 0; path = Pods_ScriptStarter.framework; sourceTree = BUILT_PRODUCTS_DIR; };
		9885E8A56D2099D56CD410CF /* Pods_ScriptStarterUITests.framework */ = {isa = PBXFileReference; explicitFileType = wrapper.framework; includeInIndex = 0; path = Pods_ScriptStarterUITests.framework; sourceTree = BUILT_PRODUCTS_DIR; };
		A90AAFBD74589C04D5AFD4A3 /* Pods-ScriptStarterTests.release.xcconfig */ = {isa = PBXFileReference; includeInIndex = 1; lastKnownFileType = text.xcconfig; name = "Pods-ScriptStarterTests.release.xcconfig"; path = "Target Support Files/Pods-ScriptStarterTests/Pods-ScriptStarterTests.release.xcconfig"; sourceTree = "<group>"; };
		BBC73FCF95E64B5ECAB90A22 /* Pods-ScriptStarterUITests.release.xcconfig */ = {isa = PBXFileReference; includeInIndex = 1; lastKnownFileType = text.xcconfig; name = "Pods-ScriptStarterUITests.release.xcconfig"; path = "Target Support Files/Pods-ScriptStarterUITests/Pods-ScriptStarterUITests.release.xcconfig"; sourceTree = "<group>"; };
		C65E223E3C16882FBAC909C4 /* Pods-ScriptStarter.debug.xcconfig */ = {isa = PBXFileReference; includeInIndex = 1; lastKnownFileType = text.xcconfig; name = "Pods-ScriptStarter.debug.xcconfig"; path = "Target Support Files/Pods-ScriptStarter/Pods-ScriptStarter.debug.xcconfig"; sourceTree = "<group>"; };
		E05667BD26EECBA1DE23880B /* Pods-ScriptStarterUITests.debug.xcconfig */ = {isa = PBXFileReference; includeInIndex = 1; lastKnownFileType = text.xcconfig; name = "Pods-ScriptStarterUITests.debug.xcconfig"; path = "Target Support Files/Pods-ScriptStarterUITests/Pods-ScriptStarterUITests.debug.xcconfig"; sourceTree = "<group>"; };
/* End PBXFileReference section */

/* Begin PBXFrameworksBuildPhase section */
		212DEA6D2012746500FE9C3F /* Frameworks */ = {
			isa = PBXFrameworksBuildPhase;
			buildActionMask = 2147483647;
			files = (
				2189FC8E2057187400A69DC1 /* StoreKit.framework in Frameworks */,
				21B287C924C0B6EA00355674 /* AmazonAd.framework in Frameworks */,
				21B2E6122047233A009E4788 /* AdSupport.framework in Frameworks */,
				CD74C12CD701826C3905C930 /* Pods_ScriptStarter.framework in Frameworks */,
			);
			runOnlyForDeploymentPostprocessing = 0;
		};
		212DEA812012746600FE9C3F /* Frameworks */ = {
			isa = PBXFrameworksBuildPhase;
			buildActionMask = 2147483647;
			files = (
				38305CD7781E6ECC81AB14E4 /* Pods_ScriptStarterTests.framework in Frameworks */,
			);
			runOnlyForDeploymentPostprocessing = 0;
		};
		212DEA8C2012746600FE9C3F /* Frameworks */ = {
			isa = PBXFrameworksBuildPhase;
			buildActionMask = 2147483647;
			files = (
				D94FE21AFB2F440A0E405A7E /* Pods_ScriptStarterUITests.framework in Frameworks */,
			);
			runOnlyForDeploymentPostprocessing = 0;
		};
/* End PBXFrameworksBuildPhase section */

/* Begin PBXGroup section */
		2101F34F2061E6A2003A90A4 /* Structs */ = {
			isa = PBXGroup;
			children = (
				2101F3522061E944003A90A4 /* CharacterTableViewSection.swift */,
				21916C6721FBCD2E00C6F024 /* Constants.swift */,
				2106EF2E24C0CB1D009DEB47 /* AmazonAdService.swift */,
				21075AC9256611080049D09B /* FacebookAdService.swift */,
				21FE222825A1099800920BE2 /* MoPubAdService.swift */,
			);
			path = Structs;
			sourceTree = "<group>";
		};
		2104ADCF205C2A6F0086CC9F /* Popovers */ = {
			isa = PBXGroup;
			children = (
				2104ADD4205C60080086CC9F /* SceneActNumberPopTableViewController.swift */,
			);
			path = Popovers;
			sourceTree = "<group>";
		};
		21099164201F8DFD00340124 /* CollectionViewCells */ = {
			isa = PBXGroup;
			children = (
				21099165201F8E1600340124 /* AddScreenplayCollectionViewCell.swift */,
				211800D920238A1200F33924 /* ScreenplayCollectionViewCell.swift */,
			);
			path = CollectionViewCells;
			sourceTree = "<group>";
		};
		210C7611202B83BC003EEC16 /* Extensions */ = {
			isa = PBXGroup;
			children = (
				21A7CF572028EC8400D97394 /* Extension+UITableViewCell.swift */,
				21E661C32017F979006A14AF /* Extension+UIColor.swift */,
				21D727F1202CFD2400861C2D /* Extension+ViewController.swift */,
				21F8AA8020322AFC0008B4C1 /* Extension+UITableViewController.swift */,
				2153C3442075608300C08B73 /* Extension+UITextField.swift */,
				21D3FA1C220277870058D8AE /* Extension+NotificationCenter.swift */,
				21368527220CB5270019A9A8 /* Extension+String.swift */,
			);
			path = Extensions;
			sourceTree = "<group>";
		};
		210C7612202B83D3003EEC16 /* Classes */ = {
			isa = PBXGroup;
			children = (
				21E661C520190E3E006A14AF /* UIAlertControllers.swift */,
				21A7CF512028E45300D97394 /* CollapsibleHeaderView.swift */,
				21A7CF59202A622000D97394 /* ExpandableTableViewSection.swift */,
				21D727ED202CE17700861C2D /* ActBeatSectionHeader.swift */,
				218E8463203F841400D0D652 /* SceneHeader.swift */,
				21099167201FD4CF00340124 /* SectionHeaderView.swift */,
				21D727F3202E0D1A00861C2D /* SectionHeaderSubtitle.swift */,
				21A8C33C2391C296008AEB95 /* PdfHelper.swift */,
				215DDD3621F7CB6E00C52B6C /* IAP */,
			);
			path = Classes;
			sourceTree = "<group>";
		};
		210C7613202B83FF003EEC16 /* Enums */ = {
			isa = PBXGroup;
			children = (
				21A7CF69202A6D3A00D97394 /* Act.swift */,
				21D727EF202CEB8500861C2D /* ViewController.swift */,
				21D727FE202E41DD00861C2D /* InformationNotes.swift */,
				21D72800202E6A6C00861C2D /* CharacterSection.swift */,
				211215D5203B5DC30039D6E8 /* Role.swift */,
			);
			path = Enums;
			sourceTree = "<group>";
		};
		211215D2203B5CE80039D6E8 /* Popovers */ = {
			isa = PBXGroup;
			children = (
				211215D3203B5D200039D6E8 /* RolePopoverTableViewController.swift */,
			);
			path = Popovers;
			sourceTree = "<group>";
		};
		212DEA672012746500FE9C3F = {
			isa = PBXGroup;
			children = (
				212DEA722012746500FE9C3F /* ScriptStarter */,
				212DEA872012746600FE9C3F /* ScriptStarterTests */,
				212DEA922012746600FE9C3F /* ScriptStarterUITests */,
				212DEA712012746500FE9C3F /* Products */,
				378CF65633F81B2638728212 /* Frameworks */,
				E38A71530D0956775B6FEB5F /* Pods */,
			);
			sourceTree = "<group>";
		};
		212DEA712012746500FE9C3F /* Products */ = {
			isa = PBXGroup;
			children = (
				212DEA702012746500FE9C3F /* ScriptStarter.app */,
				212DEA842012746600FE9C3F /* ScriptStarterTests.xctest */,
				212DEA8F2012746600FE9C3F /* ScriptStarterUITests.xctest */,
			);
			name = Products;
			sourceTree = "<group>";
		};
		212DEA722012746500FE9C3F /* ScriptStarter */ = {
			isa = PBXGroup;
			children = (
				21B6A30920473D0800E8B0F9 /* ScriptStarter.entitlements */,
				212DEA732012746500FE9C3F /* AppDelegate.swift */,
				217AD64822A08AD700E5ED41 /* Shared  */,
				21E661C22017F955006A14AF /* Support Files */,
				21C903D6201652660017D626 /* ModelController */,
				21C903D5201652620017D626 /* Model */,
				21C903D4201652520017D626 /* ViewControllers */,
				213577832012930E00C5EADC /* Storyboards */,
				2136852B220CB6AF0019A9A8 /* Localize Resources */,
				212DEA7A2012746500FE9C3F /* Assets.xcassets */,
				212DEA7C2012746500FE9C3F /* LaunchScreen.storyboard */,
				212DEA7F2012746600FE9C3F /* Info.plist */,
				215DDCD221EFD30800C52B6C /* GoogleService-Info.plist */,
				2136D88425A1189200A958F6 /* ScriptStarter-Bridging-Header.h */,
			);
			path = ScriptStarter;
			sourceTree = "<group>";
		};
		212DEA872012746600FE9C3F /* ScriptStarterTests */ = {
			isa = PBXGroup;
			children = (
				212DEA8A2012746600FE9C3F /* Info.plist */,
				21F1EA112016564000E0D677 /* GoogleService-Info.plist */,
			);
			path = ScriptStarterTests;
			sourceTree = "<group>";
		};
		212DEA922012746600FE9C3F /* ScriptStarterUITests */ = {
			isa = PBXGroup;
			children = (
				212DEA952012746600FE9C3F /* Info.plist */,
			);
			path = ScriptStarterUITests;
			sourceTree = "<group>";
		};
		213577832012930E00C5EADC /* Storyboards */ = {
			isa = PBXGroup;
			children = (
				212DEA772012746500FE9C3F /* Main.storyboard */,
				2135777A201292AE00C5EADC /* Outline.storyboard */,
				2135777D201292E100C5EADC /* Character.storyboard */,
				21843CAC205AE3E900FAAE16 /* Scenes.storyboard */,
				21A84F492016988600CE4149 /* Storyboard.storyboard */,
			);
			path = Storyboards;
			sourceTree = "<group>";
		};
		2136852B220CB6AF0019A9A8 /* Localize Resources */ = {
			isa = PBXGroup;
			children = (
				21368530220CB9990019A9A8 /* Localizable.strings */,
				21368538220E0C090019A9A8 /* InfoPlist.strings */,
			);
			path = "Localize Resources";
			sourceTree = "<group>";
		};
		215829C920755AFB00CEAC0A /* TableViewCells */ = {
			isa = PBXGroup;
			children = (
				215829CA20755B1F00CEAC0A /* ChangePasswordTableViewCell.swift */,
				2153C348207586EA00C08B73 /* ShareTableViewCell.swift */,
				2153C34620757CB900C08B73 /* IAPTableViewCell.swift */,
				2153C34A207587B500C08B73 /* DeleteAccountTableViewCell.swift */,
				2138F8A322207A0900881F4C /* PersonalInfoTableViewCell.swift */,
			);
			path = TableViewCells;
			sourceTree = "<group>";
		};
		215DDD3621F7CB6E00C52B6C /* IAP */ = {
			isa = PBXGroup;
			children = (
				2189FC91205719F900A69DC1 /* InAppPurchases.swift */,
				2189FC8F2057199300A69DC1 /* IAPHelper.swift */,
			);
			path = IAP;
			sourceTree = "<group>";
		};
		217AD64822A08AD700E5ED41 /* Shared  */ = {
			isa = PBXGroup;
			children = (
				217AD64A22A08B2E00E5ED41 /* SaveBarButtonItem.swift */,
				210C07DB22C81B2200F66D7B /* SaveButton.swift */,
			);
			path = "Shared ";
			sourceTree = "<group>";
		};
		21A7CF4C2023B4B800D97394 /* TableViewCells */ = {
			isa = PBXGroup;
			children = (
				21A7CF4D2023B4D200D97394 /* CharacterTableViewCell.swift */,
				211215C4203652510039D6E8 /* BasicInfoCharacterTableViewCell.swift */,
				211215D7203B5E680039D6E8 /* RoleTableViewCell.swift */,
				218E845F203E3D9500D0D652 /* NoCharacterTableViewCell.swift */,
			);
			path = TableViewCells;
			sourceTree = "<group>";
		};
		21A84F4D2016A9BA00CE4149 /* Main VCs */ = {
			isa = PBXGroup;
			children = (
				21C903D72016528A0017D626 /* LoginViewController.swift */,
				21E661C720192E66006A14AF /* SignUpViewController.swift */,
				21A84F45201683D500CE4149 /* ScreenplayCollectionViewController.swift */,
				21B8FB83201A93D0000A8721 /* ScreenplayPageViewController.swift */,
				21B8FB81201A922D000A8721 /* ScreenplayCoverViewController.swift */,
				21B8FB87201AA656000A8721 /* ScreenplayTabBarController.swift */,
				2153C34220755F2300C08B73 /* SettingsTableViewController.swift */,
				215829C920755AFB00CEAC0A /* TableViewCells */,
				21099164201F8DFD00340124 /* CollectionViewCells */,
			);
			path = "Main VCs";
			sourceTree = "<group>";
		};
		21A84F4E2016A9DA00CE4149 /* Character VCs */ = {
			isa = PBXGroup;
			children = (
				21A7CF482023B00000D97394 /* CharacterTableViewController.swift */,
				21A7CF4F2025039800D97394 /* CharacterDetailTableViewController.swift */,
				211215D2203B5CE80039D6E8 /* Popovers */,
				21A7CF4C2023B4B800D97394 /* TableViewCells */,
			);
			path = "Character VCs";
			sourceTree = "<group>";
		};
		21A84F4F2016A9E900CE4149 /* Outline VCs */ = {
			isa = PBXGroup;
			children = (
				21E661BE2017C236006A14AF /* OutlineTableViewController.swift */,
				21A7CF532028E60D00D97394 /* ActDetailTableViewController.swift */,
				2128EF2320200B7500AF156E /* EnlargedDescriptionTableViewController.swift */,
				21D727F9202E329E00861C2D /* PopControllers */,
				21A84F512017AC2A00CE4149 /* TableViewCells */,
			);
			path = "Outline VCs";
			sourceTree = "<group>";
		};
		21A84F512017AC2A00CE4149 /* TableViewCells */ = {
			isa = PBXGroup;
			children = (
				21E661BC2017B1F6006A14AF /* DescriptionTableViewCell.swift */,
				21D727FC202E332300861C2D /* InformationPopTableViewCell.swift */,
			);
			path = TableViewCells;
			sourceTree = "<group>";
		};
		21AE274C205AD9F500C44A52 /* Scenes VCs */ = {
			isa = PBXGroup;
			children = (
				21AE274E205ADA5300C44A52 /* ScenesTableViewController.swift */,
				21526C9C20409EE100B14402 /* SceneDetailTableViewController.swift */,
				2104ADCF205C2A6F0086CC9F /* Popovers */,
				21AE274D205ADA2000C44A52 /* TableViewCells */,
			);
			path = "Scenes VCs";
			sourceTree = "<group>";
		};
		21AE274D205ADA2000C44A52 /* TableViewCells */ = {
			isa = PBXGroup;
			children = (
				2146E3DD203F906B00FBD225 /* SceneTableViewCell.swift */,
				2104ADD6205C60CB0086CC9F /* ActNumberPopTableViewCell.swift */,
			);
			path = TableViewCells;
			sourceTree = "<group>";
		};
		21C903D4201652520017D626 /* ViewControllers */ = {
			isa = PBXGroup;
			children = (
				21A84F4D2016A9BA00CE4149 /* Main VCs */,
				21A84F4F2016A9E900CE4149 /* Outline VCs */,
				21A84F4E2016A9DA00CE4149 /* Character VCs */,
				21AE274C205AD9F500C44A52 /* Scenes VCs */,
			);
			path = ViewControllers;
			sourceTree = "<group>";
		};
		21C903D5201652620017D626 /* Model */ = {
			isa = PBXGroup;
			children = (
				21A84F472016840300CE4149 /* Screenplay.swift */,
				21A7CF4A2023B02D00D97394 /* Character.swift */,
				21A7CF63202A672100D97394 /* Act1.swift */,
				21A7CF65202A67D600D97394 /* Act2.swift */,
				21A7CF67202A683800D97394 /* Act3.swift */,
				218E8461203F379000D0D652 /* Scene.swift */,
			);
			path = Model;
			sourceTree = "<group>";
		};
		21C903D6201652660017D626 /* ModelController */ = {
			isa = PBXGroup;
			children = (
				21E661C02017DBAE006A14AF /* FirebaseController.swift */,
				2151FC5F202260F200CE4823 /* ScreenplayController.swift */,
				2104ADD8205C7F270086CC9F /* SceneController.swift */,
			);
			path = ModelController;
			sourceTree = "<group>";
		};
		21D727F9202E329E00861C2D /* PopControllers */ = {
			isa = PBXGroup;
			children = (
				21D727FA202E32D500861C2D /* InformationPopTableViewController.swift */,
			);
			path = PopControllers;
			sourceTree = "<group>";
		};
		21E661C22017F955006A14AF /* Support Files */ = {
			isa = PBXGroup;
			children = (
				2101F34D20619442003A90A4 /* Cork_closeup.jpg */,
				2101F34F2061E6A2003A90A4 /* Structs */,
				210C7612202B83D3003EEC16 /* Classes */,
				210C7613202B83FF003EEC16 /* Enums */,
				210C7611202B83BC003EEC16 /* Extensions */,
			);
			path = "Support Files";
			sourceTree = "<group>";
		};
		378CF65633F81B2638728212 /* Frameworks */ = {
			isa = PBXGroup;
			children = (
				21814C8824C0B41A00853229 /* AmazonAd.framework */,
				2189FC8D2057187400A69DC1 /* StoreKit.framework */,
				21B2E6112047233A009E4788 /* AdSupport.framework */,
				93B33CFCB1607757A6644E1C /* Pods_ScriptStarter.framework */,
				84FAACA5B5FABCCD985395E0 /* Pods_ScriptStarterTests.framework */,
				9885E8A56D2099D56CD410CF /* Pods_ScriptStarterUITests.framework */,
			);
			name = Frameworks;
			sourceTree = "<group>";
		};
		E38A71530D0956775B6FEB5F /* Pods */ = {
			isa = PBXGroup;
			children = (
				C65E223E3C16882FBAC909C4 /* Pods-ScriptStarter.debug.xcconfig */,
				6E6714C5F93E9C2A4B25DF9A /* Pods-ScriptStarter.release.xcconfig */,
				61D4BF7EA740BA383722CB89 /* Pods-ScriptStarterTests.debug.xcconfig */,
				A90AAFBD74589C04D5AFD4A3 /* Pods-ScriptStarterTests.release.xcconfig */,
				E05667BD26EECBA1DE23880B /* Pods-ScriptStarterUITests.debug.xcconfig */,
				BBC73FCF95E64B5ECAB90A22 /* Pods-ScriptStarterUITests.release.xcconfig */,
			);
			path = Pods;
			sourceTree = "<group>";
		};
/* End PBXGroup section */

/* Begin PBXNativeTarget section */
		212DEA6F2012746500FE9C3F /* ScriptStarter */ = {
			isa = PBXNativeTarget;
			buildConfigurationList = 212DEA982012746600FE9C3F /* Build configuration list for PBXNativeTarget "ScriptStarter" */;
			buildPhases = (
				D3F03A9C6209D6CC416DC4FF /* [CP] Check Pods Manifest.lock */,
				212DEA6C2012746500FE9C3F /* Sources */,
				212DEA6D2012746500FE9C3F /* Frameworks */,
				212DEA6E2012746500FE9C3F /* Resources */,
				061522D48DA15C57BC67AB9B /* [CP] Embed Pods Frameworks */,
				2494DCFDB38CE9F215CE9CD1 /* [CP] Copy Pods Resources */,
			);
			buildRules = (
			);
			dependencies = (
			);
			name = ScriptStarter;
			productName = ScriptStarter;
			productReference = 212DEA702012746500FE9C3F /* ScriptStarter.app */;
			productType = "com.apple.product-type.application";
		};
		212DEA832012746600FE9C3F /* ScriptStarterTests */ = {
			isa = PBXNativeTarget;
			buildConfigurationList = 212DEA9B2012746600FE9C3F /* Build configuration list for PBXNativeTarget "ScriptStarterTests" */;
			buildPhases = (
				AED687FA02368929E7EDBD39 /* [CP] Check Pods Manifest.lock */,
				212DEA802012746600FE9C3F /* Sources */,
				212DEA812012746600FE9C3F /* Frameworks */,
				212DEA822012746600FE9C3F /* Resources */,
			);
			buildRules = (
			);
			dependencies = (
				212DEA862012746600FE9C3F /* PBXTargetDependency */,
			);
			name = ScriptStarterTests;
			productName = ScriptStarterTests;
			productReference = 212DEA842012746600FE9C3F /* ScriptStarterTests.xctest */;
			productType = "com.apple.product-type.bundle.unit-test";
		};
		212DEA8E2012746600FE9C3F /* ScriptStarterUITests */ = {
			isa = PBXNativeTarget;
			buildConfigurationList = 212DEA9E2012746600FE9C3F /* Build configuration list for PBXNativeTarget "ScriptStarterUITests" */;
			buildPhases = (
				73DF576B0CE02DE84AB20F3E /* [CP] Check Pods Manifest.lock */,
				212DEA8B2012746600FE9C3F /* Sources */,
				212DEA8C2012746600FE9C3F /* Frameworks */,
				212DEA8D2012746600FE9C3F /* Resources */,
			);
			buildRules = (
			);
			dependencies = (
				212DEA912012746600FE9C3F /* PBXTargetDependency */,
			);
			name = ScriptStarterUITests;
			productName = ScriptStarterUITests;
			productReference = 212DEA8F2012746600FE9C3F /* ScriptStarterUITests.xctest */;
			productType = "com.apple.product-type.bundle.ui-testing";
		};
/* End PBXNativeTarget section */

/* Begin PBXProject section */
		212DEA682012746500FE9C3F /* Project object */ = {
			isa = PBXProject;
			attributes = {
				LastSwiftUpdateCheck = 0920;
				LastUpgradeCheck = 1010;
				ORGANIZATIONNAME = patrickridd;
				TargetAttributes = {
					212DEA6F2012746500FE9C3F = {
						CreatedOnToolsVersion = 9.2;
						LastSwiftMigration = 1010;
						ProvisioningStyle = Automatic;
						SystemCapabilities = {
							com.apple.InAppPurchase = {
								enabled = 1;
							};
							com.apple.Push = {
								enabled = 1;
							};
							com.apple.SafariKeychain = {
								enabled = 1;
							};
						};
					};
					212DEA832012746600FE9C3F = {
						CreatedOnToolsVersion = 9.2;
						ProvisioningStyle = Automatic;
						TestTargetID = 212DEA6F2012746500FE9C3F;
					};
					212DEA8E2012746600FE9C3F = {
						CreatedOnToolsVersion = 9.2;
						LastSwiftMigration = 1010;
						ProvisioningStyle = Automatic;
						TestTargetID = 212DEA6F2012746500FE9C3F;
					};
				};
			};
			buildConfigurationList = 212DEA6B2012746500FE9C3F /* Build configuration list for PBXProject "ScriptStarter" */;
			compatibilityVersion = "Xcode 8.0";
			developmentRegion = en;
			hasScannedForEncodings = 0;
			knownRegions = (
				en,
				Base,
				es,
				hi,
				fr,
				de,
				ja,
				ko,
				"zh-Hans",
				"hi-IN",
				"zh-Hans-CN",
				hi_IN,
				zh_CN,
			);
			mainGroup = 212DEA672012746500FE9C3F;
			productRefGroup = 212DEA712012746500FE9C3F /* Products */;
			projectDirPath = "";
			projectRoot = "";
			targets = (
				212DEA6F2012746500FE9C3F /* ScriptStarter */,
				212DEA832012746600FE9C3F /* ScriptStarterTests */,
				212DEA8E2012746600FE9C3F /* ScriptStarterUITests */,
			);
		};
/* End PBXProject section */

/* Begin PBXResourcesBuildPhase section */
		212DEA6E2012746500FE9C3F /* Resources */ = {
			isa = PBXResourcesBuildPhase;
			buildActionMask = 2147483647;
			files = (
				212DEA7E2012746500FE9C3F /* LaunchScreen.storyboard in Resources */,
				21843CAA205AE3E900FAAE16 /* Scenes.storyboard in Resources */,
				215DDCD321EFD30800C52B6C /* GoogleService-Info.plist in Resources */,
				2135777F201292E100C5EADC /* Character.storyboard in Resources */,
				2135777C201292AE00C5EADC /* Outline.storyboard in Resources */,
				2136852E220CB9990019A9A8 /* Localizable.strings in Resources */,
				212DEA7B2012746500FE9C3F /* Assets.xcassets in Resources */,
				2101F34E20619442003A90A4 /* Cork_closeup.jpg in Resources */,
				212DEA792012746500FE9C3F /* Main.storyboard in Resources */,
				21368536220E0C090019A9A8 /* InfoPlist.strings in Resources */,
				21A84F4A2016988600CE4149 /* Storyboard.storyboard in Resources */,
			);
			runOnlyForDeploymentPostprocessing = 0;
		};
		212DEA822012746600FE9C3F /* Resources */ = {
			isa = PBXResourcesBuildPhase;
			buildActionMask = 2147483647;
			files = (
				215DDCD421EFD30800C52B6C /* GoogleService-Info.plist in Resources */,
			);
			runOnlyForDeploymentPostprocessing = 0;
		};
		212DEA8D2012746600FE9C3F /* Resources */ = {
			isa = PBXResourcesBuildPhase;
			buildActionMask = 2147483647;
			files = (
				215DDCD521EFD30800C52B6C /* GoogleService-Info.plist in Resources */,
			);
			runOnlyForDeploymentPostprocessing = 0;
		};
/* End PBXResourcesBuildPhase section */

/* Begin PBXShellScriptBuildPhase section */
		061522D48DA15C57BC67AB9B /* [CP] Embed Pods Frameworks */ = {
			isa = PBXShellScriptBuildPhase;
			buildActionMask = 2147483647;
			files = (
			);
			inputPaths = (
				"${PODS_ROOT}/Target Support Files/Pods-ScriptStarter/Pods-ScriptStarter-frameworks.sh",
				"${BUILT_PRODUCTS_DIR}/AppAuth/AppAuth.framework",
				"${BUILT_PRODUCTS_DIR}/FBSDKCoreKit/FBSDKCoreKit.framework",
				"${BUILT_PRODUCTS_DIR}/FBSDKLoginKit/FBSDKLoginKit.framework",
				"${BUILT_PRODUCTS_DIR}/FacebookCore/FacebookCore.framework",
				"${BUILT_PRODUCTS_DIR}/FacebookLogin/FacebookLogin.framework",
				"${BUILT_PRODUCTS_DIR}/FirebaseAuth/FirebaseAuth.framework",
				"${BUILT_PRODUCTS_DIR}/FirebaseCore/FirebaseCore.framework",
				"${BUILT_PRODUCTS_DIR}/FirebaseCoreDiagnostics/FirebaseCoreDiagnostics.framework",
				"${BUILT_PRODUCTS_DIR}/FirebaseDatabase/FirebaseDatabase.framework",
				"${BUILT_PRODUCTS_DIR}/FirebaseDynamicLinks/FirebaseDynamicLinks.framework",
				"${BUILT_PRODUCTS_DIR}/FirebaseInstallations/FirebaseInstallations.framework",
				"${BUILT_PRODUCTS_DIR}/GTMAppAuth/GTMAppAuth.framework",
				"${BUILT_PRODUCTS_DIR}/GTMSessionFetcher/GTMSessionFetcher.framework",
				"${BUILT_PRODUCTS_DIR}/GoogleDataTransport/GoogleDataTransport.framework",
				"${BUILT_PRODUCTS_DIR}/GoogleUtilities/GoogleUtilities.framework",
				"${BUILT_PRODUCTS_DIR}/KMPlaceholderTextView/KMPlaceholderTextView.framework",
				"${BUILT_PRODUCTS_DIR}/MBProgressHUD/MBProgressHUD.framework",
				"${BUILT_PRODUCTS_DIR}/PromisesObjC/FBLPromises.framework",
				"${BUILT_PRODUCTS_DIR}/leveldb-library/leveldb.framework",
				"${BUILT_PRODUCTS_DIR}/mopub-ios-sdk/MoPub.framework",
				"${BUILT_PRODUCTS_DIR}/nanopb/nanopb.framework",
			);
			name = "[CP] Embed Pods Frameworks";
			outputPaths = (
				"${TARGET_BUILD_DIR}/${FRAMEWORKS_FOLDER_PATH}/AppAuth.framework",
				"${TARGET_BUILD_DIR}/${FRAMEWORKS_FOLDER_PATH}/FBSDKCoreKit.framework",
				"${TARGET_BUILD_DIR}/${FRAMEWORKS_FOLDER_PATH}/FBSDKLoginKit.framework",
				"${TARGET_BUILD_DIR}/${FRAMEWORKS_FOLDER_PATH}/FacebookCore.framework",
				"${TARGET_BUILD_DIR}/${FRAMEWORKS_FOLDER_PATH}/FacebookLogin.framework",
				"${TARGET_BUILD_DIR}/${FRAMEWORKS_FOLDER_PATH}/FirebaseAuth.framework",
				"${TARGET_BUILD_DIR}/${FRAMEWORKS_FOLDER_PATH}/FirebaseCore.framework",
				"${TARGET_BUILD_DIR}/${FRAMEWORKS_FOLDER_PATH}/FirebaseCoreDiagnostics.framework",
				"${TARGET_BUILD_DIR}/${FRAMEWORKS_FOLDER_PATH}/FirebaseDatabase.framework",
				"${TARGET_BUILD_DIR}/${FRAMEWORKS_FOLDER_PATH}/FirebaseDynamicLinks.framework",
				"${TARGET_BUILD_DIR}/${FRAMEWORKS_FOLDER_PATH}/FirebaseInstallations.framework",
				"${TARGET_BUILD_DIR}/${FRAMEWORKS_FOLDER_PATH}/GTMAppAuth.framework",
				"${TARGET_BUILD_DIR}/${FRAMEWORKS_FOLDER_PATH}/GTMSessionFetcher.framework",
				"${TARGET_BUILD_DIR}/${FRAMEWORKS_FOLDER_PATH}/GoogleDataTransport.framework",
				"${TARGET_BUILD_DIR}/${FRAMEWORKS_FOLDER_PATH}/GoogleUtilities.framework",
				"${TARGET_BUILD_DIR}/${FRAMEWORKS_FOLDER_PATH}/KMPlaceholderTextView.framework",
				"${TARGET_BUILD_DIR}/${FRAMEWORKS_FOLDER_PATH}/MBProgressHUD.framework",
				"${TARGET_BUILD_DIR}/${FRAMEWORKS_FOLDER_PATH}/FBLPromises.framework",
				"${TARGET_BUILD_DIR}/${FRAMEWORKS_FOLDER_PATH}/leveldb.framework",
				"${TARGET_BUILD_DIR}/${FRAMEWORKS_FOLDER_PATH}/MoPub.framework",
				"${TARGET_BUILD_DIR}/${FRAMEWORKS_FOLDER_PATH}/nanopb.framework",
			);
			runOnlyForDeploymentPostprocessing = 0;
			shellPath = /bin/sh;
			shellScript = "\"${PODS_ROOT}/Target Support Files/Pods-ScriptStarter/Pods-ScriptStarter-frameworks.sh\"\n";
			showEnvVarsInLog = 0;
		};
		2494DCFDB38CE9F215CE9CD1 /* [CP] Copy Pods Resources */ = {
			isa = PBXShellScriptBuildPhase;
			buildActionMask = 2147483647;
			files = (
			);
			inputPaths = (
				"${PODS_ROOT}/Target Support Files/Pods-ScriptStarter/Pods-ScriptStarter-resources.sh",
				"${PODS_ROOT}/GoogleSignIn/Resources/GoogleSignIn.bundle",
			);
			name = "[CP] Copy Pods Resources";
			outputPaths = (
				"${TARGET_BUILD_DIR}/${UNLOCALIZED_RESOURCES_FOLDER_PATH}/GoogleSignIn.bundle",
			);
			runOnlyForDeploymentPostprocessing = 0;
			shellPath = /bin/sh;
			shellScript = "\"${PODS_ROOT}/Target Support Files/Pods-ScriptStarter/Pods-ScriptStarter-resources.sh\"\n";
			showEnvVarsInLog = 0;
		};
		73DF576B0CE02DE84AB20F3E /* [CP] Check Pods Manifest.lock */ = {
			isa = PBXShellScriptBuildPhase;
			buildActionMask = 2147483647;
			files = (
			);
			inputFileListPaths = (
			);
			inputPaths = (
				"${PODS_PODFILE_DIR_PATH}/Podfile.lock",
				"${PODS_ROOT}/Manifest.lock",
			);
			name = "[CP] Check Pods Manifest.lock";
			outputFileListPaths = (
			);
			outputPaths = (
				"$(DERIVED_FILE_DIR)/Pods-ScriptStarterUITests-checkManifestLockResult.txt",
			);
			runOnlyForDeploymentPostprocessing = 0;
			shellPath = /bin/sh;
			shellScript = "diff \"${PODS_PODFILE_DIR_PATH}/Podfile.lock\" \"${PODS_ROOT}/Manifest.lock\" > /dev/null\nif [ $? != 0 ] ; then\n    # print error to STDERR\n    echo \"error: The sandbox is not in sync with the Podfile.lock. Run 'pod install' or update your CocoaPods installation.\" >&2\n    exit 1\nfi\n# This output is used by Xcode 'outputs' to avoid re-running this script phase.\necho \"SUCCESS\" > \"${SCRIPT_OUTPUT_FILE_0}\"\n";
			showEnvVarsInLog = 0;
		};
		AED687FA02368929E7EDBD39 /* [CP] Check Pods Manifest.lock */ = {
			isa = PBXShellScriptBuildPhase;
			buildActionMask = 2147483647;
			files = (
			);
			inputFileListPaths = (
			);
			inputPaths = (
				"${PODS_PODFILE_DIR_PATH}/Podfile.lock",
				"${PODS_ROOT}/Manifest.lock",
			);
			name = "[CP] Check Pods Manifest.lock";
			outputFileListPaths = (
			);
			outputPaths = (
				"$(DERIVED_FILE_DIR)/Pods-ScriptStarterTests-checkManifestLockResult.txt",
			);
			runOnlyForDeploymentPostprocessing = 0;
			shellPath = /bin/sh;
			shellScript = "diff \"${PODS_PODFILE_DIR_PATH}/Podfile.lock\" \"${PODS_ROOT}/Manifest.lock\" > /dev/null\nif [ $? != 0 ] ; then\n    # print error to STDERR\n    echo \"error: The sandbox is not in sync with the Podfile.lock. Run 'pod install' or update your CocoaPods installation.\" >&2\n    exit 1\nfi\n# This output is used by Xcode 'outputs' to avoid re-running this script phase.\necho \"SUCCESS\" > \"${SCRIPT_OUTPUT_FILE_0}\"\n";
			showEnvVarsInLog = 0;
		};
		D3F03A9C6209D6CC416DC4FF /* [CP] Check Pods Manifest.lock */ = {
			isa = PBXShellScriptBuildPhase;
			buildActionMask = 2147483647;
			files = (
			);
			inputFileListPaths = (
			);
			inputPaths = (
				"${PODS_PODFILE_DIR_PATH}/Podfile.lock",
				"${PODS_ROOT}/Manifest.lock",
			);
			name = "[CP] Check Pods Manifest.lock";
			outputFileListPaths = (
			);
			outputPaths = (
				"$(DERIVED_FILE_DIR)/Pods-ScriptStarter-checkManifestLockResult.txt",
			);
			runOnlyForDeploymentPostprocessing = 0;
			shellPath = /bin/sh;
			shellScript = "diff \"${PODS_PODFILE_DIR_PATH}/Podfile.lock\" \"${PODS_ROOT}/Manifest.lock\" > /dev/null\nif [ $? != 0 ] ; then\n    # print error to STDERR\n    echo \"error: The sandbox is not in sync with the Podfile.lock. Run 'pod install' or update your CocoaPods installation.\" >&2\n    exit 1\nfi\n# This output is used by Xcode 'outputs' to avoid re-running this script phase.\necho \"SUCCESS\" > \"${SCRIPT_OUTPUT_FILE_0}\"\n";
			showEnvVarsInLog = 0;
		};
/* End PBXShellScriptBuildPhase section */

/* Begin PBXSourcesBuildPhase section */
		212DEA6C2012746500FE9C3F /* Sources */ = {
			isa = PBXSourcesBuildPhase;
			buildActionMask = 2147483647;
			files = (
				21368528220CB5270019A9A8 /* Extension+String.swift in Sources */,
				2104ADD5205C60080086CC9F /* SceneActNumberPopTableViewController.swift in Sources */,
				211215D4203B5D200039D6E8 /* RolePopoverTableViewController.swift in Sources */,
				2138F8A422207A0900881F4C /* PersonalInfoTableViewCell.swift in Sources */,
				2153C34720757CB900C08B73 /* IAPTableViewCell.swift in Sources */,
				21A7CF5A202A622000D97394 /* ExpandableTableViewSection.swift in Sources */,
				21FE222925A1099800920BE2 /* MoPubAdService.swift in Sources */,
				21D72801202E6A6C00861C2D /* CharacterSection.swift in Sources */,
				21C903D82016528A0017D626 /* LoginViewController.swift in Sources */,
				21E661C12017DBAE006A14AF /* FirebaseController.swift in Sources */,
				2151FC60202260F200CE4823 /* ScreenplayController.swift in Sources */,
				21D727F2202CFD2400861C2D /* Extension+ViewController.swift in Sources */,
				2189FC902057199300A69DC1 /* IAPHelper.swift in Sources */,
				211215D8203B5E680039D6E8 /* RoleTableViewCell.swift in Sources */,
				21D727EE202CE17700861C2D /* ActBeatSectionHeader.swift in Sources */,
				21A7CF542028E60D00D97394 /* ActDetailTableViewController.swift in Sources */,
				2153C3452075608300C08B73 /* Extension+UITextField.swift in Sources */,
				2153C34B207587B500C08B73 /* DeleteAccountTableViewCell.swift in Sources */,
				21099166201F8E1600340124 /* AddScreenplayCollectionViewCell.swift in Sources */,
				2146E3DE203F906B00FBD225 /* SceneTableViewCell.swift in Sources */,
				217AD64B22A08B2E00E5ED41 /* SaveBarButtonItem.swift in Sources */,
				21A7CF502025039800D97394 /* CharacterDetailTableViewController.swift in Sources */,
				21A84F482016840300CE4149 /* Screenplay.swift in Sources */,
				21916C6821FBCD2E00C6F024 /* Constants.swift in Sources */,
				21A7CF582028EC8400D97394 /* Extension+UITableViewCell.swift in Sources */,
				215829CB20755B1F00CEAC0A /* ChangePasswordTableViewCell.swift in Sources */,
				21A7CF492023B00000D97394 /* CharacterTableViewController.swift in Sources */,
				21D727FD202E332300861C2D /* InformationPopTableViewCell.swift in Sources */,
				2128EF2420200B7500AF156E /* EnlargedDescriptionTableViewController.swift in Sources */,
				2106EF2F24C0CB1D009DEB47 /* AmazonAdService.swift in Sources */,
				218E8462203F379000D0D652 /* Scene.swift in Sources */,
				21A7CF4B2023B02D00D97394 /* Character.swift in Sources */,
				218E8460203E3D9500D0D652 /* NoCharacterTableViewCell.swift in Sources */,
				21A7CF4E2023B4D200D97394 /* CharacterTableViewCell.swift in Sources */,
				21D727F0202CEB8500861C2D /* ViewController.swift in Sources */,
				211215C5203652520039D6E8 /* BasicInfoCharacterTableViewCell.swift in Sources */,
				21A7CF68202A683800D97394 /* Act3.swift in Sources */,
				21D3FA1D220277870058D8AE /* Extension+NotificationCenter.swift in Sources */,
				21F8AA8120322AFC0008B4C1 /* Extension+UITableViewController.swift in Sources */,
				21A7CF64202A672100D97394 /* Act1.swift in Sources */,
				21E661BF2017C236006A14AF /* OutlineTableViewController.swift in Sources */,
				21A7CF66202A67D600D97394 /* Act2.swift in Sources */,
				2101F3532061E944003A90A4 /* CharacterTableViewSection.swift in Sources */,
				21D727F4202E0D1A00861C2D /* SectionHeaderSubtitle.swift in Sources */,
				21E661C820192E66006A14AF /* SignUpViewController.swift in Sources */,
				21D727FB202E32D500861C2D /* InformationPopTableViewController.swift in Sources */,
				21A7CF6A202A6D3A00D97394 /* Act.swift in Sources */,
				2104ADD9205C7F270086CC9F /* SceneController.swift in Sources */,
				211215D6203B5DC30039D6E8 /* Role.swift in Sources */,
				21A8C33D2391C296008AEB95 /* PdfHelper.swift in Sources */,
				211800DA20238A1200F33924 /* ScreenplayCollectionViewCell.swift in Sources */,
				2189FC92205719F900A69DC1 /* InAppPurchases.swift in Sources */,
				212DEA742012746500FE9C3F /* AppDelegate.swift in Sources */,
				2153C349207586EA00C08B73 /* ShareTableViewCell.swift in Sources */,
				218E8464203F841400D0D652 /* SceneHeader.swift in Sources */,
				21099168201FD4CF00340124 /* SectionHeaderView.swift in Sources */,
				21E661BD2017B1F6006A14AF /* DescriptionTableViewCell.swift in Sources */,
				21526C9D20409EE100B14402 /* SceneDetailTableViewController.swift in Sources */,
				21B8FB88201AA656000A8721 /* ScreenplayTabBarController.swift in Sources */,
				21AE274F205ADA5300C44A52 /* ScenesTableViewController.swift in Sources */,
				21B8FB84201A93D0000A8721 /* ScreenplayPageViewController.swift in Sources */,
				21075ACA256611080049D09B /* FacebookAdService.swift in Sources */,
				21A84F46201683D500CE4149 /* ScreenplayCollectionViewController.swift in Sources */,
				21E661C620190E3E006A14AF /* UIAlertControllers.swift in Sources */,
				2104ADD7205C60CB0086CC9F /* ActNumberPopTableViewCell.swift in Sources */,
				210C07DC22C81B2200F66D7B /* SaveButton.swift in Sources */,
				21E661C42017F979006A14AF /* Extension+UIColor.swift in Sources */,
				21A7CF522028E45300D97394 /* CollapsibleHeaderView.swift in Sources */,
				21D727FF202E41DD00861C2D /* InformationNotes.swift in Sources */,
				2153C34320755F2300C08B73 /* SettingsTableViewController.swift in Sources */,
				21B8FB82201A922D000A8721 /* ScreenplayCoverViewController.swift in Sources */,
			);
			runOnlyForDeploymentPostprocessing = 0;
		};
		212DEA802012746600FE9C3F /* Sources */ = {
			isa = PBXSourcesBuildPhase;
			buildActionMask = 2147483647;
			files = (
			);
			runOnlyForDeploymentPostprocessing = 0;
		};
		212DEA8B2012746600FE9C3F /* Sources */ = {
			isa = PBXSourcesBuildPhase;
			buildActionMask = 2147483647;
			files = (
			);
			runOnlyForDeploymentPostprocessing = 0;
		};
/* End PBXSourcesBuildPhase section */

/* Begin PBXTargetDependency section */
		212DEA862012746600FE9C3F /* PBXTargetDependency */ = {
			isa = PBXTargetDependency;
			target = 212DEA6F2012746500FE9C3F /* ScriptStarter */;
			targetProxy = 212DEA852012746600FE9C3F /* PBXContainerItemProxy */;
		};
		212DEA912012746600FE9C3F /* PBXTargetDependency */ = {
			isa = PBXTargetDependency;
			target = 212DEA6F2012746500FE9C3F /* ScriptStarter */;
			targetProxy = 212DEA902012746600FE9C3F /* PBXContainerItemProxy */;
		};
/* End PBXTargetDependency section */

/* Begin PBXVariantGroup section */
		212DEA772012746500FE9C3F /* Main.storyboard */ = {
			isa = PBXVariantGroup;
			children = (
				212DEA782012746500FE9C3F /* Base */,
				21B2560922272AA600C8F147 /* es */,
				21B2560B22272AAC00C8F147 /* hi */,
				21B2560D22272AB300C8F147 /* fr */,
				21B2560F22272ABA00C8F147 /* de */,
				21B2561122272AC100C8F147 /* ja */,
				21B2561322272AC800C8F147 /* ko */,
				21B2561522272ACE00C8F147 /* zh-Hans */,
				217DF0F022288FAF00C7A543 /* en */,
				21C8D3CE22289485004EC055 /* hi-IN */,
				21319B202228956500F4F588 /* zh-Hans-CN */,
			);
			name = Main.storyboard;
			sourceTree = "<group>";
		};
		212DEA7C2012746500FE9C3F /* LaunchScreen.storyboard */ = {
			isa = PBXVariantGroup;
			children = (
				212DEA7D2012746500FE9C3F /* Base */,
				21368526220CB3C10019A9A8 /* es */,
				2136853E220E0F0D0019A9A8 /* hi */,
				21368545220E0F940019A9A8 /* fr */,
				2136854C220E0F9E0019A9A8 /* de */,
				21368553220E0FB20019A9A8 /* ja */,
				2136855A220E10340019A9A8 /* ko */,
				21BF3104221B520600DB3DF5 /* zh-Hans */,
			);
			name = LaunchScreen.storyboard;
			sourceTree = "<group>";
		};
		2135777A201292AE00C5EADC /* Outline.storyboard */ = {
			isa = PBXVariantGroup;
			children = (
				2135777B201292AE00C5EADC /* Base */,
				21B255F622272A5100C8F147 /* es */,
				21B255FA22272A5B00C8F147 /* fr */,
				21B255FC22272A5E00C8F147 /* de */,
				21B255FE22272A6000C8F147 /* ja */,
				21B2560022272A6300C8F147 /* ko */,
				217DF0F222288FB700C7A543 /* en */,
				21C8D3CF22289485004EC055 /* hi-IN */,
				21319B212228956500F4F588 /* zh-Hans-CN */,
				218CDC4E2228AD5E004419D1 /* zh-Hans */,
			);
			name = Outline.storyboard;
			sourceTree = "<group>";
		};
		2135777D201292E100C5EADC /* Character.storyboard */ = {
			isa = PBXVariantGroup;
			children = (
				2135777E201292E100C5EADC /* Base */,
				21BF3116221B664800DB3DF5 /* es */,
				21BF311A221B664D00DB3DF5 /* fr */,
				21BF311C221B665000DB3DF5 /* de */,
				21BF311E221B665300DB3DF5 /* ja */,
				21BF3120221B665700DB3DF5 /* ko */,
				217DF0F422288FBB00C7A543 /* en */,
				21C8D3CC22289485004EC055 /* hi-IN */,
				21319B1E2228956500F4F588 /* zh-Hans-CN */,
				218CDC4C2228AD5E004419D1 /* zh-Hans */,
			);
			name = Character.storyboard;
			sourceTree = "<group>";
		};
		21368530220CB9990019A9A8 /* Localizable.strings */ = {
			isa = PBXVariantGroup;
			children = (
				2136852F220CB9990019A9A8 /* en */,
				21BF30FA22177F1D00DB3DF5 /* es */,
				21BF30FC22177F2900DB3DF5 /* fr */,
				21BF30FD22177F2C00DB3DF5 /* de */,
				21BF30FE22177F2F00DB3DF5 /* ja */,
				21BF30FF22177F3100DB3DF5 /* ko */,
				21C8D3CB22289485004EC055 /* hi-IN */,
				21319B1D2228956500F4F588 /* zh-Hans-CN */,
				218CDC4B2228AD5E004419D1 /* zh-Hans */,
			);
			name = Localizable.strings;
			sourceTree = "<group>";
		};
		21368538220E0C090019A9A8 /* InfoPlist.strings */ = {
			isa = PBXVariantGroup;
			children = (
				21368537220E0C090019A9A8 /* en */,
				21368539220E0C0B0019A9A8 /* es */,
				21368547220E0F940019A9A8 /* fr */,
				2136854E220E0F9E0019A9A8 /* de */,
				21368555220E0FB30019A9A8 /* ja */,
				2136855C220E10350019A9A8 /* ko */,
				21C8D3CA22289485004EC055 /* hi-IN */,
				21319B1C2228956500F4F588 /* zh-Hans-CN */,
				218CDC4A2228AD5E004419D1 /* zh-Hans */,
			);
			name = InfoPlist.strings;
			sourceTree = "<group>";
		};
		21843CAC205AE3E900FAAE16 /* Scenes.storyboard */ = {
			isa = PBXVariantGroup;
			children = (
				21843CAB205AE3E900FAAE16 /* Base */,
				21B255E822272A1700C8F147 /* es */,
				21B255EC22272A1C00C8F147 /* fr */,
				21B255EE22272A1F00C8F147 /* de */,
				21B255F022272A2200C8F147 /* ja */,
				21B255F222272A2600C8F147 /* ko */,
				217DF0F622288FBF00C7A543 /* en */,
				21C8D3CD22289485004EC055 /* hi-IN */,
				21319B1F2228956500F4F588 /* zh-Hans-CN */,
				218CDC4D2228AD5E004419D1 /* zh-Hans */,
			);
			name = Scenes.storyboard;
			sourceTree = "<group>";
		};
/* End PBXVariantGroup section */

/* Begin XCBuildConfiguration section */
		212DEA962012746600FE9C3F /* Debug */ = {
			isa = XCBuildConfiguration;
			buildSettings = {
				ALWAYS_SEARCH_USER_PATHS = NO;
				CLANG_ANALYZER_LOCALIZABILITY_NONLOCALIZED = YES;
				CLANG_ANALYZER_NONNULL = YES;
				CLANG_ANALYZER_NUMBER_OBJECT_CONVERSION = YES_AGGRESSIVE;
				CLANG_CXX_LANGUAGE_STANDARD = "gnu++14";
				CLANG_CXX_LIBRARY = "libc++";
				CLANG_ENABLE_MODULES = YES;
				CLANG_ENABLE_OBJC_ARC = YES;
				CLANG_WARN_BLOCK_CAPTURE_AUTORELEASING = YES;
				CLANG_WARN_BOOL_CONVERSION = YES;
				CLANG_WARN_COMMA = YES;
				CLANG_WARN_CONSTANT_CONVERSION = YES;
				CLANG_WARN_DEPRECATED_OBJC_IMPLEMENTATIONS = YES;
				CLANG_WARN_DIRECT_OBJC_ISA_USAGE = YES_ERROR;
				CLANG_WARN_DOCUMENTATION_COMMENTS = YES;
				CLANG_WARN_EMPTY_BODY = YES;
				CLANG_WARN_ENUM_CONVERSION = YES;
				CLANG_WARN_INFINITE_RECURSION = YES;
				CLANG_WARN_INT_CONVERSION = YES;
				CLANG_WARN_NON_LITERAL_NULL_CONVERSION = YES;
				CLANG_WARN_OBJC_IMPLICIT_RETAIN_SELF = YES;
				CLANG_WARN_OBJC_LITERAL_CONVERSION = YES;
				CLANG_WARN_OBJC_ROOT_CLASS = YES_ERROR;
				CLANG_WARN_RANGE_LOOP_ANALYSIS = YES;
				CLANG_WARN_STRICT_PROTOTYPES = YES;
				CLANG_WARN_SUSPICIOUS_MOVE = YES;
				CLANG_WARN_UNGUARDED_AVAILABILITY = YES_AGGRESSIVE;
				CLANG_WARN_UNREACHABLE_CODE = YES;
				CLANG_WARN__DUPLICATE_METHOD_MATCH = YES;
				CODE_SIGN_IDENTITY = "iPhone Developer";
				COPY_PHASE_STRIP = NO;
				DEBUG_INFORMATION_FORMAT = dwarf;
				ENABLE_BITCODE = NO;
				ENABLE_STRICT_OBJC_MSGSEND = YES;
				ENABLE_TESTABILITY = YES;
				GCC_C_LANGUAGE_STANDARD = gnu11;
				GCC_DYNAMIC_NO_PIC = NO;
				GCC_NO_COMMON_BLOCKS = YES;
				GCC_OPTIMIZATION_LEVEL = 0;
				GCC_PREPROCESSOR_DEFINITIONS = (
					"DEBUG=1",
					"$(inherited)",
				);
				GCC_WARN_64_TO_32_BIT_CONVERSION = YES;
				GCC_WARN_ABOUT_RETURN_TYPE = YES_ERROR;
				GCC_WARN_UNDECLARED_SELECTOR = YES;
				GCC_WARN_UNINITIALIZED_AUTOS = YES_AGGRESSIVE;
				GCC_WARN_UNUSED_FUNCTION = YES;
				GCC_WARN_UNUSED_VARIABLE = YES;
				IPHONEOS_DEPLOYMENT_TARGET = 11.2;
				MTL_ENABLE_DEBUG_INFO = YES;
				ONLY_ACTIVE_ARCH = YES;
				SDKROOT = iphoneos;
				SWIFT_ACTIVE_COMPILATION_CONDITIONS = DEBUG;
				SWIFT_OBJC_BRIDGING_HEADER = "/Users/patrickridd/Documents/Xcode Projects/ScriptStarter.nosync/ScriptStarter/ScriptStarter-Bridging-Header.h";
				SWIFT_OPTIMIZATION_LEVEL = "-Onone";
			};
			name = Debug;
		};
		212DEA972012746600FE9C3F /* Release */ = {
			isa = XCBuildConfiguration;
			buildSettings = {
				ALWAYS_SEARCH_USER_PATHS = NO;
				CLANG_ANALYZER_LOCALIZABILITY_NONLOCALIZED = YES;
				CLANG_ANALYZER_NONNULL = YES;
				CLANG_ANALYZER_NUMBER_OBJECT_CONVERSION = YES_AGGRESSIVE;
				CLANG_CXX_LANGUAGE_STANDARD = "gnu++14";
				CLANG_CXX_LIBRARY = "libc++";
				CLANG_ENABLE_MODULES = YES;
				CLANG_ENABLE_OBJC_ARC = YES;
				CLANG_WARN_BLOCK_CAPTURE_AUTORELEASING = YES;
				CLANG_WARN_BOOL_CONVERSION = YES;
				CLANG_WARN_COMMA = YES;
				CLANG_WARN_CONSTANT_CONVERSION = YES;
				CLANG_WARN_DEPRECATED_OBJC_IMPLEMENTATIONS = YES;
				CLANG_WARN_DIRECT_OBJC_ISA_USAGE = YES_ERROR;
				CLANG_WARN_DOCUMENTATION_COMMENTS = YES;
				CLANG_WARN_EMPTY_BODY = YES;
				CLANG_WARN_ENUM_CONVERSION = YES;
				CLANG_WARN_INFINITE_RECURSION = YES;
				CLANG_WARN_INT_CONVERSION = YES;
				CLANG_WARN_NON_LITERAL_NULL_CONVERSION = YES;
				CLANG_WARN_OBJC_IMPLICIT_RETAIN_SELF = YES;
				CLANG_WARN_OBJC_LITERAL_CONVERSION = YES;
				CLANG_WARN_OBJC_ROOT_CLASS = YES_ERROR;
				CLANG_WARN_RANGE_LOOP_ANALYSIS = YES;
				CLANG_WARN_STRICT_PROTOTYPES = YES;
				CLANG_WARN_SUSPICIOUS_MOVE = YES;
				CLANG_WARN_UNGUARDED_AVAILABILITY = YES_AGGRESSIVE;
				CLANG_WARN_UNREACHABLE_CODE = YES;
				CLANG_WARN__DUPLICATE_METHOD_MATCH = YES;
				CODE_SIGN_IDENTITY = "iPhone Developer";
				COPY_PHASE_STRIP = NO;
				DEBUG_INFORMATION_FORMAT = "dwarf-with-dsym";
				ENABLE_BITCODE = NO;
				ENABLE_NS_ASSERTIONS = NO;
				ENABLE_STRICT_OBJC_MSGSEND = YES;
				GCC_C_LANGUAGE_STANDARD = gnu11;
				GCC_NO_COMMON_BLOCKS = YES;
				GCC_WARN_64_TO_32_BIT_CONVERSION = YES;
				GCC_WARN_ABOUT_RETURN_TYPE = YES_ERROR;
				GCC_WARN_UNDECLARED_SELECTOR = YES;
				GCC_WARN_UNINITIALIZED_AUTOS = YES_AGGRESSIVE;
				GCC_WARN_UNUSED_FUNCTION = YES;
				GCC_WARN_UNUSED_VARIABLE = YES;
				IPHONEOS_DEPLOYMENT_TARGET = 11.2;
				MTL_ENABLE_DEBUG_INFO = NO;
				SDKROOT = iphoneos;
				SWIFT_OBJC_BRIDGING_HEADER = "/Users/patrickridd/Documents/Xcode Projects/ScriptStarter.nosync/ScriptStarter/ScriptStarter-Bridging-Header.h";
				SWIFT_OPTIMIZATION_LEVEL = "-Owholemodule";
				VALIDATE_PRODUCT = YES;
			};
			name = Release;
		};
		212DEA992012746600FE9C3F /* Debug */ = {
			isa = XCBuildConfiguration;
			baseConfigurationReference = C65E223E3C16882FBAC909C4 /* Pods-ScriptStarter.debug.xcconfig */;
			buildSettings = {
				ASSETCATALOG_COMPILER_APPICON_NAME = AppIcon;
				CODE_SIGN_ALLOW_ENTITLEMENTS_MODIFICATION = YES;
				CODE_SIGN_ENTITLEMENTS = ScriptStarter/ScriptStarter.entitlements;
				CODE_SIGN_STYLE = Automatic;
				CURRENT_PROJECT_VERSION = 22;
				DEVELOPMENT_TEAM = CVQEUYD92N;
				ENABLE_BITCODE = NO;
				FRAMEWORK_SEARCH_PATHS = (
					"$(inherited)",
					"$(PROJECT_DIR)",
				);
				HEADER_SEARCH_PATHS = (
					"$(inherited)",
					"\"${PODS_CONFIGURATION_BUILD_DIR}/AppAuth/AppAuth.framework/Headers\"",
					"\"${PODS_CONFIGURATION_BUILD_DIR}/FBSDKCoreKit/FBSDKCoreKit.framework/Headers\"",
					"\"${PODS_CONFIGURATION_BUILD_DIR}/FBSDKLoginKit/FBSDKLoginKit.framework/Headers\"",
					"\"${PODS_CONFIGURATION_BUILD_DIR}/FacebookCore/FacebookCore.framework/Headers\"",
					"\"${PODS_CONFIGURATION_BUILD_DIR}/FacebookLogin/FacebookLogin.framework/Headers\"",
					"\"${PODS_CONFIGURATION_BUILD_DIR}/FirebaseAuth/FirebaseAuth.framework/Headers\"",
					"\"${PODS_CONFIGURATION_BUILD_DIR}/FirebaseCore/FirebaseCore.framework/Headers\"",
					"\"${PODS_CONFIGURATION_BUILD_DIR}/FirebaseCoreDiagnostics/FirebaseCoreDiagnostics.framework/Headers\"",
					"\"${PODS_CONFIGURATION_BUILD_DIR}/FirebaseDatabase/FirebaseDatabase.framework/Headers\"",
					"\"${PODS_CONFIGURATION_BUILD_DIR}/FirebaseDynamicLinks/FirebaseDynamicLinks.framework/Headers\"",
					"\"${PODS_CONFIGURATION_BUILD_DIR}/FirebaseInstallations/FirebaseInstallations.framework/Headers\"",
					"\"${PODS_CONFIGURATION_BUILD_DIR}/GTMAppAuth/GTMAppAuth.framework/Headers\"",
					"\"${PODS_CONFIGURATION_BUILD_DIR}/GTMSessionFetcher/GTMSessionFetcher.framework/Headers\"",
					"\"${PODS_CONFIGURATION_BUILD_DIR}/GoogleDataTransport/GoogleDataTransport.framework/Headers\"",
					"\"${PODS_CONFIGURATION_BUILD_DIR}/GoogleUtilities/GoogleUtilities.framework/Headers\"",
					"\"${PODS_CONFIGURATION_BUILD_DIR}/KMPlaceholderTextView/KMPlaceholderTextView.framework/Headers\"",
					"\"${PODS_CONFIGURATION_BUILD_DIR}/MBProgressHUD/MBProgressHUD.framework/Headers\"",
					"\"${PODS_CONFIGURATION_BUILD_DIR}/PromisesObjC/FBLPromises.framework/Headers\"",
					"\"${PODS_CONFIGURATION_BUILD_DIR}/leveldb-library/leveldb.framework/Headers\"",
					"\"${PODS_CONFIGURATION_BUILD_DIR}/nanopb/nanopb.framework/Headers\"",
					"\"${PODS_ROOT}/Headers/Public\"",
					"\"${PODS_ROOT}/Headers/Public/Firebase\"",
					"$(inherited)",
					"${PODS_ROOT}/Firebase/CoreOnly/Sources",
					"\"${PODS_TARGET_SRCROOT}/Sources/FBLPromises/include\"",
					"$(PROJECT_DIR)",
				);
				INFOPLIST_FILE = ScriptStarter/Info.plist;
				LD_RUNPATH_SEARCH_PATHS = "$(inherited) @executable_path/Frameworks";
				MARKETING_VERSION = 1.5.7;
				PRODUCT_BUNDLE_IDENTIFIER = com.patrickridd.ScriptStarter;
				PRODUCT_NAME = "$(TARGET_NAME)";
				SWIFT_OBJC_BRIDGING_HEADER = "/Users/patrickridd/Documents/Xcode Projects/ScriptStarter.nosync/ScriptStarter/ScriptStarter-Bridging-Header.h";
				SWIFT_VERSION = 4.2;
				TARGETED_DEVICE_FAMILY = "1,2";
			};
			name = Debug;
		};
		212DEA9A2012746600FE9C3F /* Release */ = {
			isa = XCBuildConfiguration;
			baseConfigurationReference = 6E6714C5F93E9C2A4B25DF9A /* Pods-ScriptStarter.release.xcconfig */;
			buildSettings = {
				ASSETCATALOG_COMPILER_APPICON_NAME = AppIcon;
				CODE_SIGN_ALLOW_ENTITLEMENTS_MODIFICATION = YES;
				CODE_SIGN_ENTITLEMENTS = ScriptStarter/ScriptStarter.entitlements;
				CODE_SIGN_STYLE = Automatic;
				CURRENT_PROJECT_VERSION = 22;
				DEVELOPMENT_TEAM = CVQEUYD92N;
				ENABLE_BITCODE = NO;
				FRAMEWORK_SEARCH_PATHS = (
					"$(inherited)",
					"$(PROJECT_DIR)",
				);
				HEADER_SEARCH_PATHS = (
					"$(inherited)",
					"\"${PODS_CONFIGURATION_BUILD_DIR}/AppAuth/AppAuth.framework/Headers\"",
					"\"${PODS_CONFIGURATION_BUILD_DIR}/FBSDKCoreKit/FBSDKCoreKit.framework/Headers\"",
					"\"${PODS_CONFIGURATION_BUILD_DIR}/FBSDKLoginKit/FBSDKLoginKit.framework/Headers\"",
					"\"${PODS_CONFIGURATION_BUILD_DIR}/FacebookCore/FacebookCore.framework/Headers\"",
					"\"${PODS_CONFIGURATION_BUILD_DIR}/FacebookLogin/FacebookLogin.framework/Headers\"",
					"\"${PODS_CONFIGURATION_BUILD_DIR}/FirebaseAuth/FirebaseAuth.framework/Headers\"",
					"\"${PODS_CONFIGURATION_BUILD_DIR}/FirebaseCore/FirebaseCore.framework/Headers\"",
					"\"${PODS_CONFIGURATION_BUILD_DIR}/FirebaseCoreDiagnostics/FirebaseCoreDiagnostics.framework/Headers\"",
					"\"${PODS_CONFIGURATION_BUILD_DIR}/FirebaseDatabase/FirebaseDatabase.framework/Headers\"",
					"\"${PODS_CONFIGURATION_BUILD_DIR}/FirebaseDynamicLinks/FirebaseDynamicLinks.framework/Headers\"",
					"\"${PODS_CONFIGURATION_BUILD_DIR}/FirebaseInstallations/FirebaseInstallations.framework/Headers\"",
					"\"${PODS_CONFIGURATION_BUILD_DIR}/GTMAppAuth/GTMAppAuth.framework/Headers\"",
					"\"${PODS_CONFIGURATION_BUILD_DIR}/GTMSessionFetcher/GTMSessionFetcher.framework/Headers\"",
					"\"${PODS_CONFIGURATION_BUILD_DIR}/GoogleDataTransport/GoogleDataTransport.framework/Headers\"",
					"\"${PODS_CONFIGURATION_BUILD_DIR}/GoogleUtilities/GoogleUtilities.framework/Headers\"",
					"\"${PODS_CONFIGURATION_BUILD_DIR}/KMPlaceholderTextView/KMPlaceholderTextView.framework/Headers\"",
					"\"${PODS_CONFIGURATION_BUILD_DIR}/MBProgressHUD/MBProgressHUD.framework/Headers\"",
					"\"${PODS_CONFIGURATION_BUILD_DIR}/PromisesObjC/FBLPromises.framework/Headers\"",
					"\"${PODS_CONFIGURATION_BUILD_DIR}/leveldb-library/leveldb.framework/Headers\"",
					"\"${PODS_CONFIGURATION_BUILD_DIR}/nanopb/nanopb.framework/Headers\"",
					"\"${PODS_ROOT}/Headers/Public\"",
					"\"${PODS_ROOT}/Headers/Public/Firebase\"",
					"$(inherited)",
					"${PODS_ROOT}/Firebase/CoreOnly/Sources",
					"\"${PODS_TARGET_SRCROOT}/Sources/FBLPromises/include\"",
					"$(PROJECT_DIR)",
				);
				INFOPLIST_FILE = ScriptStarter/Info.plist;
				LD_RUNPATH_SEARCH_PATHS = "$(inherited) @executable_path/Frameworks";
				MARKETING_VERSION = 1.5.7;
				PRODUCT_BUNDLE_IDENTIFIER = com.patrickridd.ScriptStarter;
				PRODUCT_NAME = "$(TARGET_NAME)";
				SWIFT_OBJC_BRIDGING_HEADER = "/Users/patrickridd/Documents/Xcode Projects/ScriptStarter.nosync/ScriptStarter/ScriptStarter-Bridging-Header.h";
				SWIFT_VERSION = 4.2;
				TARGETED_DEVICE_FAMILY = "1,2";
			};
			name = Release;
		};
		212DEA9C2012746600FE9C3F /* Debug */ = {
			isa = XCBuildConfiguration;
			baseConfigurationReference = 61D4BF7EA740BA383722CB89 /* Pods-ScriptStarterTests.debug.xcconfig */;
			buildSettings = {
				ALWAYS_EMBED_SWIFT_STANDARD_LIBRARIES = YES;
				BUNDLE_LOADER = "$(TEST_HOST)";
				CODE_SIGN_STYLE = Automatic;
				DEVELOPMENT_TEAM = CVQEUYD92N;
				INFOPLIST_FILE = ScriptStarterTests/Info.plist;
				LD_RUNPATH_SEARCH_PATHS = "$(inherited) @executable_path/Frameworks @loader_path/Frameworks";
				PRODUCT_BUNDLE_IDENTIFIER = com.SoftwareTechnologyGroup.ScriptStarterTests;
				PRODUCT_NAME = "$(TARGET_NAME)";
				SWIFT_VERSION = 4.0;
				TARGETED_DEVICE_FAMILY = "1,2";
				TEST_HOST = "$(BUILT_PRODUCTS_DIR)/ScriptStarter.app/ScriptStarter";
			};
			name = Debug;
		};
		212DEA9D2012746600FE9C3F /* Release */ = {
			isa = XCBuildConfiguration;
			baseConfigurationReference = A90AAFBD74589C04D5AFD4A3 /* Pods-ScriptStarterTests.release.xcconfig */;
			buildSettings = {
				ALWAYS_EMBED_SWIFT_STANDARD_LIBRARIES = YES;
				BUNDLE_LOADER = "$(TEST_HOST)";
				CODE_SIGN_STYLE = Automatic;
				DEVELOPMENT_TEAM = CVQEUYD92N;
				INFOPLIST_FILE = ScriptStarterTests/Info.plist;
				LD_RUNPATH_SEARCH_PATHS = "$(inherited) @executable_path/Frameworks @loader_path/Frameworks";
				PRODUCT_BUNDLE_IDENTIFIER = com.SoftwareTechnologyGroup.ScriptStarterTests;
				PRODUCT_NAME = "$(TARGET_NAME)";
				SWIFT_VERSION = 4.0;
				TARGETED_DEVICE_FAMILY = "1,2";
				TEST_HOST = "$(BUILT_PRODUCTS_DIR)/ScriptStarter.app/ScriptStarter";
			};
			name = Release;
		};
		212DEA9F2012746600FE9C3F /* Debug */ = {
			isa = XCBuildConfiguration;
			baseConfigurationReference = E05667BD26EECBA1DE23880B /* Pods-ScriptStarterUITests.debug.xcconfig */;
			buildSettings = {
				ALWAYS_EMBED_SWIFT_STANDARD_LIBRARIES = YES;
				CODE_SIGN_STYLE = Automatic;
				DEVELOPMENT_TEAM = CVQEUYD92N;
				INFOPLIST_FILE = ScriptStarterUITests/Info.plist;
				LD_RUNPATH_SEARCH_PATHS = "$(inherited) @executable_path/Frameworks @loader_path/Frameworks";
				PRODUCT_BUNDLE_IDENTIFIER = com.SoftwareTechnologyGroup.ScriptStarterUITests;
				PRODUCT_NAME = "$(TARGET_NAME)";
				SWIFT_VERSION = 4.2;
				TARGETED_DEVICE_FAMILY = "1,2";
				TEST_TARGET_NAME = ScriptStarter;
			};
			name = Debug;
		};
		212DEAA02012746600FE9C3F /* Release */ = {
			isa = XCBuildConfiguration;
			baseConfigurationReference = BBC73FCF95E64B5ECAB90A22 /* Pods-ScriptStarterUITests.release.xcconfig */;
			buildSettings = {
				ALWAYS_EMBED_SWIFT_STANDARD_LIBRARIES = YES;
				CODE_SIGN_STYLE = Automatic;
				DEVELOPMENT_TEAM = CVQEUYD92N;
				INFOPLIST_FILE = ScriptStarterUITests/Info.plist;
				LD_RUNPATH_SEARCH_PATHS = "$(inherited) @executable_path/Frameworks @loader_path/Frameworks";
				PRODUCT_BUNDLE_IDENTIFIER = com.SoftwareTechnologyGroup.ScriptStarterUITests;
				PRODUCT_NAME = "$(TARGET_NAME)";
				SWIFT_VERSION = 4.2;
				TARGETED_DEVICE_FAMILY = "1,2";
				TEST_TARGET_NAME = ScriptStarter;
			};
			name = Release;
		};
/* End XCBuildConfiguration section */

/* Begin XCConfigurationList section */
		212DEA6B2012746500FE9C3F /* Build configuration list for PBXProject "ScriptStarter" */ = {
			isa = XCConfigurationList;
			buildConfigurations = (
				212DEA962012746600FE9C3F /* Debug */,
				212DEA972012746600FE9C3F /* Release */,
			);
			defaultConfigurationIsVisible = 0;
			defaultConfigurationName = Release;
		};
		212DEA982012746600FE9C3F /* Build configuration list for PBXNativeTarget "ScriptStarter" */ = {
			isa = XCConfigurationList;
			buildConfigurations = (
				212DEA992012746600FE9C3F /* Debug */,
				212DEA9A2012746600FE9C3F /* Release */,
			);
			defaultConfigurationIsVisible = 0;
			defaultConfigurationName = Release;
		};
		212DEA9B2012746600FE9C3F /* Build configuration list for PBXNativeTarget "ScriptStarterTests" */ = {
			isa = XCConfigurationList;
			buildConfigurations = (
				212DEA9C2012746600FE9C3F /* Debug */,
				212DEA9D2012746600FE9C3F /* Release */,
			);
			defaultConfigurationIsVisible = 0;
			defaultConfigurationName = Release;
		};
		212DEA9E2012746600FE9C3F /* Build configuration list for PBXNativeTarget "ScriptStarterUITests" */ = {
			isa = XCConfigurationList;
			buildConfigurations = (
				212DEA9F2012746600FE9C3F /* Debug */,
				212DEAA02012746600FE9C3F /* Release */,
			);
			defaultConfigurationIsVisible = 0;
			defaultConfigurationName = Release;
		};
/* End XCConfigurationList section */
	};
	rootObject = 212DEA682012746500FE9C3F /* Project object */;
}
