// !$*UTF8*$!
{
	archiveVersion = 1;
	classes = {
	};
	objectVersion = 77;
	objects = {

/* Begin PBXBuildFile section */
		1AE9F33C0AC7835D333CD023 /* FeatureAuth in Frameworks */ = {isa = PBXBuildFile; productRef = BFC393A64A759EC30DD68B6D /* FeatureAuth */; };
		6148298D7C9342E4D37159CF /* Assets.xcassets in Resources */ = {isa = PBXBuildFile; fileRef = 64CC80C3088047540BCB9678 /* Assets.xcassets */; };
		8F1F063FB583A6FEB7B064E7 /* FeatureAuthDemoApp.swift in Sources */ = {isa = PBXBuildFile; fileRef = 8B779146D38930C22CE64F58 /* FeatureAuthDemoApp.swift */; };
		B77359323B6E353021AB130A /* LaunchScreen.storyboard in Resources */ = {isa = PBXBuildFile; fileRef = 7E1B5B818289B759027BECCB /* LaunchScreen.storyboard */; };
/* End PBXBuildFile section */

/* Begin PBXFileReference section */
		64CC80C3088047540BCB9678 /* Assets.xcassets */ = {isa = PBXFileReference; lastKnownFileType = folder.assetcatalog; path = Assets.xcassets; sourceTree = "<group>"; };
		8B779146D38930C22CE64F58 /* FeatureAuthDemoApp.swift */ = {isa = PBXFileReference; lastKnownFileType = sourcecode.swift; path = FeatureAuthDemoApp.swift; sourceTree = "<group>"; };
		D267A5FA8E4070E763ECE5E2 /* FeatureAuth-Package */ = {isa = PBXFileReference; lastKnownFileType = folder; name = "FeatureAuth-Package"; path = "FeatureAuth-Package"; sourceTree = SOURCE_ROOT; };
		DE7D206F1FFD9A044459409F /* FeatureAuth-Dev.app */ = {isa = PBXFileReference; includeInIndex = 0; lastKnownFileType = wrapper.application; path = "FeatureAuth-Dev.app"; sourceTree = BUILT_PRODUCTS_DIR; };
		EBA06635C55F60A3BE9F97D6 /* Base */ = {isa = PBXFileReference; lastKnownFileType = file.storyboard; name = Base; path = Base.lproj/LaunchScreen.storyboard; sourceTree = "<group>"; };
		F22DA9AD89FB6C46E6FE2690 /* Info.plist */ = {isa = PBXFileReference; lastKnownFileType = text.plist; path = Info.plist; sourceTree = "<group>"; };
/* End PBXFileReference section */

/* Begin PBXFrameworksBuildPhase section */
		BD3795729DFC3D59E0759DE1 /* Frameworks */ = {
			isa = PBXFrameworksBuildPhase;
			buildActionMask = 2147483647;
			files = (
				1AE9F33C0AC7835D333CD023 /* FeatureAuth in Frameworks */,
			);
			runOnlyForDeploymentPostprocessing = 0;
		};
/* End PBXFrameworksBuildPhase section */

/* Begin PBXGroup section */
		26A039ED39F534144AD2E072 = {
			isa = PBXGroup;
			children = (
				3DE8F61B746C53B675738E33 /* FeatureAuthDemo */,
				AE5DBB8194610C7D77CF975A /* Packages */,
				6BA47DB24B3DEC7ED2673F1C /* Products */,
			);
			sourceTree = "<group>";
		};
		3DE8F61B746C53B675738E33 /* FeatureAuthDemo */ = {
			isa = PBXGroup;
			children = (
				64CC80C3088047540BCB9678 /* Assets.xcassets */,
				8B779146D38930C22CE64F58 /* FeatureAuthDemoApp.swift */,
				F22DA9AD89FB6C46E6FE2690 /* Info.plist */,
				7E1B5B818289B759027BECCB /* LaunchScreen.storyboard */,
			);
			path = FeatureAuthDemo;
			sourceTree = "<group>";
		};
		6BA47DB24B3DEC7ED2673F1C /* Products */ = {
			isa = PBXGroup;
			children = (
				DE7D206F1FFD9A044459409F /* FeatureAuth-Dev.app */,
			);
			name = Products;
			sourceTree = "<group>";
		};
		AE5DBB8194610C7D77CF975A /* Packages */ = {
			isa = PBXGroup;
			children = (
				D267A5FA8E4070E763ECE5E2 /* FeatureAuth-Package */,
			);
			name = Packages;
			sourceTree = "<group>";
		};
/* End PBXGroup section */

/* Begin PBXNativeTarget section */
		ED99118B5E691D88C9A056C0 /* FeatureAuth-Dev */ = {
			isa = PBXNativeTarget;
			buildConfigurationList = 25F820BDA3C7C7084CF5A4F5 /* Build configuration list for PBXNativeTarget "FeatureAuth-Dev" */;
			buildPhases = (
				B3900E57FF18928D06A2EDFD /* Sources */,
				412CD0193EE7A220EC57CF1F /* Resources */,
				BD3795729DFC3D59E0759DE1 /* Frameworks */,
			);
			buildRules = (
			);
			dependencies = (
			);
			name = "FeatureAuth-Dev";
			packageProductDependencies = (
				BFC393A64A759EC30DD68B6D /* FeatureAuth */,
			);
			productName = "FeatureAuth-Dev";
			productReference = DE7D206F1FFD9A044459409F /* FeatureAuth-Dev.app */;
			productType = "com.apple.product-type.application";
		};
/* End PBXNativeTarget section */

/* Begin PBXProject section */
		163E0D0B0A756678528EBDCC /* Project object */ = {
			isa = PBXProject;
			attributes = {
				BuildIndependentTargetsInParallel = YES;
				LastUpgradeCheck = 1430;
				TargetAttributes = {
					ED99118B5E691D88C9A056C0 = {
						DevelopmentTeam = CVQEUYD92N;
					};
				};
			};
			buildConfigurationList = 9184642797AA4FE6483F505C /* Build configuration list for PBXProject "FeatureAuth-Dev" */;
			compatibilityVersion = "Xcode 14.0";
			developmentRegion = en;
			hasScannedForEncodings = 0;
			knownRegions = (
				Base,
				en,
			);
			mainGroup = 26A039ED39F534144AD2E072;
			minimizedProjectReferenceProxies = 1;
			packageReferences = (
				8DA3D41228323C88FBFE727A /* XCLocalSwiftPackageReference "FeatureAuth-Package" */,
			);
			preferredProjectObjectVersion = 77;
			projectDirPath = "";
			projectRoot = "";
			targets = (
				ED99118B5E691D88C9A056C0 /* FeatureAuth-Dev */,
			);
		};
/* End PBXProject section */

/* Begin PBXResourcesBuildPhase section */
		412CD0193EE7A220EC57CF1F /* Resources */ = {
			isa = PBXResourcesBuildPhase;
			buildActionMask = 2147483647;
			files = (
				6148298D7C9342E4D37159CF /* Assets.xcassets in Resources */,
				B77359323B6E353021AB130A /* LaunchScreen.storyboard in Resources */,
			);
			runOnlyForDeploymentPostprocessing = 0;
		};
/* End PBXResourcesBuildPhase section */

/* Begin PBXSourcesBuildPhase section */
		B3900E57FF18928D06A2EDFD /* Sources */ = {
			isa = PBXSourcesBuildPhase;
			buildActionMask = 2147483647;
			files = (
				8F1F063FB583A6FEB7B064E7 /* FeatureAuthDemoApp.swift in Sources */,
			);
			runOnlyForDeploymentPostprocessing = 0;
		};
/* End PBXSourcesBuildPhase section */

/* Begin PBXVariantGroup section */
		7E1B5B818289B759027BECCB /* LaunchScreen.storyboard */ = {
			isa = PBXVariantGroup;
			children = (
				EBA06635C55F60A3BE9F97D6 /* Base */,
			);
			name = LaunchScreen.storyboard;
			sourceTree = "<group>";
		};
/* End PBXVariantGroup section */

/* Begin XCBuildConfiguration section */
		28CE218AA3EAEE8DF8634CC7 /* Release */ = {
			isa = XCBuildConfiguration;
			buildSettings = {
				ALWAYS_SEARCH_USER_PATHS = NO;
				ASSETCATALOG_COMPILER_APPICON_NAME = AppIcon;
				COPY_PHASE_STRIP = NO;
				CURRENT_PROJECT_VERSION = 1;
				DEBUG_INFORMATION_FORMAT = "dwarf-with-dsym";
				DEVELOPMENT_TEAM = CVQEUYD92N;
				ENABLE_TESTABILITY = NO;
				GCC_OPTIMIZATION_LEVEL = s;
				MARKETING_VERSION = 1.0;
				ONLY_ACTIVE_ARCH = NO;
				SDKROOT = iphoneos;
				SUPPORTED_PLATFORMS = "iphoneos iphonesimulator";
				SUPPORTS_MACCATALYST = NO;
				SWIFT_OPTIMIZATION_LEVEL = "-O";
				SWIFT_VERSION = 5.0;
				TARGETED_DEVICE_FAMILY = 1;
			};
			name = Release;
		};
		9F3F029504858525C9332F8A /* Release */ = {
			isa = XCBuildConfiguration;
			buildSettings = {
				INFOPLIST_FILE = FeatureAuthDemo/Info.plist;
				IPHONEOS_DEPLOYMENT_TARGET = 17.0;
				PRODUCT_BUNDLE_IDENTIFIER = com.superapp.featureauthdemo;
				PRODUCT_NAME = FeatureAuthDemo;
			};
			name = Release;
		};
		EC94E23EE41B254234C7432B /* Debug */ = {
			isa = XCBuildConfiguration;
			buildSettings = {
				INFOPLIST_FILE = FeatureAuthDemo/Info.plist;
				IPHONEOS_DEPLOYMENT_TARGET = 17.0;
				PRODUCT_BUNDLE_IDENTIFIER = com.superapp.featureauthdemo;
				PRODUCT_NAME = FeatureAuthDemo;
			};
			name = Debug;
		};
		F04AB83F2D63A89CF0270635 /* Debug */ = {
			isa = XCBuildConfiguration;
			buildSettings = {
				ALWAYS_SEARCH_USER_PATHS = NO;
				ASSETCATALOG_COMPILER_APPICON_NAME = AppIcon;
				CURRENT_PROJECT_VERSION = 1;
				DEBUG_INFORMATION_FORMAT = dwarf;
				DEVELOPMENT_TEAM = CVQEUYD92N;
				ENABLE_TESTABILITY = YES;
				GCC_OPTIMIZATION_LEVEL = 0;
				MARKETING_VERSION = 1.0;
				ONLY_ACTIVE_ARCH = YES;
				SDKROOT = iphoneos;
				SUPPORTED_PLATFORMS = "iphoneos iphonesimulator";
				SUPPORTS_MACCATALYST = NO;
				SWIFT_ACTIVE_COMPILATION_CONDITIONS = DEBUG;
				SWIFT_OPTIMIZATION_LEVEL = "-Onone";
				SWIFT_VERSION = 5.0;
				TARGETED_DEVICE_FAMILY = 1;
			};
			name = Debug;
		};
/* End XCBuildConfiguration section */

/* Begin XCConfigurationList section */
		25F820BDA3C7C7084CF5A4F5 /* Build configuration list for PBXNativeTarget "FeatureAuth-Dev" */ = {
			isa = XCConfigurationList;
			buildConfigurations = (
				EC94E23EE41B254234C7432B /* Debug */,
				9F3F029504858525C9332F8A /* Release */,
			);
			defaultConfigurationIsVisible = 0;
			defaultConfigurationName = Debug;
		};
		9184642797AA4FE6483F505C /* Build configuration list for PBXProject "FeatureAuth-Dev" */ = {
			isa = XCConfigurationList;
			buildConfigurations = (
				F04AB83F2D63A89CF0270635 /* Debug */,
				28CE218AA3EAEE8DF8634CC7 /* Release */,
			);
			defaultConfigurationIsVisible = 0;
			defaultConfigurationName = Debug;
		};
/* End XCConfigurationList section */

/* Begin XCLocalSwiftPackageReference section */
		8DA3D41228323C88FBFE727A /* XCLocalSwiftPackageReference "FeatureAuth-Package" */ = {
			isa = XCLocalSwiftPackageReference;
			relativePath = "FeatureAuth-Package";
		};
/* End XCLocalSwiftPackageReference section */

/* Begin XCSwiftPackageProductDependency section */
		BFC393A64A759EC30DD68B6D /* FeatureAuth */ = {
			isa = XCSwiftPackageProductDependency;
			productName = FeatureAuth;
		};
/* End XCSwiftPackageProductDependency section */
	};
	rootObject = 163E0D0B0A756678528EBDCC /* Project object */;
}
